
Microsoft Visual Studio Solution File, Format Version 12.00
# Visual Studio Version 16
VisualStudioVersion = 16.0.29009.5
MinimumVisualStudioVersion = 15.0.26124.0
Project("{2150E333-8FDC-42A3-9474-1A3956D46DE8}") = "src", "src", "{96279848-CA27-42C6-9488-498A8E696F67}"
EndProject
Project("{6EC3EE1D-3C4E-46DD-8F32-0CC8E7565705}") = "B2R2.Core", "src\Core\B2R2.Core.fsproj", "{92A41F1C-8B77-4479-8CD3-FB8987269C60}"
EndProject
Project("{6EC3EE1D-3C4E-46DD-8F32-0CC8E7565705}") = "B2R2.Core.Tests", "src\Core.Tests\B2R2.Core.Tests.fsproj", "{29FF59AD-E83D-4084-9DE5-564CA5687981}"
EndProject
Project("{6EC3EE1D-3C4E-46DD-8F32-0CC8E7565705}") = "B2R2.BinIR", "src\BinIR\B2R2.BinIR.fsproj", "{7AE36E18-182E-4E36-AD0E-08F326B381B2}"
EndProject
Project("{2150E333-8FDC-42A3-9474-1A3956D46DE8}") = "FrontEnd", "FrontEnd", "{93429CD0-F010-450F-9C16-67C8E7F6E644}"
EndProject
Project("{6EC3EE1D-3C4E-46DD-8F32-0CC8E7565705}") = "B2R2.FrontEnd.Core", "src\FrontEnd\Core\B2R2.FrontEnd.Core.fsproj", "{F5AD1150-9B7B-4112-9E08-C5542119750E}"
EndProject
Project("{6EC3EE1D-3C4E-46DD-8F32-0CC8E7565705}") = "B2R2.FrontEnd.Intel", "src\FrontEnd\Intel\B2R2.FrontEnd.Intel.fsproj", "{5B5DFEA6-CD85-407C-9377-E22D80E2CFBC}"
EndProject
Project("{6EC3EE1D-3C4E-46DD-8F32-0CC8E7565705}") = "B2R2.FrontEnd.ARM32", "src\FrontEnd\ARM32\B2R2.FrontEnd.ARM32.fsproj", "{813B9B3A-8ECD-49ED-A231-7B220F7F5662}"
EndProject
Project("{6EC3EE1D-3C4E-46DD-8F32-0CC8E7565705}") = "B2R2.FrontEnd.ARM64", "src\FrontEnd\ARM64\B2R2.FrontEnd.ARM64.fsproj", "{4B949B7B-715C-480E-BC1E-AAAECBB17922}"
EndProject
Project("{6EC3EE1D-3C4E-46DD-8F32-0CC8E7565705}") = "B2R2.FrontEnd.MIPS", "src\FrontEnd\MIPS\B2R2.FrontEnd.MIPS.fsproj", "{B0FBC90F-9579-434C-A703-3F4777F2AC01}"
EndProject
Project("{6EC3EE1D-3C4E-46DD-8F32-0CC8E7565705}") = "B2R2.FrontEnd.Optimizer", "src\FrontEnd\Optimizer\B2R2.FrontEnd.Optimizer.fsproj", "{58B017A0-2084-4388-B2CF-2073F3712AD2}"
EndProject
Project("{6EC3EE1D-3C4E-46DD-8F32-0CC8E7565705}") = "B2R2.FrontEnd.Library", "src\FrontEnd\Library\B2R2.FrontEnd.Library.fsproj", "{6B1C5EB5-E729-4BD8-B55E-BB4CBFC84658}"
EndProject
Project("{6EC3EE1D-3C4E-46DD-8F32-0CC8E7565705}") = "B2R2.FrontEnd.Tests", "src\FrontEnd.Tests\B2R2.FrontEnd.Tests.fsproj", "{7C8F1CE7-82F7-471E-8FC2-84DDEDBEDCCE}"
EndProject
Project("{6EC3EE1D-3C4E-46DD-8F32-0CC8E7565705}") = "B2R2.BinGraph", "src\BinGraph\B2R2.BinGraph.fsproj", "{C6A685B1-7AEA-4ADF-8206-09FB563F3342}"
EndProject
Project("{6EC3EE1D-3C4E-46DD-8F32-0CC8E7565705}") = "B2R2.BinGraph.Tests", "src\BinGraph.Tests\B2R2.BinGraph.Tests.fsproj", "{72402835-6446-4B54-8FEF-3E42B17730EA}"
EndProject
Project("{6EC3EE1D-3C4E-46DD-8F32-0CC8E7565705}") = "B2R2.BinAnalysis", "src\BinAnalysis\B2R2.BinAnalysis.fsproj", "{62538150-880C-4711-8C10-3AC2224728ED}"
EndProject
Project("{6EC3EE1D-3C4E-46DD-8F32-0CC8E7565705}") = "B2R2.ROP", "src\ROP\B2R2.ROP.fsproj", "{FD759318-1E7C-499B-9DDB-9B7ADC216602}"
EndProject
Project("{6EC3EE1D-3C4E-46DD-8F32-0CC8E7565705}") = "B2R2.Visualization", "src\Visualization\B2R2.Visualization.fsproj", "{FA2308B6-C47A-47F1-A028-E86CA0323E2A}"
EndProject
Project("{6EC3EE1D-3C4E-46DD-8F32-0CC8E7565705}") = "B2R2.BinFile", "src\BinFile\B2R2.BinFile.fsproj", "{2B55B11C-D04A-4451-B8D2-0CDA632940EE}"
EndProject
Project("{6EC3EE1D-3C4E-46DD-8F32-0CC8E7565705}") = "B2R2.BinFile.Tests", "src\BinFile.Tests\B2R2.BinFile.Tests.fsproj", "{960663A9-F17E-4F94-AC5B-E581A6171028}"
EndProject
Project("{2150E333-8FDC-42A3-9474-1A3956D46DE8}") = "Utilities", "Utilities", "{E1C9E2B5-9ABE-4AC7-994D-4E9C44BDD49E}"
EndProject
Project("{6EC3EE1D-3C4E-46DD-8F32-0CC8E7565705}") = "B2R2.Utilities.Core", "src\Utilities\Core\B2R2.Utilities.Core.fsproj", "{1B874C58-C5C7-41A0-B188-E80D4882729E}"
EndProject
Project("{6EC3EE1D-3C4E-46DD-8F32-0CC8E7565705}") = "B2R2.Utilities.FileViewer", "src\Utilities\FileViewer\B2R2.Utilities.FileViewer.fsproj", "{94B5D8E5-F3B1-438A-94E1-095574259B6C}"
EndProject
Project("{6EC3EE1D-3C4E-46DD-8F32-0CC8E7565705}") = "B2R2.Utilities.BinDump", "src\Utilities\BinDump\B2R2.Utilities.BinDump.fsproj", "{7095B11D-8CF7-4526-A687-1307765CCADA}"
EndProject
Project("{6EC3EE1D-3C4E-46DD-8F32-0CC8E7565705}") = "B2R2.Utilities.BinExplorer", "src\Utilities\BinExplorer\B2R2.Utilities.BinExplorer.fsproj", "{A6964A5A-176B-4E02-8137-81443075EAA7}"
EndProject
Project("{6EC3EE1D-3C4E-46DD-8F32-0CC8E7565705}") = "B2R2.ConcEval", "src\ConcEval\B2R2.ConcEval.fsproj", "{0AAD8FD3-EDB5-4019-82F3-6D1FDB9773F9}"
EndProject
Project("{2150E333-8FDC-42A3-9474-1A3956D46DE8}") = "Assembler", "Assembler", "{C76D41A4-7963-41F0-9F6D-CDC80624FB25}"
EndProject
Project("{6EC3EE1D-3C4E-46DD-8F32-0CC8E7565705}") = "B2R2.Assembler.MIPS", "src\Assembler\MIPS\B2R2.Assembler.MIPS.fsproj", "{991634E3-32C0-4EC7-8F3D-9373721EE9DC}"
EndProject
Project("{6EC3EE1D-3C4E-46DD-8F32-0CC8E7565705}") = "B2R2.Assembler.Tests", "src\Assembler.Tests\B2R2.Assembler.Tests.fsproj", "{7AF6F665-765E-4A4C-B71E-BCDBA4E2F9CA}"
EndProject
Project("{6EC3EE1D-3C4E-46DD-8F32-0CC8E7565705}") = "B2R2.NameMangling", "src\NameMangling\B2R2.NameMangling.fsproj", "{98733F39-94B6-405F-8BFC-98064F9C8250}"
EndProject
Project("{6EC3EE1D-3C4E-46DD-8F32-0CC8E7565705}") = "B2R2.NameMangling.Tests", "src\NameMangling.Tests\B2R2.NameMangling.Tests.fsproj", "{0BEC4ACF-3F78-456B-B18F-2E422085AF78}"
EndProject
Project("{6EC3EE1D-3C4E-46DD-8F32-0CC8E7565705}") = "B2R2.Utilities.LowUIR.Repl", "src\Utilities\LowUIR.Repl\B2R2.Utilities.LowUIR.Repl.fsproj", "{057CA070-5340-4B41-94CA-D91867DBF270}"
EndProject
Project("{6EC3EE1D-3C4E-46DD-8F32-0CC8E7565705}") = "B2R2.LowUIR.Parser", "src\Assembler\LowUIR\B2R2.LowUIR.Parser.fsproj", "{F00DB4E0-82EF-4F16-8129-6EA01CA0FEE6}"
EndProject
Project("{6EC3EE1D-3C4E-46DD-8F32-0CC8E7565705}") = "B2R2.LowUIR.Parser.Tests", "src\Assembler\LowUIR.Tests\B2R2.LowUIR.Parser.Tests.fsproj", "{0716700F-0B24-4316-B5BD-845B57F63209}"
EndProject
Global
	GlobalSection(SolutionConfigurationPlatforms) = preSolution
		Debug|Any CPU = Debug|Any CPU
		Debug|x64 = Debug|x64
		Debug|x86 = Debug|x86
		Release|Any CPU = Release|Any CPU
		Release|x64 = Release|x64
		Release|x86 = Release|x86
	EndGlobalSection
	GlobalSection(ProjectConfigurationPlatforms) = postSolution
		{92A41F1C-8B77-4479-8CD3-FB8987269C60}.Debug|Any CPU.ActiveCfg = Debug|Any CPU
		{92A41F1C-8B77-4479-8CD3-FB8987269C60}.Debug|Any CPU.Build.0 = Debug|Any CPU
		{92A41F1C-8B77-4479-8CD3-FB8987269C60}.Debug|x64.ActiveCfg = Debug|Any CPU
		{92A41F1C-8B77-4479-8CD3-FB8987269C60}.Debug|x64.Build.0 = Debug|Any CPU
		{92A41F1C-8B77-4479-8CD3-FB8987269C60}.Debug|x86.ActiveCfg = Debug|Any CPU
		{92A41F1C-8B77-4479-8CD3-FB8987269C60}.Debug|x86.Build.0 = Debug|Any CPU
		{92A41F1C-8B77-4479-8CD3-FB8987269C60}.Release|Any CPU.ActiveCfg = Release|Any CPU
		{92A41F1C-8B77-4479-8CD3-FB8987269C60}.Release|Any CPU.Build.0 = Release|Any CPU
		{92A41F1C-8B77-4479-8CD3-FB8987269C60}.Release|x64.ActiveCfg = Release|Any CPU
		{92A41F1C-8B77-4479-8CD3-FB8987269C60}.Release|x64.Build.0 = Release|Any CPU
		{92A41F1C-8B77-4479-8CD3-FB8987269C60}.Release|x86.ActiveCfg = Release|Any CPU
		{92A41F1C-8B77-4479-8CD3-FB8987269C60}.Release|x86.Build.0 = Release|Any CPU
		{29FF59AD-E83D-4084-9DE5-564CA5687981}.Debug|Any CPU.ActiveCfg = Debug|Any CPU
		{29FF59AD-E83D-4084-9DE5-564CA5687981}.Debug|Any CPU.Build.0 = Debug|Any CPU
		{29FF59AD-E83D-4084-9DE5-564CA5687981}.Debug|x64.ActiveCfg = Debug|Any CPU
		{29FF59AD-E83D-4084-9DE5-564CA5687981}.Debug|x64.Build.0 = Debug|Any CPU
		{29FF59AD-E83D-4084-9DE5-564CA5687981}.Debug|x86.ActiveCfg = Debug|Any CPU
		{29FF59AD-E83D-4084-9DE5-564CA5687981}.Debug|x86.Build.0 = Debug|Any CPU
		{29FF59AD-E83D-4084-9DE5-564CA5687981}.Release|Any CPU.ActiveCfg = Release|Any CPU
		{29FF59AD-E83D-4084-9DE5-564CA5687981}.Release|Any CPU.Build.0 = Release|Any CPU
		{29FF59AD-E83D-4084-9DE5-564CA5687981}.Release|x64.ActiveCfg = Release|Any CPU
		{29FF59AD-E83D-4084-9DE5-564CA5687981}.Release|x64.Build.0 = Release|Any CPU
		{29FF59AD-E83D-4084-9DE5-564CA5687981}.Release|x86.ActiveCfg = Release|Any CPU
		{29FF59AD-E83D-4084-9DE5-564CA5687981}.Release|x86.Build.0 = Release|Any CPU
		{7AE36E18-182E-4E36-AD0E-08F326B381B2}.Debug|Any CPU.ActiveCfg = Debug|Any CPU
		{7AE36E18-182E-4E36-AD0E-08F326B381B2}.Debug|Any CPU.Build.0 = Debug|Any CPU
		{7AE36E18-182E-4E36-AD0E-08F326B381B2}.Debug|x64.ActiveCfg = Debug|Any CPU
		{7AE36E18-182E-4E36-AD0E-08F326B381B2}.Debug|x64.Build.0 = Debug|Any CPU
		{7AE36E18-182E-4E36-AD0E-08F326B381B2}.Debug|x86.ActiveCfg = Debug|Any CPU
		{7AE36E18-182E-4E36-AD0E-08F326B381B2}.Debug|x86.Build.0 = Debug|Any CPU
		{7AE36E18-182E-4E36-AD0E-08F326B381B2}.Release|Any CPU.ActiveCfg = Release|Any CPU
		{7AE36E18-182E-4E36-AD0E-08F326B381B2}.Release|Any CPU.Build.0 = Release|Any CPU
		{7AE36E18-182E-4E36-AD0E-08F326B381B2}.Release|x64.ActiveCfg = Release|Any CPU
		{7AE36E18-182E-4E36-AD0E-08F326B381B2}.Release|x64.Build.0 = Release|Any CPU
		{7AE36E18-182E-4E36-AD0E-08F326B381B2}.Release|x86.ActiveCfg = Release|Any CPU
		{7AE36E18-182E-4E36-AD0E-08F326B381B2}.Release|x86.Build.0 = Release|Any CPU
		{F5AD1150-9B7B-4112-9E08-C5542119750E}.Debug|Any CPU.ActiveCfg = Debug|Any CPU
		{F5AD1150-9B7B-4112-9E08-C5542119750E}.Debug|Any CPU.Build.0 = Debug|Any CPU
		{F5AD1150-9B7B-4112-9E08-C5542119750E}.Debug|x64.ActiveCfg = Debug|Any CPU
		{F5AD1150-9B7B-4112-9E08-C5542119750E}.Debug|x64.Build.0 = Debug|Any CPU
		{F5AD1150-9B7B-4112-9E08-C5542119750E}.Debug|x86.ActiveCfg = Debug|Any CPU
		{F5AD1150-9B7B-4112-9E08-C5542119750E}.Debug|x86.Build.0 = Debug|Any CPU
		{F5AD1150-9B7B-4112-9E08-C5542119750E}.Release|Any CPU.ActiveCfg = Release|Any CPU
		{F5AD1150-9B7B-4112-9E08-C5542119750E}.Release|Any CPU.Build.0 = Release|Any CPU
		{F5AD1150-9B7B-4112-9E08-C5542119750E}.Release|x64.ActiveCfg = Release|Any CPU
		{F5AD1150-9B7B-4112-9E08-C5542119750E}.Release|x64.Build.0 = Release|Any CPU
		{F5AD1150-9B7B-4112-9E08-C5542119750E}.Release|x86.ActiveCfg = Release|Any CPU
		{F5AD1150-9B7B-4112-9E08-C5542119750E}.Release|x86.Build.0 = Release|Any CPU
		{5B5DFEA6-CD85-407C-9377-E22D80E2CFBC}.Debug|Any CPU.ActiveCfg = Debug|Any CPU
		{5B5DFEA6-CD85-407C-9377-E22D80E2CFBC}.Debug|Any CPU.Build.0 = Debug|Any CPU
		{5B5DFEA6-CD85-407C-9377-E22D80E2CFBC}.Debug|x64.ActiveCfg = Debug|Any CPU
		{5B5DFEA6-CD85-407C-9377-E22D80E2CFBC}.Debug|x64.Build.0 = Debug|Any CPU
		{5B5DFEA6-CD85-407C-9377-E22D80E2CFBC}.Debug|x86.ActiveCfg = Debug|Any CPU
		{5B5DFEA6-CD85-407C-9377-E22D80E2CFBC}.Debug|x86.Build.0 = Debug|Any CPU
		{5B5DFEA6-CD85-407C-9377-E22D80E2CFBC}.Release|Any CPU.ActiveCfg = Release|Any CPU
		{5B5DFEA6-CD85-407C-9377-E22D80E2CFBC}.Release|Any CPU.Build.0 = Release|Any CPU
		{5B5DFEA6-CD85-407C-9377-E22D80E2CFBC}.Release|x64.ActiveCfg = Release|Any CPU
		{5B5DFEA6-CD85-407C-9377-E22D80E2CFBC}.Release|x64.Build.0 = Release|Any CPU
		{5B5DFEA6-CD85-407C-9377-E22D80E2CFBC}.Release|x86.ActiveCfg = Release|Any CPU
		{5B5DFEA6-CD85-407C-9377-E22D80E2CFBC}.Release|x86.Build.0 = Release|Any CPU
		{813B9B3A-8ECD-49ED-A231-7B220F7F5662}.Debug|Any CPU.ActiveCfg = Debug|Any CPU
		{813B9B3A-8ECD-49ED-A231-7B220F7F5662}.Debug|Any CPU.Build.0 = Debug|Any CPU
		{813B9B3A-8ECD-49ED-A231-7B220F7F5662}.Debug|x64.ActiveCfg = Debug|Any CPU
		{813B9B3A-8ECD-49ED-A231-7B220F7F5662}.Debug|x64.Build.0 = Debug|Any CPU
		{813B9B3A-8ECD-49ED-A231-7B220F7F5662}.Debug|x86.ActiveCfg = Debug|Any CPU
		{813B9B3A-8ECD-49ED-A231-7B220F7F5662}.Debug|x86.Build.0 = Debug|Any CPU
		{813B9B3A-8ECD-49ED-A231-7B220F7F5662}.Release|Any CPU.ActiveCfg = Release|Any CPU
		{813B9B3A-8ECD-49ED-A231-7B220F7F5662}.Release|Any CPU.Build.0 = Release|Any CPU
		{813B9B3A-8ECD-49ED-A231-7B220F7F5662}.Release|x64.ActiveCfg = Release|Any CPU
		{813B9B3A-8ECD-49ED-A231-7B220F7F5662}.Release|x64.Build.0 = Release|Any CPU
		{813B9B3A-8ECD-49ED-A231-7B220F7F5662}.Release|x86.ActiveCfg = Release|Any CPU
		{813B9B3A-8ECD-49ED-A231-7B220F7F5662}.Release|x86.Build.0 = Release|Any CPU
		{4B949B7B-715C-480E-BC1E-AAAECBB17922}.Debug|Any CPU.ActiveCfg = Debug|Any CPU
		{4B949B7B-715C-480E-BC1E-AAAECBB17922}.Debug|Any CPU.Build.0 = Debug|Any CPU
		{4B949B7B-715C-480E-BC1E-AAAECBB17922}.Debug|x64.ActiveCfg = Debug|Any CPU
		{4B949B7B-715C-480E-BC1E-AAAECBB17922}.Debug|x64.Build.0 = Debug|Any CPU
		{4B949B7B-715C-480E-BC1E-AAAECBB17922}.Debug|x86.ActiveCfg = Debug|Any CPU
		{4B949B7B-715C-480E-BC1E-AAAECBB17922}.Debug|x86.Build.0 = Debug|Any CPU
		{4B949B7B-715C-480E-BC1E-AAAECBB17922}.Release|Any CPU.ActiveCfg = Release|Any CPU
		{4B949B7B-715C-480E-BC1E-AAAECBB17922}.Release|Any CPU.Build.0 = Release|Any CPU
		{4B949B7B-715C-480E-BC1E-AAAECBB17922}.Release|x64.ActiveCfg = Release|Any CPU
		{4B949B7B-715C-480E-BC1E-AAAECBB17922}.Release|x64.Build.0 = Release|Any CPU
		{4B949B7B-715C-480E-BC1E-AAAECBB17922}.Release|x86.ActiveCfg = Release|Any CPU
		{4B949B7B-715C-480E-BC1E-AAAECBB17922}.Release|x86.Build.0 = Release|Any CPU
		{B0FBC90F-9579-434C-A703-3F4777F2AC01}.Debug|Any CPU.ActiveCfg = Debug|Any CPU
		{B0FBC90F-9579-434C-A703-3F4777F2AC01}.Debug|Any CPU.Build.0 = Debug|Any CPU
		{B0FBC90F-9579-434C-A703-3F4777F2AC01}.Debug|x64.ActiveCfg = Debug|Any CPU
		{B0FBC90F-9579-434C-A703-3F4777F2AC01}.Debug|x64.Build.0 = Debug|Any CPU
		{B0FBC90F-9579-434C-A703-3F4777F2AC01}.Debug|x86.ActiveCfg = Debug|Any CPU
		{B0FBC90F-9579-434C-A703-3F4777F2AC01}.Debug|x86.Build.0 = Debug|Any CPU
		{B0FBC90F-9579-434C-A703-3F4777F2AC01}.Release|Any CPU.ActiveCfg = Release|Any CPU
		{B0FBC90F-9579-434C-A703-3F4777F2AC01}.Release|Any CPU.Build.0 = Release|Any CPU
		{B0FBC90F-9579-434C-A703-3F4777F2AC01}.Release|x64.ActiveCfg = Release|Any CPU
		{B0FBC90F-9579-434C-A703-3F4777F2AC01}.Release|x64.Build.0 = Release|Any CPU
		{B0FBC90F-9579-434C-A703-3F4777F2AC01}.Release|x86.ActiveCfg = Release|Any CPU
		{B0FBC90F-9579-434C-A703-3F4777F2AC01}.Release|x86.Build.0 = Release|Any CPU
		{58B017A0-2084-4388-B2CF-2073F3712AD2}.Debug|Any CPU.ActiveCfg = Debug|Any CPU
		{58B017A0-2084-4388-B2CF-2073F3712AD2}.Debug|Any CPU.Build.0 = Debug|Any CPU
		{58B017A0-2084-4388-B2CF-2073F3712AD2}.Debug|x64.ActiveCfg = Debug|Any CPU
		{58B017A0-2084-4388-B2CF-2073F3712AD2}.Debug|x64.Build.0 = Debug|Any CPU
		{58B017A0-2084-4388-B2CF-2073F3712AD2}.Debug|x86.ActiveCfg = Debug|Any CPU
		{58B017A0-2084-4388-B2CF-2073F3712AD2}.Debug|x86.Build.0 = Debug|Any CPU
		{58B017A0-2084-4388-B2CF-2073F3712AD2}.Release|Any CPU.ActiveCfg = Release|Any CPU
		{58B017A0-2084-4388-B2CF-2073F3712AD2}.Release|Any CPU.Build.0 = Release|Any CPU
		{58B017A0-2084-4388-B2CF-2073F3712AD2}.Release|x64.ActiveCfg = Release|Any CPU
		{58B017A0-2084-4388-B2CF-2073F3712AD2}.Release|x64.Build.0 = Release|Any CPU
		{58B017A0-2084-4388-B2CF-2073F3712AD2}.Release|x86.ActiveCfg = Release|Any CPU
		{58B017A0-2084-4388-B2CF-2073F3712AD2}.Release|x86.Build.0 = Release|Any CPU
		{6B1C5EB5-E729-4BD8-B55E-BB4CBFC84658}.Debug|Any CPU.ActiveCfg = Debug|Any CPU
		{6B1C5EB5-E729-4BD8-B55E-BB4CBFC84658}.Debug|Any CPU.Build.0 = Debug|Any CPU
		{6B1C5EB5-E729-4BD8-B55E-BB4CBFC84658}.Debug|x64.ActiveCfg = Debug|Any CPU
		{6B1C5EB5-E729-4BD8-B55E-BB4CBFC84658}.Debug|x64.Build.0 = Debug|Any CPU
		{6B1C5EB5-E729-4BD8-B55E-BB4CBFC84658}.Debug|x86.ActiveCfg = Debug|Any CPU
		{6B1C5EB5-E729-4BD8-B55E-BB4CBFC84658}.Debug|x86.Build.0 = Debug|Any CPU
		{6B1C5EB5-E729-4BD8-B55E-BB4CBFC84658}.Release|Any CPU.ActiveCfg = Release|Any CPU
		{6B1C5EB5-E729-4BD8-B55E-BB4CBFC84658}.Release|Any CPU.Build.0 = Release|Any CPU
		{6B1C5EB5-E729-4BD8-B55E-BB4CBFC84658}.Release|x64.ActiveCfg = Release|Any CPU
		{6B1C5EB5-E729-4BD8-B55E-BB4CBFC84658}.Release|x64.Build.0 = Release|Any CPU
		{6B1C5EB5-E729-4BD8-B55E-BB4CBFC84658}.Release|x86.ActiveCfg = Release|Any CPU
		{6B1C5EB5-E729-4BD8-B55E-BB4CBFC84658}.Release|x86.Build.0 = Release|Any CPU
		{7C8F1CE7-82F7-471E-8FC2-84DDEDBEDCCE}.Debug|Any CPU.ActiveCfg = Debug|Any CPU
		{7C8F1CE7-82F7-471E-8FC2-84DDEDBEDCCE}.Debug|Any CPU.Build.0 = Debug|Any CPU
		{7C8F1CE7-82F7-471E-8FC2-84DDEDBEDCCE}.Debug|x64.ActiveCfg = Debug|Any CPU
		{7C8F1CE7-82F7-471E-8FC2-84DDEDBEDCCE}.Debug|x64.Build.0 = Debug|Any CPU
		{7C8F1CE7-82F7-471E-8FC2-84DDEDBEDCCE}.Debug|x86.ActiveCfg = Debug|Any CPU
		{7C8F1CE7-82F7-471E-8FC2-84DDEDBEDCCE}.Debug|x86.Build.0 = Debug|Any CPU
		{7C8F1CE7-82F7-471E-8FC2-84DDEDBEDCCE}.Release|Any CPU.ActiveCfg = Release|Any CPU
		{7C8F1CE7-82F7-471E-8FC2-84DDEDBEDCCE}.Release|Any CPU.Build.0 = Release|Any CPU
		{7C8F1CE7-82F7-471E-8FC2-84DDEDBEDCCE}.Release|x64.ActiveCfg = Release|Any CPU
		{7C8F1CE7-82F7-471E-8FC2-84DDEDBEDCCE}.Release|x64.Build.0 = Release|Any CPU
		{7C8F1CE7-82F7-471E-8FC2-84DDEDBEDCCE}.Release|x86.ActiveCfg = Release|Any CPU
		{7C8F1CE7-82F7-471E-8FC2-84DDEDBEDCCE}.Release|x86.Build.0 = Release|Any CPU
		{C6A685B1-7AEA-4ADF-8206-09FB563F3342}.Debug|Any CPU.ActiveCfg = Debug|Any CPU
		{C6A685B1-7AEA-4ADF-8206-09FB563F3342}.Debug|Any CPU.Build.0 = Debug|Any CPU
		{C6A685B1-7AEA-4ADF-8206-09FB563F3342}.Debug|x64.ActiveCfg = Debug|Any CPU
		{C6A685B1-7AEA-4ADF-8206-09FB563F3342}.Debug|x64.Build.0 = Debug|Any CPU
		{C6A685B1-7AEA-4ADF-8206-09FB563F3342}.Debug|x86.ActiveCfg = Debug|Any CPU
		{C6A685B1-7AEA-4ADF-8206-09FB563F3342}.Debug|x86.Build.0 = Debug|Any CPU
		{C6A685B1-7AEA-4ADF-8206-09FB563F3342}.Release|Any CPU.ActiveCfg = Release|Any CPU
		{C6A685B1-7AEA-4ADF-8206-09FB563F3342}.Release|Any CPU.Build.0 = Release|Any CPU
		{C6A685B1-7AEA-4ADF-8206-09FB563F3342}.Release|x64.ActiveCfg = Release|Any CPU
		{C6A685B1-7AEA-4ADF-8206-09FB563F3342}.Release|x64.Build.0 = Release|Any CPU
		{C6A685B1-7AEA-4ADF-8206-09FB563F3342}.Release|x86.ActiveCfg = Release|Any CPU
		{C6A685B1-7AEA-4ADF-8206-09FB563F3342}.Release|x86.Build.0 = Release|Any CPU
		{72402835-6446-4B54-8FEF-3E42B17730EA}.Debug|Any CPU.ActiveCfg = Debug|Any CPU
		{72402835-6446-4B54-8FEF-3E42B17730EA}.Debug|Any CPU.Build.0 = Debug|Any CPU
		{72402835-6446-4B54-8FEF-3E42B17730EA}.Debug|x64.ActiveCfg = Debug|Any CPU
		{72402835-6446-4B54-8FEF-3E42B17730EA}.Debug|x64.Build.0 = Debug|Any CPU
		{72402835-6446-4B54-8FEF-3E42B17730EA}.Debug|x86.ActiveCfg = Debug|Any CPU
		{72402835-6446-4B54-8FEF-3E42B17730EA}.Debug|x86.Build.0 = Debug|Any CPU
		{72402835-6446-4B54-8FEF-3E42B17730EA}.Release|Any CPU.ActiveCfg = Release|Any CPU
		{72402835-6446-4B54-8FEF-3E42B17730EA}.Release|Any CPU.Build.0 = Release|Any CPU
		{72402835-6446-4B54-8FEF-3E42B17730EA}.Release|x64.ActiveCfg = Release|Any CPU
		{72402835-6446-4B54-8FEF-3E42B17730EA}.Release|x64.Build.0 = Release|Any CPU
		{72402835-6446-4B54-8FEF-3E42B17730EA}.Release|x86.ActiveCfg = Release|Any CPU
		{72402835-6446-4B54-8FEF-3E42B17730EA}.Release|x86.Build.0 = Release|Any CPU
		{62538150-880C-4711-8C10-3AC2224728ED}.Debug|Any CPU.ActiveCfg = Debug|Any CPU
		{62538150-880C-4711-8C10-3AC2224728ED}.Debug|Any CPU.Build.0 = Debug|Any CPU
		{62538150-880C-4711-8C10-3AC2224728ED}.Debug|x64.ActiveCfg = Debug|Any CPU
		{62538150-880C-4711-8C10-3AC2224728ED}.Debug|x64.Build.0 = Debug|Any CPU
		{62538150-880C-4711-8C10-3AC2224728ED}.Debug|x86.ActiveCfg = Debug|Any CPU
		{62538150-880C-4711-8C10-3AC2224728ED}.Debug|x86.Build.0 = Debug|Any CPU
		{62538150-880C-4711-8C10-3AC2224728ED}.Release|Any CPU.ActiveCfg = Release|Any CPU
		{62538150-880C-4711-8C10-3AC2224728ED}.Release|Any CPU.Build.0 = Release|Any CPU
		{62538150-880C-4711-8C10-3AC2224728ED}.Release|x64.ActiveCfg = Release|Any CPU
		{62538150-880C-4711-8C10-3AC2224728ED}.Release|x64.Build.0 = Release|Any CPU
		{62538150-880C-4711-8C10-3AC2224728ED}.Release|x86.ActiveCfg = Release|Any CPU
		{62538150-880C-4711-8C10-3AC2224728ED}.Release|x86.Build.0 = Release|Any CPU
		{FD759318-1E7C-499B-9DDB-9B7ADC216602}.Debug|Any CPU.ActiveCfg = Debug|Any CPU
		{FD759318-1E7C-499B-9DDB-9B7ADC216602}.Debug|Any CPU.Build.0 = Debug|Any CPU
		{FD759318-1E7C-499B-9DDB-9B7ADC216602}.Debug|x64.ActiveCfg = Debug|Any CPU
		{FD759318-1E7C-499B-9DDB-9B7ADC216602}.Debug|x64.Build.0 = Debug|Any CPU
		{FD759318-1E7C-499B-9DDB-9B7ADC216602}.Debug|x86.ActiveCfg = Debug|Any CPU
		{FD759318-1E7C-499B-9DDB-9B7ADC216602}.Debug|x86.Build.0 = Debug|Any CPU
		{FD759318-1E7C-499B-9DDB-9B7ADC216602}.Release|Any CPU.ActiveCfg = Release|Any CPU
		{FD759318-1E7C-499B-9DDB-9B7ADC216602}.Release|Any CPU.Build.0 = Release|Any CPU
		{FD759318-1E7C-499B-9DDB-9B7ADC216602}.Release|x64.ActiveCfg = Release|Any CPU
		{FD759318-1E7C-499B-9DDB-9B7ADC216602}.Release|x64.Build.0 = Release|Any CPU
		{FD759318-1E7C-499B-9DDB-9B7ADC216602}.Release|x86.ActiveCfg = Release|Any CPU
		{FD759318-1E7C-499B-9DDB-9B7ADC216602}.Release|x86.Build.0 = Release|Any CPU
		{FA2308B6-C47A-47F1-A028-E86CA0323E2A}.Debug|Any CPU.ActiveCfg = Debug|Any CPU
		{FA2308B6-C47A-47F1-A028-E86CA0323E2A}.Debug|Any CPU.Build.0 = Debug|Any CPU
		{FA2308B6-C47A-47F1-A028-E86CA0323E2A}.Debug|x64.ActiveCfg = Debug|Any CPU
		{FA2308B6-C47A-47F1-A028-E86CA0323E2A}.Debug|x64.Build.0 = Debug|Any CPU
		{FA2308B6-C47A-47F1-A028-E86CA0323E2A}.Debug|x86.ActiveCfg = Debug|Any CPU
		{FA2308B6-C47A-47F1-A028-E86CA0323E2A}.Debug|x86.Build.0 = Debug|Any CPU
		{FA2308B6-C47A-47F1-A028-E86CA0323E2A}.Release|Any CPU.ActiveCfg = Release|Any CPU
		{FA2308B6-C47A-47F1-A028-E86CA0323E2A}.Release|Any CPU.Build.0 = Release|Any CPU
		{FA2308B6-C47A-47F1-A028-E86CA0323E2A}.Release|x64.ActiveCfg = Release|Any CPU
		{FA2308B6-C47A-47F1-A028-E86CA0323E2A}.Release|x64.Build.0 = Release|Any CPU
		{FA2308B6-C47A-47F1-A028-E86CA0323E2A}.Release|x86.ActiveCfg = Release|Any CPU
		{FA2308B6-C47A-47F1-A028-E86CA0323E2A}.Release|x86.Build.0 = Release|Any CPU
		{2B55B11C-D04A-4451-B8D2-0CDA632940EE}.Debug|Any CPU.ActiveCfg = Debug|Any CPU
		{2B55B11C-D04A-4451-B8D2-0CDA632940EE}.Debug|Any CPU.Build.0 = Debug|Any CPU
		{2B55B11C-D04A-4451-B8D2-0CDA632940EE}.Debug|x64.ActiveCfg = Debug|Any CPU
		{2B55B11C-D04A-4451-B8D2-0CDA632940EE}.Debug|x64.Build.0 = Debug|Any CPU
		{2B55B11C-D04A-4451-B8D2-0CDA632940EE}.Debug|x86.ActiveCfg = Debug|Any CPU
		{2B55B11C-D04A-4451-B8D2-0CDA632940EE}.Debug|x86.Build.0 = Debug|Any CPU
		{2B55B11C-D04A-4451-B8D2-0CDA632940EE}.Release|Any CPU.ActiveCfg = Release|Any CPU
		{2B55B11C-D04A-4451-B8D2-0CDA632940EE}.Release|Any CPU.Build.0 = Release|Any CPU
		{2B55B11C-D04A-4451-B8D2-0CDA632940EE}.Release|x64.ActiveCfg = Release|Any CPU
		{2B55B11C-D04A-4451-B8D2-0CDA632940EE}.Release|x64.Build.0 = Release|Any CPU
		{2B55B11C-D04A-4451-B8D2-0CDA632940EE}.Release|x86.ActiveCfg = Release|Any CPU
		{2B55B11C-D04A-4451-B8D2-0CDA632940EE}.Release|x86.Build.0 = Release|Any CPU
		{960663A9-F17E-4F94-AC5B-E581A6171028}.Debug|Any CPU.ActiveCfg = Debug|Any CPU
		{960663A9-F17E-4F94-AC5B-E581A6171028}.Debug|Any CPU.Build.0 = Debug|Any CPU
		{960663A9-F17E-4F94-AC5B-E581A6171028}.Debug|x64.ActiveCfg = Debug|Any CPU
		{960663A9-F17E-4F94-AC5B-E581A6171028}.Debug|x64.Build.0 = Debug|Any CPU
		{960663A9-F17E-4F94-AC5B-E581A6171028}.Debug|x86.ActiveCfg = Debug|Any CPU
		{960663A9-F17E-4F94-AC5B-E581A6171028}.Debug|x86.Build.0 = Debug|Any CPU
		{960663A9-F17E-4F94-AC5B-E581A6171028}.Release|Any CPU.ActiveCfg = Release|Any CPU
		{960663A9-F17E-4F94-AC5B-E581A6171028}.Release|Any CPU.Build.0 = Release|Any CPU
		{960663A9-F17E-4F94-AC5B-E581A6171028}.Release|x64.ActiveCfg = Release|Any CPU
		{960663A9-F17E-4F94-AC5B-E581A6171028}.Release|x64.Build.0 = Release|Any CPU
		{960663A9-F17E-4F94-AC5B-E581A6171028}.Release|x86.ActiveCfg = Release|Any CPU
		{960663A9-F17E-4F94-AC5B-E581A6171028}.Release|x86.Build.0 = Release|Any CPU
		{1B874C58-C5C7-41A0-B188-E80D4882729E}.Debug|Any CPU.ActiveCfg = Debug|Any CPU
		{1B874C58-C5C7-41A0-B188-E80D4882729E}.Debug|Any CPU.Build.0 = Debug|Any CPU
		{1B874C58-C5C7-41A0-B188-E80D4882729E}.Debug|x64.ActiveCfg = Debug|Any CPU
		{1B874C58-C5C7-41A0-B188-E80D4882729E}.Debug|x64.Build.0 = Debug|Any CPU
		{1B874C58-C5C7-41A0-B188-E80D4882729E}.Debug|x86.ActiveCfg = Debug|Any CPU
		{1B874C58-C5C7-41A0-B188-E80D4882729E}.Debug|x86.Build.0 = Debug|Any CPU
		{1B874C58-C5C7-41A0-B188-E80D4882729E}.Release|Any CPU.ActiveCfg = Release|Any CPU
		{1B874C58-C5C7-41A0-B188-E80D4882729E}.Release|Any CPU.Build.0 = Release|Any CPU
		{1B874C58-C5C7-41A0-B188-E80D4882729E}.Release|x64.ActiveCfg = Release|Any CPU
		{1B874C58-C5C7-41A0-B188-E80D4882729E}.Release|x64.Build.0 = Release|Any CPU
		{1B874C58-C5C7-41A0-B188-E80D4882729E}.Release|x86.ActiveCfg = Release|Any CPU
		{1B874C58-C5C7-41A0-B188-E80D4882729E}.Release|x86.Build.0 = Release|Any CPU
		{94B5D8E5-F3B1-438A-94E1-095574259B6C}.Debug|Any CPU.ActiveCfg = Debug|Any CPU
		{94B5D8E5-F3B1-438A-94E1-095574259B6C}.Debug|Any CPU.Build.0 = Debug|Any CPU
		{94B5D8E5-F3B1-438A-94E1-095574259B6C}.Debug|x64.ActiveCfg = Debug|Any CPU
		{94B5D8E5-F3B1-438A-94E1-095574259B6C}.Debug|x64.Build.0 = Debug|Any CPU
		{94B5D8E5-F3B1-438A-94E1-095574259B6C}.Debug|x86.ActiveCfg = Debug|Any CPU
		{94B5D8E5-F3B1-438A-94E1-095574259B6C}.Debug|x86.Build.0 = Debug|Any CPU
		{94B5D8E5-F3B1-438A-94E1-095574259B6C}.Release|Any CPU.ActiveCfg = Release|Any CPU
		{94B5D8E5-F3B1-438A-94E1-095574259B6C}.Release|Any CPU.Build.0 = Release|Any CPU
		{94B5D8E5-F3B1-438A-94E1-095574259B6C}.Release|x64.ActiveCfg = Release|Any CPU
		{94B5D8E5-F3B1-438A-94E1-095574259B6C}.Release|x64.Build.0 = Release|Any CPU
		{94B5D8E5-F3B1-438A-94E1-095574259B6C}.Release|x86.ActiveCfg = Release|Any CPU
		{94B5D8E5-F3B1-438A-94E1-095574259B6C}.Release|x86.Build.0 = Release|Any CPU
		{7095B11D-8CF7-4526-A687-1307765CCADA}.Debug|Any CPU.ActiveCfg = Debug|Any CPU
		{7095B11D-8CF7-4526-A687-1307765CCADA}.Debug|Any CPU.Build.0 = Debug|Any CPU
		{7095B11D-8CF7-4526-A687-1307765CCADA}.Debug|x64.ActiveCfg = Debug|Any CPU
		{7095B11D-8CF7-4526-A687-1307765CCADA}.Debug|x64.Build.0 = Debug|Any CPU
		{7095B11D-8CF7-4526-A687-1307765CCADA}.Debug|x86.ActiveCfg = Debug|Any CPU
		{7095B11D-8CF7-4526-A687-1307765CCADA}.Debug|x86.Build.0 = Debug|Any CPU
		{7095B11D-8CF7-4526-A687-1307765CCADA}.Release|Any CPU.ActiveCfg = Release|Any CPU
		{7095B11D-8CF7-4526-A687-1307765CCADA}.Release|Any CPU.Build.0 = Release|Any CPU
		{7095B11D-8CF7-4526-A687-1307765CCADA}.Release|x64.ActiveCfg = Release|Any CPU
		{7095B11D-8CF7-4526-A687-1307765CCADA}.Release|x64.Build.0 = Release|Any CPU
		{7095B11D-8CF7-4526-A687-1307765CCADA}.Release|x86.ActiveCfg = Release|Any CPU
		{7095B11D-8CF7-4526-A687-1307765CCADA}.Release|x86.Build.0 = Release|Any CPU
		{A6964A5A-176B-4E02-8137-81443075EAA7}.Debug|Any CPU.ActiveCfg = Debug|Any CPU
		{A6964A5A-176B-4E02-8137-81443075EAA7}.Debug|Any CPU.Build.0 = Debug|Any CPU
		{A6964A5A-176B-4E02-8137-81443075EAA7}.Debug|x64.ActiveCfg = Debug|Any CPU
		{A6964A5A-176B-4E02-8137-81443075EAA7}.Debug|x64.Build.0 = Debug|Any CPU
		{A6964A5A-176B-4E02-8137-81443075EAA7}.Debug|x86.ActiveCfg = Debug|Any CPU
		{A6964A5A-176B-4E02-8137-81443075EAA7}.Debug|x86.Build.0 = Debug|Any CPU
		{A6964A5A-176B-4E02-8137-81443075EAA7}.Release|Any CPU.ActiveCfg = Release|Any CPU
		{A6964A5A-176B-4E02-8137-81443075EAA7}.Release|Any CPU.Build.0 = Release|Any CPU
		{A6964A5A-176B-4E02-8137-81443075EAA7}.Release|x64.ActiveCfg = Release|Any CPU
		{A6964A5A-176B-4E02-8137-81443075EAA7}.Release|x64.Build.0 = Release|Any CPU
		{A6964A5A-176B-4E02-8137-81443075EAA7}.Release|x86.ActiveCfg = Release|Any CPU
		{A6964A5A-176B-4E02-8137-81443075EAA7}.Release|x86.Build.0 = Release|Any CPU
		{0AAD8FD3-EDB5-4019-82F3-6D1FDB9773F9}.Debug|Any CPU.ActiveCfg = Debug|Any CPU
		{0AAD8FD3-EDB5-4019-82F3-6D1FDB9773F9}.Debug|Any CPU.Build.0 = Debug|Any CPU
		{0AAD8FD3-EDB5-4019-82F3-6D1FDB9773F9}.Debug|x64.ActiveCfg = Debug|Any CPU
		{0AAD8FD3-EDB5-4019-82F3-6D1FDB9773F9}.Debug|x64.Build.0 = Debug|Any CPU
		{0AAD8FD3-EDB5-4019-82F3-6D1FDB9773F9}.Debug|x86.ActiveCfg = Debug|Any CPU
		{0AAD8FD3-EDB5-4019-82F3-6D1FDB9773F9}.Debug|x86.Build.0 = Debug|Any CPU
		{0AAD8FD3-EDB5-4019-82F3-6D1FDB9773F9}.Release|Any CPU.ActiveCfg = Release|Any CPU
		{0AAD8FD3-EDB5-4019-82F3-6D1FDB9773F9}.Release|Any CPU.Build.0 = Release|Any CPU
		{0AAD8FD3-EDB5-4019-82F3-6D1FDB9773F9}.Release|x64.ActiveCfg = Release|Any CPU
		{0AAD8FD3-EDB5-4019-82F3-6D1FDB9773F9}.Release|x64.Build.0 = Release|Any CPU
		{0AAD8FD3-EDB5-4019-82F3-6D1FDB9773F9}.Release|x86.ActiveCfg = Release|Any CPU
		{0AAD8FD3-EDB5-4019-82F3-6D1FDB9773F9}.Release|x86.Build.0 = Release|Any CPU
		{991634E3-32C0-4EC7-8F3D-9373721EE9DC}.Debug|Any CPU.ActiveCfg = Debug|Any CPU
		{991634E3-32C0-4EC7-8F3D-9373721EE9DC}.Debug|Any CPU.Build.0 = Debug|Any CPU
		{991634E3-32C0-4EC7-8F3D-9373721EE9DC}.Debug|x64.ActiveCfg = Debug|Any CPU
		{991634E3-32C0-4EC7-8F3D-9373721EE9DC}.Debug|x64.Build.0 = Debug|Any CPU
		{991634E3-32C0-4EC7-8F3D-9373721EE9DC}.Debug|x86.ActiveCfg = Debug|Any CPU
		{991634E3-32C0-4EC7-8F3D-9373721EE9DC}.Debug|x86.Build.0 = Debug|Any CPU
		{991634E3-32C0-4EC7-8F3D-9373721EE9DC}.Release|Any CPU.ActiveCfg = Release|Any CPU
		{991634E3-32C0-4EC7-8F3D-9373721EE9DC}.Release|Any CPU.Build.0 = Release|Any CPU
		{991634E3-32C0-4EC7-8F3D-9373721EE9DC}.Release|x64.ActiveCfg = Release|Any CPU
		{991634E3-32C0-4EC7-8F3D-9373721EE9DC}.Release|x64.Build.0 = Release|Any CPU
		{991634E3-32C0-4EC7-8F3D-9373721EE9DC}.Release|x86.ActiveCfg = Release|Any CPU
		{991634E3-32C0-4EC7-8F3D-9373721EE9DC}.Release|x86.Build.0 = Release|Any CPU
		{7AF6F665-765E-4A4C-B71E-BCDBA4E2F9CA}.Debug|Any CPU.ActiveCfg = Debug|Any CPU
		{7AF6F665-765E-4A4C-B71E-BCDBA4E2F9CA}.Debug|Any CPU.Build.0 = Debug|Any CPU
		{7AF6F665-765E-4A4C-B71E-BCDBA4E2F9CA}.Debug|x64.ActiveCfg = Debug|Any CPU
		{7AF6F665-765E-4A4C-B71E-BCDBA4E2F9CA}.Debug|x64.Build.0 = Debug|Any CPU
		{7AF6F665-765E-4A4C-B71E-BCDBA4E2F9CA}.Debug|x86.ActiveCfg = Debug|Any CPU
		{7AF6F665-765E-4A4C-B71E-BCDBA4E2F9CA}.Debug|x86.Build.0 = Debug|Any CPU
		{7AF6F665-765E-4A4C-B71E-BCDBA4E2F9CA}.Release|Any CPU.ActiveCfg = Release|Any CPU
		{7AF6F665-765E-4A4C-B71E-BCDBA4E2F9CA}.Release|Any CPU.Build.0 = Release|Any CPU
		{7AF6F665-765E-4A4C-B71E-BCDBA4E2F9CA}.Release|x64.ActiveCfg = Release|Any CPU
		{7AF6F665-765E-4A4C-B71E-BCDBA4E2F9CA}.Release|x64.Build.0 = Release|Any CPU
		{7AF6F665-765E-4A4C-B71E-BCDBA4E2F9CA}.Release|x86.ActiveCfg = Release|Any CPU
		{7AF6F665-765E-4A4C-B71E-BCDBA4E2F9CA}.Release|x86.Build.0 = Release|Any CPU
		{98733F39-94B6-405F-8BFC-98064F9C8250}.Debug|Any CPU.ActiveCfg = Debug|Any CPU
		{98733F39-94B6-405F-8BFC-98064F9C8250}.Debug|Any CPU.Build.0 = Debug|Any CPU
		{98733F39-94B6-405F-8BFC-98064F9C8250}.Debug|x64.ActiveCfg = Debug|Any CPU
		{98733F39-94B6-405F-8BFC-98064F9C8250}.Debug|x64.Build.0 = Debug|Any CPU
		{98733F39-94B6-405F-8BFC-98064F9C8250}.Debug|x86.ActiveCfg = Debug|Any CPU
		{98733F39-94B6-405F-8BFC-98064F9C8250}.Debug|x86.Build.0 = Debug|Any CPU
		{98733F39-94B6-405F-8BFC-98064F9C8250}.Release|Any CPU.ActiveCfg = Release|Any CPU
		{98733F39-94B6-405F-8BFC-98064F9C8250}.Release|Any CPU.Build.0 = Release|Any CPU
		{98733F39-94B6-405F-8BFC-98064F9C8250}.Release|x64.ActiveCfg = Release|Any CPU
		{98733F39-94B6-405F-8BFC-98064F9C8250}.Release|x64.Build.0 = Release|Any CPU
		{98733F39-94B6-405F-8BFC-98064F9C8250}.Release|x86.ActiveCfg = Release|Any CPU
		{98733F39-94B6-405F-8BFC-98064F9C8250}.Release|x86.Build.0 = Release|Any CPU
		{0BEC4ACF-3F78-456B-B18F-2E422085AF78}.Debug|Any CPU.ActiveCfg = Debug|Any CPU
		{0BEC4ACF-3F78-456B-B18F-2E422085AF78}.Debug|Any CPU.Build.0 = Debug|Any CPU
		{0BEC4ACF-3F78-456B-B18F-2E422085AF78}.Debug|x64.ActiveCfg = Debug|Any CPU
		{0BEC4ACF-3F78-456B-B18F-2E422085AF78}.Debug|x64.Build.0 = Debug|Any CPU
		{0BEC4ACF-3F78-456B-B18F-2E422085AF78}.Debug|x86.ActiveCfg = Debug|Any CPU
		{0BEC4ACF-3F78-456B-B18F-2E422085AF78}.Debug|x86.Build.0 = Debug|Any CPU
		{0BEC4ACF-3F78-456B-B18F-2E422085AF78}.Release|Any CPU.ActiveCfg = Release|Any CPU
		{0BEC4ACF-3F78-456B-B18F-2E422085AF78}.Release|Any CPU.Build.0 = Release|Any CPU
		{0BEC4ACF-3F78-456B-B18F-2E422085AF78}.Release|x64.ActiveCfg = Release|Any CPU
		{0BEC4ACF-3F78-456B-B18F-2E422085AF78}.Release|x64.Build.0 = Release|Any CPU
		{0BEC4ACF-3F78-456B-B18F-2E422085AF78}.Release|x86.ActiveCfg = Release|Any CPU
		{0BEC4ACF-3F78-456B-B18F-2E422085AF78}.Release|x86.Build.0 = Release|Any CPU
		{057CA070-5340-4B41-94CA-D91867DBF270}.Debug|Any CPU.ActiveCfg = Debug|Any CPU
		{057CA070-5340-4B41-94CA-D91867DBF270}.Debug|Any CPU.Build.0 = Debug|Any CPU
		{057CA070-5340-4B41-94CA-D91867DBF270}.Debug|x64.ActiveCfg = Debug|Any CPU
		{057CA070-5340-4B41-94CA-D91867DBF270}.Debug|x64.Build.0 = Debug|Any CPU
		{057CA070-5340-4B41-94CA-D91867DBF270}.Debug|x86.ActiveCfg = Debug|Any CPU
		{057CA070-5340-4B41-94CA-D91867DBF270}.Debug|x86.Build.0 = Debug|Any CPU
		{057CA070-5340-4B41-94CA-D91867DBF270}.Release|Any CPU.ActiveCfg = Release|Any CPU
		{057CA070-5340-4B41-94CA-D91867DBF270}.Release|Any CPU.Build.0 = Release|Any CPU
		{057CA070-5340-4B41-94CA-D91867DBF270}.Release|x64.ActiveCfg = Release|Any CPU
		{057CA070-5340-4B41-94CA-D91867DBF270}.Release|x64.Build.0 = Release|Any CPU
		{057CA070-5340-4B41-94CA-D91867DBF270}.Release|x86.ActiveCfg = Release|Any CPU
		{057CA070-5340-4B41-94CA-D91867DBF270}.Release|x86.Build.0 = Release|Any CPU
		{F00DB4E0-82EF-4F16-8129-6EA01CA0FEE6}.Debug|Any CPU.ActiveCfg = Debug|Any CPU
		{F00DB4E0-82EF-4F16-8129-6EA01CA0FEE6}.Debug|Any CPU.Build.0 = Debug|Any CPU
		{F00DB4E0-82EF-4F16-8129-6EA01CA0FEE6}.Debug|x64.ActiveCfg = Debug|Any CPU
		{F00DB4E0-82EF-4F16-8129-6EA01CA0FEE6}.Debug|x64.Build.0 = Debug|Any CPU
		{F00DB4E0-82EF-4F16-8129-6EA01CA0FEE6}.Debug|x86.ActiveCfg = Debug|Any CPU
		{F00DB4E0-82EF-4F16-8129-6EA01CA0FEE6}.Debug|x86.Build.0 = Debug|Any CPU
		{F00DB4E0-82EF-4F16-8129-6EA01CA0FEE6}.Release|Any CPU.ActiveCfg = Release|Any CPU
		{F00DB4E0-82EF-4F16-8129-6EA01CA0FEE6}.Release|Any CPU.Build.0 = Release|Any CPU
		{F00DB4E0-82EF-4F16-8129-6EA01CA0FEE6}.Release|x64.ActiveCfg = Release|Any CPU
		{F00DB4E0-82EF-4F16-8129-6EA01CA0FEE6}.Release|x64.Build.0 = Release|Any CPU
		{F00DB4E0-82EF-4F16-8129-6EA01CA0FEE6}.Release|x86.ActiveCfg = Release|Any CPU
		{F00DB4E0-82EF-4F16-8129-6EA01CA0FEE6}.Release|x86.Build.0 = Release|Any CPU
		{0716700F-0B24-4316-B5BD-845B57F63209}.Debug|Any CPU.ActiveCfg = Debug|Any CPU
		{0716700F-0B24-4316-B5BD-845B57F63209}.Debug|Any CPU.Build.0 = Debug|Any CPU
		{0716700F-0B24-4316-B5BD-845B57F63209}.Debug|x64.ActiveCfg = Debug|Any CPU
		{0716700F-0B24-4316-B5BD-845B57F63209}.Debug|x64.Build.0 = Debug|Any CPU
		{0716700F-0B24-4316-B5BD-845B57F63209}.Debug|x86.ActiveCfg = Debug|Any CPU
		{0716700F-0B24-4316-B5BD-845B57F63209}.Debug|x86.Build.0 = Debug|Any CPU
		{0716700F-0B24-4316-B5BD-845B57F63209}.Release|Any CPU.ActiveCfg = Release|Any CPU
		{0716700F-0B24-4316-B5BD-845B57F63209}.Release|Any CPU.Build.0 = Release|Any CPU
		{0716700F-0B24-4316-B5BD-845B57F63209}.Release|x64.ActiveCfg = Release|Any CPU
		{0716700F-0B24-4316-B5BD-845B57F63209}.Release|x64.Build.0 = Release|Any CPU
		{0716700F-0B24-4316-B5BD-845B57F63209}.Release|x86.ActiveCfg = Release|Any CPU
		{0716700F-0B24-4316-B5BD-845B57F63209}.Release|x86.Build.0 = Release|Any CPU
	EndGlobalSection
	GlobalSection(SolutionProperties) = preSolution
		HideSolutionNode = FALSE
	EndGlobalSection
	GlobalSection(NestedProjects) = preSolution
		{92A41F1C-8B77-4479-8CD3-FB8987269C60} = {96279848-CA27-42C6-9488-498A8E696F67}
		{29FF59AD-E83D-4084-9DE5-564CA5687981} = {96279848-CA27-42C6-9488-498A8E696F67}
		{7AE36E18-182E-4E36-AD0E-08F326B381B2} = {96279848-CA27-42C6-9488-498A8E696F67}
		{93429CD0-F010-450F-9C16-67C8E7F6E644} = {96279848-CA27-42C6-9488-498A8E696F67}
		{F5AD1150-9B7B-4112-9E08-C5542119750E} = {93429CD0-F010-450F-9C16-67C8E7F6E644}
		{5B5DFEA6-CD85-407C-9377-E22D80E2CFBC} = {93429CD0-F010-450F-9C16-67C8E7F6E644}
		{813B9B3A-8ECD-49ED-A231-7B220F7F5662} = {93429CD0-F010-450F-9C16-67C8E7F6E644}
		{4B949B7B-715C-480E-BC1E-AAAECBB17922} = {93429CD0-F010-450F-9C16-67C8E7F6E644}
		{B0FBC90F-9579-434C-A703-3F4777F2AC01} = {93429CD0-F010-450F-9C16-67C8E7F6E644}
		{58B017A0-2084-4388-B2CF-2073F3712AD2} = {93429CD0-F010-450F-9C16-67C8E7F6E644}
		{6B1C5EB5-E729-4BD8-B55E-BB4CBFC84658} = {93429CD0-F010-450F-9C16-67C8E7F6E644}
		{7C8F1CE7-82F7-471E-8FC2-84DDEDBEDCCE} = {93429CD0-F010-450F-9C16-67C8E7F6E644}
		{C6A685B1-7AEA-4ADF-8206-09FB563F3342} = {96279848-CA27-42C6-9488-498A8E696F67}
		{72402835-6446-4B54-8FEF-3E42B17730EA} = {96279848-CA27-42C6-9488-498A8E696F67}
		{62538150-880C-4711-8C10-3AC2224728ED} = {96279848-CA27-42C6-9488-498A8E696F67}
		{FD759318-1E7C-499B-9DDB-9B7ADC216602} = {96279848-CA27-42C6-9488-498A8E696F67}
		{FA2308B6-C47A-47F1-A028-E86CA0323E2A} = {96279848-CA27-42C6-9488-498A8E696F67}
		{2B55B11C-D04A-4451-B8D2-0CDA632940EE} = {96279848-CA27-42C6-9488-498A8E696F67}
		{960663A9-F17E-4F94-AC5B-E581A6171028} = {96279848-CA27-42C6-9488-498A8E696F67}
		{E1C9E2B5-9ABE-4AC7-994D-4E9C44BDD49E} = {96279848-CA27-42C6-9488-498A8E696F67}
		{1B874C58-C5C7-41A0-B188-E80D4882729E} = {E1C9E2B5-9ABE-4AC7-994D-4E9C44BDD49E}
		{94B5D8E5-F3B1-438A-94E1-095574259B6C} = {E1C9E2B5-9ABE-4AC7-994D-4E9C44BDD49E}
		{7095B11D-8CF7-4526-A687-1307765CCADA} = {E1C9E2B5-9ABE-4AC7-994D-4E9C44BDD49E}
		{A6964A5A-176B-4E02-8137-81443075EAA7} = {E1C9E2B5-9ABE-4AC7-994D-4E9C44BDD49E}
		{0AAD8FD3-EDB5-4019-82F3-6D1FDB9773F9} = {96279848-CA27-42C6-9488-498A8E696F67}
		{C76D41A4-7963-41F0-9F6D-CDC80624FB25} = {96279848-CA27-42C6-9488-498A8E696F67}
		{991634E3-32C0-4EC7-8F3D-9373721EE9DC} = {C76D41A4-7963-41F0-9F6D-CDC80624FB25}
		{7AF6F665-765E-4A4C-B71E-BCDBA4E2F9CA} = {96279848-CA27-42C6-9488-498A8E696F67}
		{98733F39-94B6-405F-8BFC-98064F9C8250} = {96279848-CA27-42C6-9488-498A8E696F67}
		{0BEC4ACF-3F78-456B-B18F-2E422085AF78} = {96279848-CA27-42C6-9488-498A8E696F67}
		{057CA070-5340-4B41-94CA-D91867DBF270} = {E1C9E2B5-9ABE-4AC7-994D-4E9C44BDD49E}
		{F00DB4E0-82EF-4F16-8129-6EA01CA0FEE6} = {C76D41A4-7963-41F0-9F6D-CDC80624FB25}
		{0716700F-0B24-4316-B5BD-845B57F63209} = {C76D41A4-7963-41F0-9F6D-CDC80624FB25}
	EndGlobalSection
	GlobalSection(ExtensibilityGlobals) = postSolution
		SolutionGuid = {2E768DAB-8F0C-4EEB-AA3F-4961D869E9D9}
	EndGlobalSection
EndGlobal
