
Microsoft Visual Studio Solution File, Format Version 12.00
# Visual Studio Version 17
VisualStudioVersion = 17.0.31903.59
MinimumVisualStudioVersion = 10.0.40219.1
Project("{2150E333-8FDC-42A3-9474-1A3956D46DE8}") = "src", "src", "{827E0CD3-B72D-47B6-A68D-7590B98EB39B}"
EndProject
Project("{2150E333-8FDC-42A3-9474-1A3956D46DE8}") = "Core", "Core", "{8D626EA8-CB54-BC41-363A-217881BEBA6E}"
EndProject
Project("{F2A71F9B-5D33-465A-A702-920D77279786}") = "B2R2.Core", "src\Core\B2R2.Core.fsproj", "{94531549-6D91-4AF3-AD7E-A313716C3014}"
EndProject
Project("{2150E333-8FDC-42A3-9474-1A3956D46DE8}") = "Core.Tests", "Core.Tests", "{12EA23E7-FECB-062C-481F-7F1C9E3ABD62}"
EndProject
Project("{F2A71F9B-5D33-465A-A702-920D77279786}") = "B2R2.Core.Tests", "src\Core.Tests\B2R2.Core.Tests.fsproj", "{093D0A3D-4F50-4D25-8235-6B24655D7EA3}"
EndProject
Project("{2150E333-8FDC-42A3-9474-1A3956D46DE8}") = "BinIR", "BinIR", "{5F7508F4-2D6C-713F-C2B7-C3C22795CA53}"
EndProject
Project("{F2A71F9B-5D33-465A-A702-920D77279786}") = "B2R2.BinIR", "src\BinIR\B2R2.BinIR.fsproj", "{82E63DD7-A100-4BF7-9AEC-99779CACDF95}"
EndProject
Project("{2150E333-8FDC-42A3-9474-1A3956D46DE8}") = "BinIR.Tests", "BinIR.Tests", "{626A33EA-B087-1ED2-4D4A-F1814E30BD17}"
EndProject
Project("{F2A71F9B-5D33-465A-A702-920D77279786}") = "B2R2.BinIR.Tests", "src\BinIR.Tests\B2R2.BinIR.Tests.fsproj", "{E25F0C11-F6D0-4D9E-8AC0-0664126EB36D}"
EndProject
Project("{2150E333-8FDC-42A3-9474-1A3956D46DE8}") = "FrontEnd", "FrontEnd", "{42299874-777B-F2D0-9D08-D24097ABCE7E}"
EndProject
Project("{2150E333-8FDC-42A3-9474-1A3956D46DE8}") = "Core", "Core", "{5BA98009-46DA-5326-4EC5-06E32D5EB841}"
EndProject
Project("{F2A71F9B-5D33-465A-A702-920D77279786}") = "B2R2.FrontEnd.Core", "src\FrontEnd\Core\B2R2.FrontEnd.Core.fsproj", "{A0EC7302-2634-4B92-A293-F92718D24CB4}"
EndProject
Project("{2150E333-8FDC-42A3-9474-1A3956D46DE8}") = "Core.Tests", "Core.Tests", "{6BB0478C-8523-02D5-7BD2-DAF0E404D12B}"
EndProject
Project("{F2A71F9B-5D33-465A-A702-920D77279786}") = "B2R2.FrontEnd.Core.Tests", "src\FrontEnd\Core.Tests\B2R2.FrontEnd.Core.Tests.fsproj", "{A0E3F1B1-2E70-4D2A-8670-A8B1E2FBA313}"
EndProject
Project("{2150E333-8FDC-42A3-9474-1A3956D46DE8}") = "BinLifter", "BinLifter", "{B9BD3C89-78FB-B30A-9034-50CABCCBA2F4}"
EndProject
Project("{2150E333-8FDC-42A3-9474-1A3956D46DE8}") = "Core", "Core", "{A0F95AD9-94FB-390F-3710-18ACDE09618E}"
EndProject
Project("{F2A71F9B-5D33-465A-A702-920D77279786}") = "B2R2.FrontEnd.BinLifter.Core", "src\FrontEnd\BinLifter\Core\B2R2.FrontEnd.BinLifter.Core.fsproj", "{83DEEEF0-3560-409E-9C5B-3F5E286E80CE}"
EndProject
Project("{2150E333-8FDC-42A3-9474-1A3956D46DE8}") = "ARM32", "ARM32", "{5E8A3F04-CD44-B146-3815-EA46B2BD43AF}"
EndProject
Project("{F2A71F9B-5D33-465A-A702-920D77279786}") = "B2R2.FrontEnd.BinLifter.ARM32", "src\FrontEnd\BinLifter\ARM32\B2R2.FrontEnd.BinLifter.ARM32.fsproj", "{1DFE0ABB-79AB-4F2F-8676-8203F9B099A5}"
EndProject
Project("{2150E333-8FDC-42A3-9474-1A3956D46DE8}") = "ARM64", "ARM64", "{C0BC496D-31C9-D932-514D-396B860DA16C}"
EndProject
Project("{F2A71F9B-5D33-465A-A702-920D77279786}") = "B2R2.FrontEnd.BinLifter.ARM64", "src\FrontEnd\BinLifter\ARM64\B2R2.FrontEnd.BinLifter.ARM64.fsproj", "{2843F12E-B57E-483E-902A-6C4D24436E29}"
EndProject
Project("{2150E333-8FDC-42A3-9474-1A3956D46DE8}") = "AVR", "AVR", "{401F1E6F-8997-7E5F-BD5B-A8895463A6E9}"
EndProject
Project("{F2A71F9B-5D33-465A-A702-920D77279786}") = "B2R2.FrontEnd.BinLifter.AVR", "src\FrontEnd\BinLifter\AVR\B2R2.FrontEnd.BinLifter.AVR.fsproj", "{25AD1CE5-B63E-4CF9-878B-FB462A6302A3}"
EndProject
Project("{2150E333-8FDC-42A3-9474-1A3956D46DE8}") = "CIL", "CIL", "{9E0B5B8D-3444-C0EF-6857-DC7BC95F4DAC}"
EndProject
Project("{F2A71F9B-5D33-465A-A702-920D77279786}") = "B2R2.FrontEnd.BinLifter.CIL", "src\FrontEnd\BinLifter\CIL\B2R2.FrontEnd.BinLifter.CIL.fsproj", "{7E18A22D-195A-45E5-8A02-A3DD2D8DF310}"
EndProject
Project("{2150E333-8FDC-42A3-9474-1A3956D46DE8}") = "EVM", "EVM", "{BE6E79A5-572B-86B4-9773-4760D6BFC288}"
EndProject
Project("{F2A71F9B-5D33-465A-A702-920D77279786}") = "B2R2.FrontEnd.BinLifter.EVM", "src\FrontEnd\BinLifter\EVM\B2R2.FrontEnd.BinLifter.EVM.fsproj", "{54D4599E-5780-4B62-90D5-C8F2652BC5E8}"
EndProject
Project("{2150E333-8FDC-42A3-9474-1A3956D46DE8}") = "Intel", "Intel", "{2CF5C1FF-087E-3B78-C0EE-96802E5E7BB4}"
EndProject
Project("{F2A71F9B-5D33-465A-A702-920D77279786}") = "B2R2.FrontEnd.BinLifter.Intel", "src\FrontEnd\BinLifter\Intel\B2R2.FrontEnd.BinLifter.Intel.fsproj", "{94C72936-1C03-4E6B-91EB-8EDD04549833}"
EndProject
Project("{2150E333-8FDC-42A3-9474-1A3956D46DE8}") = "MIPS", "MIPS", "{A611AF66-ECAB-744F-8235-CA0604056551}"
EndProject
Project("{F2A71F9B-5D33-465A-A702-920D77279786}") = "B2R2.FrontEnd.BinLifter.MIPS", "src\FrontEnd\BinLifter\MIPS\B2R2.FrontEnd.BinLifter.MIPS.fsproj", "{F3A1A336-4C21-4164-9785-6F482A6DF9A2}"
EndProject
Project("{2150E333-8FDC-42A3-9474-1A3956D46DE8}") = "Optimizer", "Optimizer", "{D2B40C1F-9544-0687-33C7-42FFE106C624}"
EndProject
Project("{F2A71F9B-5D33-465A-A702-920D77279786}") = "B2R2.FrontEnd.BinLifter.Optimizer", "src\FrontEnd\BinLifter\Optimizer\B2R2.FrontEnd.BinLifter.Optimizer.fsproj", "{E0DB0DA2-8E50-4340-9B7F-35F1A3C6C183}"
EndProject
Project("{2150E333-8FDC-42A3-9474-1A3956D46DE8}") = "PARISC", "PARISC", "{7B5943A9-6E34-295A-06DD-8486A17415E8}"
EndProject
Project("{F2A71F9B-5D33-465A-A702-920D77279786}") = "B2R2.FrontEnd.BinLifter.PARISC", "src\FrontEnd\BinLifter\PARISC\B2R2.FrontEnd.BinLifter.PARISC.fsproj", "{55C72D1A-962E-496F-A87E-F72061DA49B4}"
EndProject
Project("{2150E333-8FDC-42A3-9474-1A3956D46DE8}") = "PPC32", "PPC32", "{C0951BBF-3CAA-BDF4-326A-71D353172F1D}"
EndProject
Project("{F2A71F9B-5D33-465A-A702-920D77279786}") = "B2R2.FrontEnd.BinLifter.PPC32", "src\FrontEnd\BinLifter\PPC32\B2R2.FrontEnd.BinLifter.PPC32.fsproj", "{4E0D1D50-0296-44B5-BE7E-62EDB78D2684}"
EndProject
Project("{2150E333-8FDC-42A3-9474-1A3956D46DE8}") = "Python", "Python", "{91CBD268-D8A3-BF00-73BA-E8F348746898}"
EndProject
Project("{F2A71F9B-5D33-465A-A702-920D77279786}") = "B2R2.FrontEnd.BinLifter.Python", "src\FrontEnd\BinLifter\Python\B2R2.FrontEnd.BinLifter.Python.fsproj", "{BBB457C1-A510-4C12-BD52-BA62C4FA5BEE}"
EndProject
Project("{2150E333-8FDC-42A3-9474-1A3956D46DE8}") = "RISCV", "RISCV", "{8638A669-5AF2-211B-D516-3F4C903DEB05}"
EndProject
Project("{F2A71F9B-5D33-465A-A702-920D77279786}") = "B2R2.FrontEnd.BinLifter.RISCV", "src\FrontEnd\BinLifter\RISCV\B2R2.FrontEnd.BinLifter.RISCV.fsproj", "{DD75773B-84BC-4E9F-B388-725F54318F1C}"
EndProject
Project("{2150E333-8FDC-42A3-9474-1A3956D46DE8}") = "S390", "S390", "{08086913-3843-DEC7-CAB9-D68AA81531D3}"
EndProject
Project("{F2A71F9B-5D33-465A-A702-920D77279786}") = "B2R2.FrontEnd.BinLifter.S390", "src\FrontEnd\BinLifter\S390\B2R2.FrontEnd.BinLifter.S390.fsproj", "{315711CE-421F-4E20-A8A8-77204988DF93}"
EndProject
Project("{2150E333-8FDC-42A3-9474-1A3956D46DE8}") = "SH4", "SH4", "{11B035BA-BA4B-5735-29D6-A166623A4551}"
EndProject
Project("{F2A71F9B-5D33-465A-A702-920D77279786}") = "B2R2.FrontEnd.BinLifter.SH4", "src\FrontEnd\BinLifter\SH4\B2R2.FrontEnd.BinLifter.SH4.fsproj", "{BE052681-9ACE-469C-84EF-04EF741465C8}"
EndProject
Project("{2150E333-8FDC-42A3-9474-1A3956D46DE8}") = "SPARC", "SPARC", "{DAEB58F2-BD94-B802-A2A1-E10FFB2C7F17}"
EndProject
Project("{F2A71F9B-5D33-465A-A702-920D77279786}") = "B2R2.FrontEnd.BinLifter.SPARC", "src\FrontEnd\BinLifter\SPARC\B2R2.FrontEnd.BinLifter.SPARC.fsproj", "{6FA6E9A9-F626-4D6A-A233-EE954B2FB45A}"
EndProject
Project("{2150E333-8FDC-42A3-9474-1A3956D46DE8}") = "TMS320C6000", "TMS320C6000", "{5B6F5243-1617-3718-4F98-556C8AFA4642}"
EndProject
Project("{F2A71F9B-5D33-465A-A702-920D77279786}") = "B2R2.FrontEnd.BinLifter.TMS320C6000", "src\FrontEnd\BinLifter\TMS320C6000\B2R2.FrontEnd.BinLifter.TMS320C6000.fsproj", "{C45F7E31-88FB-44A0-A019-5CA18CCDEBBC}"
EndProject
Project("{2150E333-8FDC-42A3-9474-1A3956D46DE8}") = "WASM", "WASM", "{4FC61949-7082-E8C3-B7F2-4E966C8E9E77}"
EndProject
Project("{F2A71F9B-5D33-465A-A702-920D77279786}") = "B2R2.FrontEnd.BinLifter.WASM", "src\FrontEnd\BinLifter\WASM\B2R2.FrontEnd.BinLifter.WASM.fsproj", "{53D47577-567C-4A80-AE1B-53D083F062F4}"
EndProject
Project("{2150E333-8FDC-42A3-9474-1A3956D46DE8}") = "BinLifter.Tests", "BinLifter.Tests", "{E4BFBD3E-FC6F-17D9-99E0-1AF250113453}"
EndProject
Project("{F2A71F9B-5D33-465A-A702-920D77279786}") = "B2R2.FrontEnd.BinLifter.Tests", "src\FrontEnd\BinLifter.Tests\B2R2.FrontEnd.BinLifter.Tests.fsproj", "{023D0615-CE01-4201-97BD-F6C0349746F8}"
EndProject
Project("{2150E333-8FDC-42A3-9474-1A3956D46DE8}") = "BinFile", "BinFile", "{505AC639-B0EC-3D53-7A11-68DF392485F2}"
EndProject
Project("{F2A71F9B-5D33-465A-A702-920D77279786}") = "B2R2.FrontEnd.BinFile", "src\FrontEnd\BinFile\B2R2.FrontEnd.BinFile.fsproj", "{B71E76C9-3C9F-4B7E-8F44-28D437FBDBDA}"
EndProject
Project("{2150E333-8FDC-42A3-9474-1A3956D46DE8}") = "BinFile.Tests", "BinFile.Tests", "{FCBAF9E8-E6EA-4BD8-861F-75869FC3AF28}"
EndProject
Project("{F2A71F9B-5D33-465A-A702-920D77279786}") = "B2R2.FrontEnd.BinFile.Tests", "src\FrontEnd\BinFile.Tests\B2R2.FrontEnd.BinFile.Tests.fsproj", "{643A3706-43CC-4C8A-BB82-151C1D86AABF}"
EndProject
Project("{2150E333-8FDC-42A3-9474-1A3956D46DE8}") = "API", "API", "{38E9592B-D263-6E4A-FF78-32D13F979EA6}"
EndProject
Project("{F2A71F9B-5D33-465A-A702-920D77279786}") = "B2R2.FrontEnd.API", "src\FrontEnd\API\B2R2.FrontEnd.API.fsproj", "{A0E235E1-51DC-4E54-9A84-FF6D03F94620}"
EndProject
Project("{2150E333-8FDC-42A3-9474-1A3956D46DE8}") = "NameMangling", "NameMangling", "{537A6814-AA88-8422-F944-F52ABC852B15}"
EndProject
Project("{F2A71F9B-5D33-465A-A702-920D77279786}") = "B2R2.FrontEnd.NameMangling", "src\FrontEnd\NameMangling\B2R2.FrontEnd.NameMangling.fsproj", "{7D92EB3C-61C9-4191-84B6-FD92E606B7EB}"
EndProject
Project("{2150E333-8FDC-42A3-9474-1A3956D46DE8}") = "NameMangling.Tests", "NameMangling.Tests", "{0CE43F69-1397-6A27-3AE6-1A3307EB5142}"
EndProject
Project("{F2A71F9B-5D33-465A-A702-920D77279786}") = "B2R2.FrontEnd.NameMangling.Tests", "src\FrontEnd\NameMangling.Tests\B2R2.FrontEnd.NameMangling.Tests.fsproj", "{12915896-BE7B-453A-BA93-3AFB4CF688B4}"
EndProject
Project("{2150E333-8FDC-42A3-9474-1A3956D46DE8}") = "MiddleEnd", "MiddleEnd", "{3E736B31-4A5A-9652-EE94-16091E091159}"
EndProject
Project("{2150E333-8FDC-42A3-9474-1A3956D46DE8}") = "ConcEval", "ConcEval", "{46E002AF-3644-F7D6-FF44-071D162423C6}"
EndProject
Project("{F2A71F9B-5D33-465A-A702-920D77279786}") = "B2R2.MiddleEnd.ConcEval", "src\MiddleEnd\ConcEval\B2R2.MiddleEnd.ConcEval.fsproj", "{1CBB1163-BABC-4E93-979C-B8AC0A8B9BA3}"
EndProject
Project("{2150E333-8FDC-42A3-9474-1A3956D46DE8}") = "BinGraph", "BinGraph", "{9C51EA55-BC83-A9D9-E805-7E88B7C6818C}"
EndProject
Project("{F2A71F9B-5D33-465A-A702-920D77279786}") = "B2R2.MiddleEnd.BinGraph", "src\MiddleEnd\BinGraph\B2R2.MiddleEnd.BinGraph.fsproj", "{78AF59C2-5111-40AF-8ED1-176FE36919C6}"
EndProject
Project("{2150E333-8FDC-42A3-9474-1A3956D46DE8}") = "BinGraph.Tests", "BinGraph.Tests", "{50FB0359-390C-580A-35F9-0070B9424CEE}"
EndProject
Project("{F2A71F9B-5D33-465A-A702-920D77279786}") = "B2R2.MiddleEnd.BinGraph.Tests", "src\MiddleEnd\BinGraph.Tests\B2R2.MiddleEnd.BinGraph.Tests.fsproj", "{593060B7-1146-43BA-B5C1-0608EA279C4A}"
EndProject
Project("{2150E333-8FDC-42A3-9474-1A3956D46DE8}") = "ControlFlowGraph", "ControlFlowGraph", "{D05A5AE5-5323-B9F2-6B25-0181217EB51B}"
EndProject
Project("{F2A71F9B-5D33-465A-A702-920D77279786}") = "B2R2.MiddleEnd.ControlFlowGraph", "src\MiddleEnd\ControlFlowGraph\B2R2.MiddleEnd.ControlFlowGraph.fsproj", "{A0564262-075D-49B4-8578-6D129468F9DE}"
EndProject
Project("{2150E333-8FDC-42A3-9474-1A3956D46DE8}") = "SSA", "SSA", "{BD788E75-BDF3-77DC-8DFD-CE1ACBA5A7B1}"
EndProject
Project("{F2A71F9B-5D33-465A-A702-920D77279786}") = "B2R2.MiddleEnd.SSA", "src\MiddleEnd\SSA\B2R2.MiddleEnd.SSA.fsproj", "{F0A62F82-E08B-4CF9-BB6E-2F51AD0BA5BD}"
EndProject
Project("{2150E333-8FDC-42A3-9474-1A3956D46DE8}") = "DataFlow", "DataFlow", "{5AA1AD79-C82A-A5B9-FBA7-F4F1918A0EB1}"
EndProject
Project("{F2A71F9B-5D33-465A-A702-920D77279786}") = "B2R2.MiddleEnd.DataFlow", "src\MiddleEnd\DataFlow\B2R2.MiddleEnd.DataFlow.fsproj", "{8F4B4CEE-F00F-4661-BEEF-33E0615C471A}"
EndProject
Project("{2150E333-8FDC-42A3-9474-1A3956D46DE8}") = "DataFlow.Tests", "DataFlow.Tests", "{EB369A37-8880-F4A6-6F1F-E27E2E28B8FB}"
EndProject
Project("{F2A71F9B-5D33-465A-A702-920D77279786}") = "B2R2.MiddleEnd.DataFlow.Tests", "src\MiddleEnd\DataFlow.Tests\B2R2.MiddleEnd.DataFlow.Tests.fsproj", "{75830D0E-FAF7-44E9-9056-80F8C6E07984}"
EndProject
Project("{2150E333-8FDC-42A3-9474-1A3956D46DE8}") = "ControlFlowAnalysis", "ControlFlowAnalysis", "{65A64330-FD79-0462-3E4D-9EA6DAD072AF}"
EndProject
Project("{F2A71F9B-5D33-465A-A702-920D77279786}") = "B2R2.MiddleEnd.ControlFlowAnalysis", "src\MiddleEnd\ControlFlowAnalysis\B2R2.MiddleEnd.ControlFlowAnalysis.fsproj", "{06B82839-714A-450B-BEDB-FCC4CBF9535D}"
EndProject
Project("{2150E333-8FDC-42A3-9474-1A3956D46DE8}") = "API", "API", "{DF4C0DE2-6AEF-3E49-BAE6-3325420293D7}"
EndProject
Project("{F2A71F9B-5D33-465A-A702-920D77279786}") = "B2R2.MiddleEnd.API", "src\MiddleEnd\API\B2R2.MiddleEnd.API.fsproj", "{D80D1127-9B03-4FFD-9C8A-CF8B4E16754C}"
EndProject
Project("{2150E333-8FDC-42A3-9474-1A3956D46DE8}") = "API.Tests", "API.Tests", "{73D95682-B00E-759C-198B-BB26C480DD92}"
EndProject
Project("{F2A71F9B-5D33-465A-A702-920D77279786}") = "B2R2.MiddleEnd.API.Tests", "src\MiddleEnd\API.Tests\B2R2.MiddleEnd.API.Tests.fsproj", "{72961180-BC32-411B-A33E-60264395406F}"
EndProject
Project("{2150E333-8FDC-42A3-9474-1A3956D46DE8}") = "LLVM", "LLVM", "{6C6F23D3-7EB4-BE67-1D16-1F768B3AA64E}"
EndProject
Project("{F2A71F9B-5D33-465A-A702-920D77279786}") = "B2R2.MiddleEnd.LLVM", "src\MiddleEnd\LLVM\B2R2.MiddleEnd.LLVM.fsproj", "{B26CA92D-00A3-4080-8402-C2EBD33E303E}"
EndProject
Project("{2150E333-8FDC-42A3-9474-1A3956D46DE8}") = "RearEnd", "RearEnd", "{C292F972-DF9E-2BC1-AAFD-33B9C85F8025}"
EndProject
Project("{2150E333-8FDC-42A3-9474-1A3956D46DE8}") = "Core", "Core", "{FD685553-67C0-24F4-30C4-EB23168938D4}"
EndProject
Project("{F2A71F9B-5D33-465A-A702-920D77279786}") = "B2R2.RearEnd.Core", "src\RearEnd\Core\B2R2.RearEnd.Core.fsproj", "{3A8E6411-B00E-456A-BC1B-D9903B467F70}"
EndProject
Project("{2150E333-8FDC-42A3-9474-1A3956D46DE8}") = "FileViewer", "FileViewer", "{51126A84-026E-9698-9760-57FF6A771FE4}"
EndProject
Project("{F2A71F9B-5D33-465A-A702-920D77279786}") = "B2R2.RearEnd.FileViewer", "src\RearEnd\FileViewer\B2R2.RearEnd.FileViewer.fsproj", "{CA043F14-D6E6-4D4A-B8BC-BD7C2CFAC343}"
EndProject
Project("{2150E333-8FDC-42A3-9474-1A3956D46DE8}") = "BinDump", "BinDump", "{E7FC12DD-A9AF-16E0-C3AC-96D30CA9C44E}"
EndProject
Project("{F2A71F9B-5D33-465A-A702-920D77279786}") = "B2R2.RearEnd.BinDump", "src\RearEnd\BinDump\B2R2.RearEnd.BinDump.fsproj", "{EFD722FF-C053-4E0C-AB90-1C427D22BEB3}"
EndProject
Project("{2150E333-8FDC-42A3-9474-1A3956D46DE8}") = "ROP", "ROP", "{F12142C9-F59C-3601-519C-726EF8C2EEC2}"
EndProject
Project("{F2A71F9B-5D33-465A-A702-920D77279786}") = "B2R2.RearEnd.ROP", "src\RearEnd\ROP\B2R2.RearEnd.ROP.fsproj", "{6552D1D0-2433-4B61-BB1A-D39B48974248}"
EndProject
Project("{2150E333-8FDC-42A3-9474-1A3956D46DE8}") = "Visualization", "Visualization", "{CDD6AC57-88AA-AD28-BED1-D4DCF05EA1F7}"
EndProject
Project("{F2A71F9B-5D33-465A-A702-920D77279786}") = "B2R2.RearEnd.Visualization", "src\RearEnd\Visualization\B2R2.RearEnd.Visualization.fsproj", "{1371B06D-F496-47CE-AA12-3AFD210B4F67}"
EndProject
Project("{2150E333-8FDC-42A3-9474-1A3956D46DE8}") = "BinExplorer", "BinExplorer", "{2BE28442-88A9-0FC0-CBF0-3506E6DC691A}"
EndProject
Project("{F2A71F9B-5D33-465A-A702-920D77279786}") = "B2R2.RearEnd.BinExplorer", "src\RearEnd\BinExplorer\B2R2.RearEnd.BinExplorer.fsproj", "{19B836C2-5755-40F2-884A-DE1B49D86861}"
EndProject
Project("{2150E333-8FDC-42A3-9474-1A3956D46DE8}") = "Assembler", "Assembler", "{5CE4BD81-0D12-7986-53A9-532297B1A617}"
EndProject
Project("{F2A71F9B-5D33-465A-A702-920D77279786}") = "B2R2.RearEnd.Assembler", "src\RearEnd\Assembler\B2R2.RearEnd.Assembler.fsproj", "{8C8B2B73-EFBC-41B5-880E-80788EFDEDA9}"
EndProject
Project("{2150E333-8FDC-42A3-9474-1A3956D46DE8}") = "Repl", "Repl", "{B53412BF-8F9A-173E-1D9C-3D31202BC018}"
EndProject
Project("{F2A71F9B-5D33-465A-A702-920D77279786}") = "B2R2.RearEnd.Repl", "src\RearEnd\Repl\B2R2.RearEnd.Repl.fsproj", "{51004844-C500-43D5-A876-7670B899B2EA}"
EndProject
Project("{2150E333-8FDC-42A3-9474-1A3956D46DE8}") = "Transformer", "Transformer", "{B15D1EAB-BCAA-4B39-2F0E-3B912414FD96}"
EndProject
Project("{F2A71F9B-5D33-465A-A702-920D77279786}") = "B2R2.RearEnd.Transformer", "src\RearEnd\Transformer\B2R2.RearEnd.Transformer.fsproj", "{923356C8-4626-4DE2-B1C6-9C55B5D7AA47}"
EndProject
Project("{2150E333-8FDC-42A3-9474-1A3956D46DE8}") = "Launcher", "Launcher", "{1D63AC18-43B1-86FE-3539-065F94D9E444}"
EndProject
Project("{F2A71F9B-5D33-465A-A702-920D77279786}") = "B2R2.RearEnd.Launcher", "src\RearEnd\Launcher\B2R2.RearEnd.Launcher.fsproj", "{9FF3D0C7-5215-4D9E-BC61-AF2861BC4B28}"
EndProject
Project("{2150E333-8FDC-42A3-9474-1A3956D46DE8}") = "Peripheral", "Peripheral", "{A7FDBDA5-8FE1-2C08-6B57-AA58731D986E}"
EndProject
Project("{2150E333-8FDC-42A3-9474-1A3956D46DE8}") = "Assembly", "Assembly", "{B1AECA46-A54B-A712-699D-FD95991D4ABB}"
EndProject
Project("{2150E333-8FDC-42A3-9474-1A3956D46DE8}") = "Core", "Core", "{0329205A-D43A-569E-1EDF-868EC31D18C0}"
EndProject
Project("{F2A71F9B-5D33-465A-A702-920D77279786}") = "B2R2.Peripheral.Assembly.Core", "src\Peripheral\Assembly\Core\B2R2.Peripheral.Assembly.Core.fsproj", "{31B98415-E359-4500-B9BD-063202CD8163}"
EndProject
Project("{2150E333-8FDC-42A3-9474-1A3956D46DE8}") = "ARM32", "ARM32", "{EA0E4CC5-706E-A5D1-737E-E629FDCAC131}"
EndProject
Project("{F2A71F9B-5D33-465A-A702-920D77279786}") = "B2R2.Peripheral.Assembly.ARM32", "src\Peripheral\Assembly\ARM32\B2R2.Peripheral.Assembly.ARM32.fsproj", "{3326EEC0-C71D-4F2B-9E8D-1DA5A2672CA9}"
EndProject
Project("{2150E333-8FDC-42A3-9474-1A3956D46DE8}") = "Intel", "Intel", "{15C6C915-2631-3674-1AB3-1BF72C936924}"
EndProject
Project("{F2A71F9B-5D33-465A-A702-920D77279786}") = "B2R2.Peripheral.Assembly.Intel", "src\Peripheral\Assembly\Intel\B2R2.Peripheral.Assembly.Intel.fsproj", "{9B11B830-B0C6-4A4F-837F-2972A46D9A2F}"
EndProject
Project("{2150E333-8FDC-42A3-9474-1A3956D46DE8}") = "MIPS", "MIPS", "{8B04CA22-1660-EB0F-969D-18B223521417}"
EndProject
Project("{F2A71F9B-5D33-465A-A702-920D77279786}") = "B2R2.Peripheral.Assembly.MIPS", "src\Peripheral\Assembly\MIPS\B2R2.Peripheral.Assembly.MIPS.fsproj", "{6A1D5673-83ED-4782-B883-918CB1DEDBD6}"
EndProject
Project("{2150E333-8FDC-42A3-9474-1A3956D46DE8}") = "LowUIR", "LowUIR", "{C3FF388E-BEC2-2833-F11A-D62DA1B199EE}"
EndProject
Project("{F2A71F9B-5D33-465A-A702-920D77279786}") = "B2R2.Peripheral.Assembly.LowUIR", "src\Peripheral\Assembly\LowUIR\B2R2.Peripheral.Assembly.LowUIR.fsproj", "{BC7F0AF9-D4A0-4368-A8AB-DE27B7D995C6}"
EndProject
Project("{2150E333-8FDC-42A3-9474-1A3956D46DE8}") = "AsmInterface", "AsmInterface", "{690830AC-4426-94FD-59E5-801706E3FEFF}"
EndProject
Project("{F2A71F9B-5D33-465A-A702-920D77279786}") = "B2R2.Peripheral.Assembly.AsmInterface", "src\Peripheral\Assembly\AsmInterface\B2R2.Peripheral.Assembly.AsmInterface.fsproj", "{80379FEB-8051-488E-8592-E7AD1806CEA2}"
EndProject
Project("{2150E333-8FDC-42A3-9474-1A3956D46DE8}") = "Assembly.Tests", "Assembly.Tests", "{9DFAB050-AE57-85BA-DE60-06F5221A08AD}"
EndProject
Project("{F2A71F9B-5D33-465A-A702-920D77279786}") = "B2R2.Peripheral.Assembly.Tests", "src\Peripheral\Assembly.Tests\B2R2.Peripheral.Assembly.Tests.fsproj", "{0C4CACCC-1759-48DA-A812-D94B10F4910A}"
EndProject
Global
	GlobalSection(SolutionConfigurationPlatforms) = preSolution
		Debug|Any CPU = Debug|Any CPU
		Debug|x64 = Debug|x64
		Debug|x86 = Debug|x86
		Release|Any CPU = Release|Any CPU
		Release|x64 = Release|x64
		Release|x86 = Release|x86
	EndGlobalSection
	GlobalSection(ProjectConfigurationPlatforms) = postSolution
		{94531549-6D91-4AF3-AD7E-A313716C3014}.Debug|Any CPU.ActiveCfg = Debug|Any CPU
		{94531549-6D91-4AF3-AD7E-A313716C3014}.Debug|Any CPU.Build.0 = Debug|Any CPU
		{94531549-6D91-4AF3-AD7E-A313716C3014}.Debug|x64.ActiveCfg = Debug|Any CPU
		{94531549-6D91-4AF3-AD7E-A313716C3014}.Debug|x64.Build.0 = Debug|Any CPU
		{94531549-6D91-4AF3-AD7E-A313716C3014}.Debug|x86.ActiveCfg = Debug|Any CPU
		{94531549-6D91-4AF3-AD7E-A313716C3014}.Debug|x86.Build.0 = Debug|Any CPU
		{94531549-6D91-4AF3-AD7E-A313716C3014}.Release|Any CPU.ActiveCfg = Release|Any CPU
		{94531549-6D91-4AF3-AD7E-A313716C3014}.Release|Any CPU.Build.0 = Release|Any CPU
		{94531549-6D91-4AF3-AD7E-A313716C3014}.Release|x64.ActiveCfg = Release|Any CPU
		{94531549-6D91-4AF3-AD7E-A313716C3014}.Release|x64.Build.0 = Release|Any CPU
		{94531549-6D91-4AF3-AD7E-A313716C3014}.Release|x86.ActiveCfg = Release|Any CPU
		{94531549-6D91-4AF3-AD7E-A313716C3014}.Release|x86.Build.0 = Release|Any CPU
		{093D0A3D-4F50-4D25-8235-6B24655D7EA3}.Debug|Any CPU.ActiveCfg = Debug|Any CPU
		{093D0A3D-4F50-4D25-8235-6B24655D7EA3}.Debug|Any CPU.Build.0 = Debug|Any CPU
		{093D0A3D-4F50-4D25-8235-6B24655D7EA3}.Debug|x64.ActiveCfg = Debug|Any CPU
		{093D0A3D-4F50-4D25-8235-6B24655D7EA3}.Debug|x64.Build.0 = Debug|Any CPU
		{093D0A3D-4F50-4D25-8235-6B24655D7EA3}.Debug|x86.ActiveCfg = Debug|Any CPU
		{093D0A3D-4F50-4D25-8235-6B24655D7EA3}.Debug|x86.Build.0 = Debug|Any CPU
		{093D0A3D-4F50-4D25-8235-6B24655D7EA3}.Release|Any CPU.ActiveCfg = Release|Any CPU
		{093D0A3D-4F50-4D25-8235-6B24655D7EA3}.Release|Any CPU.Build.0 = Release|Any CPU
		{093D0A3D-4F50-4D25-8235-6B24655D7EA3}.Release|x64.ActiveCfg = Release|Any CPU
		{093D0A3D-4F50-4D25-8235-6B24655D7EA3}.Release|x64.Build.0 = Release|Any CPU
		{093D0A3D-4F50-4D25-8235-6B24655D7EA3}.Release|x86.ActiveCfg = Release|Any CPU
		{093D0A3D-4F50-4D25-8235-6B24655D7EA3}.Release|x86.Build.0 = Release|Any CPU
		{82E63DD7-A100-4BF7-9AEC-99779CACDF95}.Debug|Any CPU.ActiveCfg = Debug|Any CPU
		{82E63DD7-A100-4BF7-9AEC-99779CACDF95}.Debug|Any CPU.Build.0 = Debug|Any CPU
		{82E63DD7-A100-4BF7-9AEC-99779CACDF95}.Debug|x64.ActiveCfg = Debug|Any CPU
		{82E63DD7-A100-4BF7-9AEC-99779CACDF95}.Debug|x64.Build.0 = Debug|Any CPU
		{82E63DD7-A100-4BF7-9AEC-99779CACDF95}.Debug|x86.ActiveCfg = Debug|Any CPU
		{82E63DD7-A100-4BF7-9AEC-99779CACDF95}.Debug|x86.Build.0 = Debug|Any CPU
		{82E63DD7-A100-4BF7-9AEC-99779CACDF95}.Release|Any CPU.ActiveCfg = Release|Any CPU
		{82E63DD7-A100-4BF7-9AEC-99779CACDF95}.Release|Any CPU.Build.0 = Release|Any CPU
		{82E63DD7-A100-4BF7-9AEC-99779CACDF95}.Release|x64.ActiveCfg = Release|Any CPU
		{82E63DD7-A100-4BF7-9AEC-99779CACDF95}.Release|x64.Build.0 = Release|Any CPU
		{82E63DD7-A100-4BF7-9AEC-99779CACDF95}.Release|x86.ActiveCfg = Release|Any CPU
		{82E63DD7-A100-4BF7-9AEC-99779CACDF95}.Release|x86.Build.0 = Release|Any CPU
		{E25F0C11-F6D0-4D9E-8AC0-0664126EB36D}.Debug|Any CPU.ActiveCfg = Debug|Any CPU
		{E25F0C11-F6D0-4D9E-8AC0-0664126EB36D}.Debug|Any CPU.Build.0 = Debug|Any CPU
		{E25F0C11-F6D0-4D9E-8AC0-0664126EB36D}.Debug|x64.ActiveCfg = Debug|Any CPU
		{E25F0C11-F6D0-4D9E-8AC0-0664126EB36D}.Debug|x64.Build.0 = Debug|Any CPU
		{E25F0C11-F6D0-4D9E-8AC0-0664126EB36D}.Debug|x86.ActiveCfg = Debug|Any CPU
		{E25F0C11-F6D0-4D9E-8AC0-0664126EB36D}.Debug|x86.Build.0 = Debug|Any CPU
		{E25F0C11-F6D0-4D9E-8AC0-0664126EB36D}.Release|Any CPU.ActiveCfg = Release|Any CPU
		{E25F0C11-F6D0-4D9E-8AC0-0664126EB36D}.Release|Any CPU.Build.0 = Release|Any CPU
		{E25F0C11-F6D0-4D9E-8AC0-0664126EB36D}.Release|x64.ActiveCfg = Release|Any CPU
		{E25F0C11-F6D0-4D9E-8AC0-0664126EB36D}.Release|x64.Build.0 = Release|Any CPU
		{E25F0C11-F6D0-4D9E-8AC0-0664126EB36D}.Release|x86.ActiveCfg = Release|Any CPU
		{E25F0C11-F6D0-4D9E-8AC0-0664126EB36D}.Release|x86.Build.0 = Release|Any CPU
		{A0EC7302-2634-4B92-A293-F92718D24CB4}.Debug|Any CPU.ActiveCfg = Debug|Any CPU
		{A0EC7302-2634-4B92-A293-F92718D24CB4}.Debug|Any CPU.Build.0 = Debug|Any CPU
		{A0EC7302-2634-4B92-A293-F92718D24CB4}.Debug|x64.ActiveCfg = Debug|Any CPU
		{A0EC7302-2634-4B92-A293-F92718D24CB4}.Debug|x64.Build.0 = Debug|Any CPU
		{A0EC7302-2634-4B92-A293-F92718D24CB4}.Debug|x86.ActiveCfg = Debug|Any CPU
		{A0EC7302-2634-4B92-A293-F92718D24CB4}.Debug|x86.Build.0 = Debug|Any CPU
		{A0EC7302-2634-4B92-A293-F92718D24CB4}.Release|Any CPU.ActiveCfg = Release|Any CPU
		{A0EC7302-2634-4B92-A293-F92718D24CB4}.Release|Any CPU.Build.0 = Release|Any CPU
		{A0EC7302-2634-4B92-A293-F92718D24CB4}.Release|x64.ActiveCfg = Release|Any CPU
		{A0EC7302-2634-4B92-A293-F92718D24CB4}.Release|x64.Build.0 = Release|Any CPU
		{A0EC7302-2634-4B92-A293-F92718D24CB4}.Release|x86.ActiveCfg = Release|Any CPU
		{A0EC7302-2634-4B92-A293-F92718D24CB4}.Release|x86.Build.0 = Release|Any CPU
		{A0E3F1B1-2E70-4D2A-8670-A8B1E2FBA313}.Debug|Any CPU.ActiveCfg = Debug|Any CPU
		{A0E3F1B1-2E70-4D2A-8670-A8B1E2FBA313}.Debug|Any CPU.Build.0 = Debug|Any CPU
		{A0E3F1B1-2E70-4D2A-8670-A8B1E2FBA313}.Debug|x64.ActiveCfg = Debug|Any CPU
		{A0E3F1B1-2E70-4D2A-8670-A8B1E2FBA313}.Debug|x64.Build.0 = Debug|Any CPU
		{A0E3F1B1-2E70-4D2A-8670-A8B1E2FBA313}.Debug|x86.ActiveCfg = Debug|Any CPU
		{A0E3F1B1-2E70-4D2A-8670-A8B1E2FBA313}.Debug|x86.Build.0 = Debug|Any CPU
		{A0E3F1B1-2E70-4D2A-8670-A8B1E2FBA313}.Release|Any CPU.ActiveCfg = Release|Any CPU
		{A0E3F1B1-2E70-4D2A-8670-A8B1E2FBA313}.Release|Any CPU.Build.0 = Release|Any CPU
		{A0E3F1B1-2E70-4D2A-8670-A8B1E2FBA313}.Release|x64.ActiveCfg = Release|Any CPU
		{A0E3F1B1-2E70-4D2A-8670-A8B1E2FBA313}.Release|x64.Build.0 = Release|Any CPU
		{A0E3F1B1-2E70-4D2A-8670-A8B1E2FBA313}.Release|x86.ActiveCfg = Release|Any CPU
		{A0E3F1B1-2E70-4D2A-8670-A8B1E2FBA313}.Release|x86.Build.0 = Release|Any CPU
		{83DEEEF0-3560-409E-9C5B-3F5E286E80CE}.Debug|Any CPU.ActiveCfg = Debug|Any CPU
		{83DEEEF0-3560-409E-9C5B-3F5E286E80CE}.Debug|Any CPU.Build.0 = Debug|Any CPU
		{83DEEEF0-3560-409E-9C5B-3F5E286E80CE}.Debug|x64.ActiveCfg = Debug|Any CPU
		{83DEEEF0-3560-409E-9C5B-3F5E286E80CE}.Debug|x64.Build.0 = Debug|Any CPU
		{83DEEEF0-3560-409E-9C5B-3F5E286E80CE}.Debug|x86.ActiveCfg = Debug|Any CPU
		{83DEEEF0-3560-409E-9C5B-3F5E286E80CE}.Debug|x86.Build.0 = Debug|Any CPU
		{83DEEEF0-3560-409E-9C5B-3F5E286E80CE}.Release|Any CPU.ActiveCfg = Release|Any CPU
		{83DEEEF0-3560-409E-9C5B-3F5E286E80CE}.Release|Any CPU.Build.0 = Release|Any CPU
		{83DEEEF0-3560-409E-9C5B-3F5E286E80CE}.Release|x64.ActiveCfg = Release|Any CPU
		{83DEEEF0-3560-409E-9C5B-3F5E286E80CE}.Release|x64.Build.0 = Release|Any CPU
		{83DEEEF0-3560-409E-9C5B-3F5E286E80CE}.Release|x86.ActiveCfg = Release|Any CPU
		{83DEEEF0-3560-409E-9C5B-3F5E286E80CE}.Release|x86.Build.0 = Release|Any CPU
		{1DFE0ABB-79AB-4F2F-8676-8203F9B099A5}.Debug|Any CPU.ActiveCfg = Debug|Any CPU
		{1DFE0ABB-79AB-4F2F-8676-8203F9B099A5}.Debug|Any CPU.Build.0 = Debug|Any CPU
		{1DFE0ABB-79AB-4F2F-8676-8203F9B099A5}.Debug|x64.ActiveCfg = Debug|Any CPU
		{1DFE0ABB-79AB-4F2F-8676-8203F9B099A5}.Debug|x64.Build.0 = Debug|Any CPU
		{1DFE0ABB-79AB-4F2F-8676-8203F9B099A5}.Debug|x86.ActiveCfg = Debug|Any CPU
		{1DFE0ABB-79AB-4F2F-8676-8203F9B099A5}.Debug|x86.Build.0 = Debug|Any CPU
		{1DFE0ABB-79AB-4F2F-8676-8203F9B099A5}.Release|Any CPU.ActiveCfg = Release|Any CPU
		{1DFE0ABB-79AB-4F2F-8676-8203F9B099A5}.Release|Any CPU.Build.0 = Release|Any CPU
		{1DFE0ABB-79AB-4F2F-8676-8203F9B099A5}.Release|x64.ActiveCfg = Release|Any CPU
		{1DFE0ABB-79AB-4F2F-8676-8203F9B099A5}.Release|x64.Build.0 = Release|Any CPU
		{1DFE0ABB-79AB-4F2F-8676-8203F9B099A5}.Release|x86.ActiveCfg = Release|Any CPU
		{1DFE0ABB-79AB-4F2F-8676-8203F9B099A5}.Release|x86.Build.0 = Release|Any CPU
		{2843F12E-B57E-483E-902A-6C4D24436E29}.Debug|Any CPU.ActiveCfg = Debug|Any CPU
		{2843F12E-B57E-483E-902A-6C4D24436E29}.Debug|Any CPU.Build.0 = Debug|Any CPU
		{2843F12E-B57E-483E-902A-6C4D24436E29}.Debug|x64.ActiveCfg = Debug|Any CPU
		{2843F12E-B57E-483E-902A-6C4D24436E29}.Debug|x64.Build.0 = Debug|Any CPU
		{2843F12E-B57E-483E-902A-6C4D24436E29}.Debug|x86.ActiveCfg = Debug|Any CPU
		{2843F12E-B57E-483E-902A-6C4D24436E29}.Debug|x86.Build.0 = Debug|Any CPU
		{2843F12E-B57E-483E-902A-6C4D24436E29}.Release|Any CPU.ActiveCfg = Release|Any CPU
		{2843F12E-B57E-483E-902A-6C4D24436E29}.Release|Any CPU.Build.0 = Release|Any CPU
		{2843F12E-B57E-483E-902A-6C4D24436E29}.Release|x64.ActiveCfg = Release|Any CPU
		{2843F12E-B57E-483E-902A-6C4D24436E29}.Release|x64.Build.0 = Release|Any CPU
		{2843F12E-B57E-483E-902A-6C4D24436E29}.Release|x86.ActiveCfg = Release|Any CPU
		{2843F12E-B57E-483E-902A-6C4D24436E29}.Release|x86.Build.0 = Release|Any CPU
		{25AD1CE5-B63E-4CF9-878B-FB462A6302A3}.Debug|Any CPU.ActiveCfg = Debug|Any CPU
		{25AD1CE5-B63E-4CF9-878B-FB462A6302A3}.Debug|Any CPU.Build.0 = Debug|Any CPU
		{25AD1CE5-B63E-4CF9-878B-FB462A6302A3}.Debug|x64.ActiveCfg = Debug|Any CPU
		{25AD1CE5-B63E-4CF9-878B-FB462A6302A3}.Debug|x64.Build.0 = Debug|Any CPU
		{25AD1CE5-B63E-4CF9-878B-FB462A6302A3}.Debug|x86.ActiveCfg = Debug|Any CPU
		{25AD1CE5-B63E-4CF9-878B-FB462A6302A3}.Debug|x86.Build.0 = Debug|Any CPU
		{25AD1CE5-B63E-4CF9-878B-FB462A6302A3}.Release|Any CPU.ActiveCfg = Release|Any CPU
		{25AD1CE5-B63E-4CF9-878B-FB462A6302A3}.Release|Any CPU.Build.0 = Release|Any CPU
		{25AD1CE5-B63E-4CF9-878B-FB462A6302A3}.Release|x64.ActiveCfg = Release|Any CPU
		{25AD1CE5-B63E-4CF9-878B-FB462A6302A3}.Release|x64.Build.0 = Release|Any CPU
		{25AD1CE5-B63E-4CF9-878B-FB462A6302A3}.Release|x86.ActiveCfg = Release|Any CPU
		{25AD1CE5-B63E-4CF9-878B-FB462A6302A3}.Release|x86.Build.0 = Release|Any CPU
		{7E18A22D-195A-45E5-8A02-A3DD2D8DF310}.Debug|Any CPU.ActiveCfg = Debug|Any CPU
		{7E18A22D-195A-45E5-8A02-A3DD2D8DF310}.Debug|Any CPU.Build.0 = Debug|Any CPU
		{7E18A22D-195A-45E5-8A02-A3DD2D8DF310}.Debug|x64.ActiveCfg = Debug|Any CPU
		{7E18A22D-195A-45E5-8A02-A3DD2D8DF310}.Debug|x64.Build.0 = Debug|Any CPU
		{7E18A22D-195A-45E5-8A02-A3DD2D8DF310}.Debug|x86.ActiveCfg = Debug|Any CPU
		{7E18A22D-195A-45E5-8A02-A3DD2D8DF310}.Debug|x86.Build.0 = Debug|Any CPU
		{7E18A22D-195A-45E5-8A02-A3DD2D8DF310}.Release|Any CPU.ActiveCfg = Release|Any CPU
		{7E18A22D-195A-45E5-8A02-A3DD2D8DF310}.Release|Any CPU.Build.0 = Release|Any CPU
		{7E18A22D-195A-45E5-8A02-A3DD2D8DF310}.Release|x64.ActiveCfg = Release|Any CPU
		{7E18A22D-195A-45E5-8A02-A3DD2D8DF310}.Release|x64.Build.0 = Release|Any CPU
		{7E18A22D-195A-45E5-8A02-A3DD2D8DF310}.Release|x86.ActiveCfg = Release|Any CPU
		{7E18A22D-195A-45E5-8A02-A3DD2D8DF310}.Release|x86.Build.0 = Release|Any CPU
		{54D4599E-5780-4B62-90D5-C8F2652BC5E8}.Debug|Any CPU.ActiveCfg = Debug|Any CPU
		{54D4599E-5780-4B62-90D5-C8F2652BC5E8}.Debug|Any CPU.Build.0 = Debug|Any CPU
		{54D4599E-5780-4B62-90D5-C8F2652BC5E8}.Debug|x64.ActiveCfg = Debug|Any CPU
		{54D4599E-5780-4B62-90D5-C8F2652BC5E8}.Debug|x64.Build.0 = Debug|Any CPU
		{54D4599E-5780-4B62-90D5-C8F2652BC5E8}.Debug|x86.ActiveCfg = Debug|Any CPU
		{54D4599E-5780-4B62-90D5-C8F2652BC5E8}.Debug|x86.Build.0 = Debug|Any CPU
		{54D4599E-5780-4B62-90D5-C8F2652BC5E8}.Release|Any CPU.ActiveCfg = Release|Any CPU
		{54D4599E-5780-4B62-90D5-C8F2652BC5E8}.Release|Any CPU.Build.0 = Release|Any CPU
		{54D4599E-5780-4B62-90D5-C8F2652BC5E8}.Release|x64.ActiveCfg = Release|Any CPU
		{54D4599E-5780-4B62-90D5-C8F2652BC5E8}.Release|x64.Build.0 = Release|Any CPU
		{54D4599E-5780-4B62-90D5-C8F2652BC5E8}.Release|x86.ActiveCfg = Release|Any CPU
		{54D4599E-5780-4B62-90D5-C8F2652BC5E8}.Release|x86.Build.0 = Release|Any CPU
		{94C72936-1C03-4E6B-91EB-8EDD04549833}.Debug|Any CPU.ActiveCfg = Debug|Any CPU
		{94C72936-1C03-4E6B-91EB-8EDD04549833}.Debug|Any CPU.Build.0 = Debug|Any CPU
		{94C72936-1C03-4E6B-91EB-8EDD04549833}.Debug|x64.ActiveCfg = Debug|Any CPU
		{94C72936-1C03-4E6B-91EB-8EDD04549833}.Debug|x64.Build.0 = Debug|Any CPU
		{94C72936-1C03-4E6B-91EB-8EDD04549833}.Debug|x86.ActiveCfg = Debug|Any CPU
		{94C72936-1C03-4E6B-91EB-8EDD04549833}.Debug|x86.Build.0 = Debug|Any CPU
		{94C72936-1C03-4E6B-91EB-8EDD04549833}.Release|Any CPU.ActiveCfg = Release|Any CPU
		{94C72936-1C03-4E6B-91EB-8EDD04549833}.Release|Any CPU.Build.0 = Release|Any CPU
		{94C72936-1C03-4E6B-91EB-8EDD04549833}.Release|x64.ActiveCfg = Release|Any CPU
		{94C72936-1C03-4E6B-91EB-8EDD04549833}.Release|x64.Build.0 = Release|Any CPU
		{94C72936-1C03-4E6B-91EB-8EDD04549833}.Release|x86.ActiveCfg = Release|Any CPU
		{94C72936-1C03-4E6B-91EB-8EDD04549833}.Release|x86.Build.0 = Release|Any CPU
		{F3A1A336-4C21-4164-9785-6F482A6DF9A2}.Debug|Any CPU.ActiveCfg = Debug|Any CPU
		{F3A1A336-4C21-4164-9785-6F482A6DF9A2}.Debug|Any CPU.Build.0 = Debug|Any CPU
		{F3A1A336-4C21-4164-9785-6F482A6DF9A2}.Debug|x64.ActiveCfg = Debug|Any CPU
		{F3A1A336-4C21-4164-9785-6F482A6DF9A2}.Debug|x64.Build.0 = Debug|Any CPU
		{F3A1A336-4C21-4164-9785-6F482A6DF9A2}.Debug|x86.ActiveCfg = Debug|Any CPU
		{F3A1A336-4C21-4164-9785-6F482A6DF9A2}.Debug|x86.Build.0 = Debug|Any CPU
		{F3A1A336-4C21-4164-9785-6F482A6DF9A2}.Release|Any CPU.ActiveCfg = Release|Any CPU
		{F3A1A336-4C21-4164-9785-6F482A6DF9A2}.Release|Any CPU.Build.0 = Release|Any CPU
		{F3A1A336-4C21-4164-9785-6F482A6DF9A2}.Release|x64.ActiveCfg = Release|Any CPU
		{F3A1A336-4C21-4164-9785-6F482A6DF9A2}.Release|x64.Build.0 = Release|Any CPU
		{F3A1A336-4C21-4164-9785-6F482A6DF9A2}.Release|x86.ActiveCfg = Release|Any CPU
		{F3A1A336-4C21-4164-9785-6F482A6DF9A2}.Release|x86.Build.0 = Release|Any CPU
		{E0DB0DA2-8E50-4340-9B7F-35F1A3C6C183}.Debug|Any CPU.ActiveCfg = Debug|Any CPU
		{E0DB0DA2-8E50-4340-9B7F-35F1A3C6C183}.Debug|Any CPU.Build.0 = Debug|Any CPU
		{E0DB0DA2-8E50-4340-9B7F-35F1A3C6C183}.Debug|x64.ActiveCfg = Debug|Any CPU
		{E0DB0DA2-8E50-4340-9B7F-35F1A3C6C183}.Debug|x64.Build.0 = Debug|Any CPU
		{E0DB0DA2-8E50-4340-9B7F-35F1A3C6C183}.Debug|x86.ActiveCfg = Debug|Any CPU
		{E0DB0DA2-8E50-4340-9B7F-35F1A3C6C183}.Debug|x86.Build.0 = Debug|Any CPU
		{E0DB0DA2-8E50-4340-9B7F-35F1A3C6C183}.Release|Any CPU.ActiveCfg = Release|Any CPU
		{E0DB0DA2-8E50-4340-9B7F-35F1A3C6C183}.Release|Any CPU.Build.0 = Release|Any CPU
		{E0DB0DA2-8E50-4340-9B7F-35F1A3C6C183}.Release|x64.ActiveCfg = Release|Any CPU
		{E0DB0DA2-8E50-4340-9B7F-35F1A3C6C183}.Release|x64.Build.0 = Release|Any CPU
		{E0DB0DA2-8E50-4340-9B7F-35F1A3C6C183}.Release|x86.ActiveCfg = Release|Any CPU
		{E0DB0DA2-8E50-4340-9B7F-35F1A3C6C183}.Release|x86.Build.0 = Release|Any CPU
		{55C72D1A-962E-496F-A87E-F72061DA49B4}.Debug|Any CPU.ActiveCfg = Debug|Any CPU
		{55C72D1A-962E-496F-A87E-F72061DA49B4}.Debug|Any CPU.Build.0 = Debug|Any CPU
		{55C72D1A-962E-496F-A87E-F72061DA49B4}.Debug|x64.ActiveCfg = Debug|Any CPU
		{55C72D1A-962E-496F-A87E-F72061DA49B4}.Debug|x64.Build.0 = Debug|Any CPU
		{55C72D1A-962E-496F-A87E-F72061DA49B4}.Debug|x86.ActiveCfg = Debug|Any CPU
		{55C72D1A-962E-496F-A87E-F72061DA49B4}.Debug|x86.Build.0 = Debug|Any CPU
		{55C72D1A-962E-496F-A87E-F72061DA49B4}.Release|Any CPU.ActiveCfg = Release|Any CPU
		{55C72D1A-962E-496F-A87E-F72061DA49B4}.Release|Any CPU.Build.0 = Release|Any CPU
		{55C72D1A-962E-496F-A87E-F72061DA49B4}.Release|x64.ActiveCfg = Release|Any CPU
		{55C72D1A-962E-496F-A87E-F72061DA49B4}.Release|x64.Build.0 = Release|Any CPU
		{55C72D1A-962E-496F-A87E-F72061DA49B4}.Release|x86.ActiveCfg = Release|Any CPU
		{55C72D1A-962E-496F-A87E-F72061DA49B4}.Release|x86.Build.0 = Release|Any CPU
		{4E0D1D50-0296-44B5-BE7E-62EDB78D2684}.Debug|Any CPU.ActiveCfg = Debug|Any CPU
		{4E0D1D50-0296-44B5-BE7E-62EDB78D2684}.Debug|Any CPU.Build.0 = Debug|Any CPU
		{4E0D1D50-0296-44B5-BE7E-62EDB78D2684}.Debug|x64.ActiveCfg = Debug|Any CPU
		{4E0D1D50-0296-44B5-BE7E-62EDB78D2684}.Debug|x64.Build.0 = Debug|Any CPU
		{4E0D1D50-0296-44B5-BE7E-62EDB78D2684}.Debug|x86.ActiveCfg = Debug|Any CPU
		{4E0D1D50-0296-44B5-BE7E-62EDB78D2684}.Debug|x86.Build.0 = Debug|Any CPU
		{4E0D1D50-0296-44B5-BE7E-62EDB78D2684}.Release|Any CPU.ActiveCfg = Release|Any CPU
		{4E0D1D50-0296-44B5-BE7E-62EDB78D2684}.Release|Any CPU.Build.0 = Release|Any CPU
		{4E0D1D50-0296-44B5-BE7E-62EDB78D2684}.Release|x64.ActiveCfg = Release|Any CPU
		{4E0D1D50-0296-44B5-BE7E-62EDB78D2684}.Release|x64.Build.0 = Release|Any CPU
		{4E0D1D50-0296-44B5-BE7E-62EDB78D2684}.Release|x86.ActiveCfg = Release|Any CPU
		{4E0D1D50-0296-44B5-BE7E-62EDB78D2684}.Release|x86.Build.0 = Release|Any CPU
		{BBB457C1-A510-4C12-BD52-BA62C4FA5BEE}.Debug|Any CPU.ActiveCfg = Debug|Any CPU
		{BBB457C1-A510-4C12-BD52-BA62C4FA5BEE}.Debug|Any CPU.Build.0 = Debug|Any CPU
		{BBB457C1-A510-4C12-BD52-BA62C4FA5BEE}.Debug|x64.ActiveCfg = Debug|Any CPU
		{BBB457C1-A510-4C12-BD52-BA62C4FA5BEE}.Debug|x64.Build.0 = Debug|Any CPU
		{BBB457C1-A510-4C12-BD52-BA62C4FA5BEE}.Debug|x86.ActiveCfg = Debug|Any CPU
		{BBB457C1-A510-4C12-BD52-BA62C4FA5BEE}.Debug|x86.Build.0 = Debug|Any CPU
		{BBB457C1-A510-4C12-BD52-BA62C4FA5BEE}.Release|Any CPU.ActiveCfg = Release|Any CPU
		{BBB457C1-A510-4C12-BD52-BA62C4FA5BEE}.Release|Any CPU.Build.0 = Release|Any CPU
		{BBB457C1-A510-4C12-BD52-BA62C4FA5BEE}.Release|x64.ActiveCfg = Release|Any CPU
		{BBB457C1-A510-4C12-BD52-BA62C4FA5BEE}.Release|x64.Build.0 = Release|Any CPU
		{BBB457C1-A510-4C12-BD52-BA62C4FA5BEE}.Release|x86.ActiveCfg = Release|Any CPU
		{BBB457C1-A510-4C12-BD52-BA62C4FA5BEE}.Release|x86.Build.0 = Release|Any CPU
		{DD75773B-84BC-4E9F-B388-725F54318F1C}.Debug|Any CPU.ActiveCfg = Debug|Any CPU
		{DD75773B-84BC-4E9F-B388-725F54318F1C}.Debug|Any CPU.Build.0 = Debug|Any CPU
		{DD75773B-84BC-4E9F-B388-725F54318F1C}.Debug|x64.ActiveCfg = Debug|Any CPU
		{DD75773B-84BC-4E9F-B388-725F54318F1C}.Debug|x64.Build.0 = Debug|Any CPU
		{DD75773B-84BC-4E9F-B388-725F54318F1C}.Debug|x86.ActiveCfg = Debug|Any CPU
		{DD75773B-84BC-4E9F-B388-725F54318F1C}.Debug|x86.Build.0 = Debug|Any CPU
		{DD75773B-84BC-4E9F-B388-725F54318F1C}.Release|Any CPU.ActiveCfg = Release|Any CPU
		{DD75773B-84BC-4E9F-B388-725F54318F1C}.Release|Any CPU.Build.0 = Release|Any CPU
		{DD75773B-84BC-4E9F-B388-725F54318F1C}.Release|x64.ActiveCfg = Release|Any CPU
		{DD75773B-84BC-4E9F-B388-725F54318F1C}.Release|x64.Build.0 = Release|Any CPU
		{DD75773B-84BC-4E9F-B388-725F54318F1C}.Release|x86.ActiveCfg = Release|Any CPU
		{DD75773B-84BC-4E9F-B388-725F54318F1C}.Release|x86.Build.0 = Release|Any CPU
		{315711CE-421F-4E20-A8A8-77204988DF93}.Debug|Any CPU.ActiveCfg = Debug|Any CPU
		{315711CE-421F-4E20-A8A8-77204988DF93}.Debug|Any CPU.Build.0 = Debug|Any CPU
		{315711CE-421F-4E20-A8A8-77204988DF93}.Debug|x64.ActiveCfg = Debug|Any CPU
		{315711CE-421F-4E20-A8A8-77204988DF93}.Debug|x64.Build.0 = Debug|Any CPU
		{315711CE-421F-4E20-A8A8-77204988DF93}.Debug|x86.ActiveCfg = Debug|Any CPU
		{315711CE-421F-4E20-A8A8-77204988DF93}.Debug|x86.Build.0 = Debug|Any CPU
		{315711CE-421F-4E20-A8A8-77204988DF93}.Release|Any CPU.ActiveCfg = Release|Any CPU
		{315711CE-421F-4E20-A8A8-77204988DF93}.Release|Any CPU.Build.0 = Release|Any CPU
		{315711CE-421F-4E20-A8A8-77204988DF93}.Release|x64.ActiveCfg = Release|Any CPU
		{315711CE-421F-4E20-A8A8-77204988DF93}.Release|x64.Build.0 = Release|Any CPU
		{315711CE-421F-4E20-A8A8-77204988DF93}.Release|x86.ActiveCfg = Release|Any CPU
		{315711CE-421F-4E20-A8A8-77204988DF93}.Release|x86.Build.0 = Release|Any CPU
		{BE052681-9ACE-469C-84EF-04EF741465C8}.Debug|Any CPU.ActiveCfg = Debug|Any CPU
		{BE052681-9ACE-469C-84EF-04EF741465C8}.Debug|Any CPU.Build.0 = Debug|Any CPU
		{BE052681-9ACE-469C-84EF-04EF741465C8}.Debug|x64.ActiveCfg = Debug|Any CPU
		{BE052681-9ACE-469C-84EF-04EF741465C8}.Debug|x64.Build.0 = Debug|Any CPU
		{BE052681-9ACE-469C-84EF-04EF741465C8}.Debug|x86.ActiveCfg = Debug|Any CPU
		{BE052681-9ACE-469C-84EF-04EF741465C8}.Debug|x86.Build.0 = Debug|Any CPU
		{BE052681-9ACE-469C-84EF-04EF741465C8}.Release|Any CPU.ActiveCfg = Release|Any CPU
		{BE052681-9ACE-469C-84EF-04EF741465C8}.Release|Any CPU.Build.0 = Release|Any CPU
		{BE052681-9ACE-469C-84EF-04EF741465C8}.Release|x64.ActiveCfg = Release|Any CPU
		{BE052681-9ACE-469C-84EF-04EF741465C8}.Release|x64.Build.0 = Release|Any CPU
		{BE052681-9ACE-469C-84EF-04EF741465C8}.Release|x86.ActiveCfg = Release|Any CPU
		{BE052681-9ACE-469C-84EF-04EF741465C8}.Release|x86.Build.0 = Release|Any CPU
		{6FA6E9A9-F626-4D6A-A233-EE954B2FB45A}.Debug|Any CPU.ActiveCfg = Debug|Any CPU
		{6FA6E9A9-F626-4D6A-A233-EE954B2FB45A}.Debug|Any CPU.Build.0 = Debug|Any CPU
		{6FA6E9A9-F626-4D6A-A233-EE954B2FB45A}.Debug|x64.ActiveCfg = Debug|Any CPU
		{6FA6E9A9-F626-4D6A-A233-EE954B2FB45A}.Debug|x64.Build.0 = Debug|Any CPU
		{6FA6E9A9-F626-4D6A-A233-EE954B2FB45A}.Debug|x86.ActiveCfg = Debug|Any CPU
		{6FA6E9A9-F626-4D6A-A233-EE954B2FB45A}.Debug|x86.Build.0 = Debug|Any CPU
		{6FA6E9A9-F626-4D6A-A233-EE954B2FB45A}.Release|Any CPU.ActiveCfg = Release|Any CPU
		{6FA6E9A9-F626-4D6A-A233-EE954B2FB45A}.Release|Any CPU.Build.0 = Release|Any CPU
		{6FA6E9A9-F626-4D6A-A233-EE954B2FB45A}.Release|x64.ActiveCfg = Release|Any CPU
		{6FA6E9A9-F626-4D6A-A233-EE954B2FB45A}.Release|x64.Build.0 = Release|Any CPU
		{6FA6E9A9-F626-4D6A-A233-EE954B2FB45A}.Release|x86.ActiveCfg = Release|Any CPU
		{6FA6E9A9-F626-4D6A-A233-EE954B2FB45A}.Release|x86.Build.0 = Release|Any CPU
		{C45F7E31-88FB-44A0-A019-5CA18CCDEBBC}.Debug|Any CPU.ActiveCfg = Debug|Any CPU
		{C45F7E31-88FB-44A0-A019-5CA18CCDEBBC}.Debug|Any CPU.Build.0 = Debug|Any CPU
		{C45F7E31-88FB-44A0-A019-5CA18CCDEBBC}.Debug|x64.ActiveCfg = Debug|Any CPU
		{C45F7E31-88FB-44A0-A019-5CA18CCDEBBC}.Debug|x64.Build.0 = Debug|Any CPU
		{C45F7E31-88FB-44A0-A019-5CA18CCDEBBC}.Debug|x86.ActiveCfg = Debug|Any CPU
		{C45F7E31-88FB-44A0-A019-5CA18CCDEBBC}.Debug|x86.Build.0 = Debug|Any CPU
		{C45F7E31-88FB-44A0-A019-5CA18CCDEBBC}.Release|Any CPU.ActiveCfg = Release|Any CPU
		{C45F7E31-88FB-44A0-A019-5CA18CCDEBBC}.Release|Any CPU.Build.0 = Release|Any CPU
		{C45F7E31-88FB-44A0-A019-5CA18CCDEBBC}.Release|x64.ActiveCfg = Release|Any CPU
		{C45F7E31-88FB-44A0-A019-5CA18CCDEBBC}.Release|x64.Build.0 = Release|Any CPU
		{C45F7E31-88FB-44A0-A019-5CA18CCDEBBC}.Release|x86.ActiveCfg = Release|Any CPU
		{C45F7E31-88FB-44A0-A019-5CA18CCDEBBC}.Release|x86.Build.0 = Release|Any CPU
		{53D47577-567C-4A80-AE1B-53D083F062F4}.Debug|Any CPU.ActiveCfg = Debug|Any CPU
		{53D47577-567C-4A80-AE1B-53D083F062F4}.Debug|Any CPU.Build.0 = Debug|Any CPU
		{53D47577-567C-4A80-AE1B-53D083F062F4}.Debug|x64.ActiveCfg = Debug|Any CPU
		{53D47577-567C-4A80-AE1B-53D083F062F4}.Debug|x64.Build.0 = Debug|Any CPU
		{53D47577-567C-4A80-AE1B-53D083F062F4}.Debug|x86.ActiveCfg = Debug|Any CPU
		{53D47577-567C-4A80-AE1B-53D083F062F4}.Debug|x86.Build.0 = Debug|Any CPU
		{53D47577-567C-4A80-AE1B-53D083F062F4}.Release|Any CPU.ActiveCfg = Release|Any CPU
		{53D47577-567C-4A80-AE1B-53D083F062F4}.Release|Any CPU.Build.0 = Release|Any CPU
		{53D47577-567C-4A80-AE1B-53D083F062F4}.Release|x64.ActiveCfg = Release|Any CPU
		{53D47577-567C-4A80-AE1B-53D083F062F4}.Release|x64.Build.0 = Release|Any CPU
		{53D47577-567C-4A80-AE1B-53D083F062F4}.Release|x86.ActiveCfg = Release|Any CPU
		{53D47577-567C-4A80-AE1B-53D083F062F4}.Release|x86.Build.0 = Release|Any CPU
		{023D0615-CE01-4201-97BD-F6C0349746F8}.Debug|Any CPU.ActiveCfg = Debug|Any CPU
		{023D0615-CE01-4201-97BD-F6C0349746F8}.Debug|Any CPU.Build.0 = Debug|Any CPU
		{023D0615-CE01-4201-97BD-F6C0349746F8}.Debug|x64.ActiveCfg = Debug|Any CPU
		{023D0615-CE01-4201-97BD-F6C0349746F8}.Debug|x64.Build.0 = Debug|Any CPU
		{023D0615-CE01-4201-97BD-F6C0349746F8}.Debug|x86.ActiveCfg = Debug|Any CPU
		{023D0615-CE01-4201-97BD-F6C0349746F8}.Debug|x86.Build.0 = Debug|Any CPU
		{023D0615-CE01-4201-97BD-F6C0349746F8}.Release|Any CPU.ActiveCfg = Release|Any CPU
		{023D0615-CE01-4201-97BD-F6C0349746F8}.Release|Any CPU.Build.0 = Release|Any CPU
		{023D0615-CE01-4201-97BD-F6C0349746F8}.Release|x64.ActiveCfg = Release|Any CPU
		{023D0615-CE01-4201-97BD-F6C0349746F8}.Release|x64.Build.0 = Release|Any CPU
		{023D0615-CE01-4201-97BD-F6C0349746F8}.Release|x86.ActiveCfg = Release|Any CPU
		{023D0615-CE01-4201-97BD-F6C0349746F8}.Release|x86.Build.0 = Release|Any CPU
		{B71E76C9-3C9F-4B7E-8F44-28D437FBDBDA}.Debug|Any CPU.ActiveCfg = Debug|Any CPU
		{B71E76C9-3C9F-4B7E-8F44-28D437FBDBDA}.Debug|Any CPU.Build.0 = Debug|Any CPU
		{B71E76C9-3C9F-4B7E-8F44-28D437FBDBDA}.Debug|x64.ActiveCfg = Debug|Any CPU
		{B71E76C9-3C9F-4B7E-8F44-28D437FBDBDA}.Debug|x64.Build.0 = Debug|Any CPU
		{B71E76C9-3C9F-4B7E-8F44-28D437FBDBDA}.Debug|x86.ActiveCfg = Debug|Any CPU
		{B71E76C9-3C9F-4B7E-8F44-28D437FBDBDA}.Debug|x86.Build.0 = Debug|Any CPU
		{B71E76C9-3C9F-4B7E-8F44-28D437FBDBDA}.Release|Any CPU.ActiveCfg = Release|Any CPU
		{B71E76C9-3C9F-4B7E-8F44-28D437FBDBDA}.Release|Any CPU.Build.0 = Release|Any CPU
		{B71E76C9-3C9F-4B7E-8F44-28D437FBDBDA}.Release|x64.ActiveCfg = Release|Any CPU
		{B71E76C9-3C9F-4B7E-8F44-28D437FBDBDA}.Release|x64.Build.0 = Release|Any CPU
		{B71E76C9-3C9F-4B7E-8F44-28D437FBDBDA}.Release|x86.ActiveCfg = Release|Any CPU
		{B71E76C9-3C9F-4B7E-8F44-28D437FBDBDA}.Release|x86.Build.0 = Release|Any CPU
		{643A3706-43CC-4C8A-BB82-151C1D86AABF}.Debug|Any CPU.ActiveCfg = Debug|Any CPU
		{643A3706-43CC-4C8A-BB82-151C1D86AABF}.Debug|Any CPU.Build.0 = Debug|Any CPU
		{643A3706-43CC-4C8A-BB82-151C1D86AABF}.Debug|x64.ActiveCfg = Debug|Any CPU
		{643A3706-43CC-4C8A-BB82-151C1D86AABF}.Debug|x64.Build.0 = Debug|Any CPU
		{643A3706-43CC-4C8A-BB82-151C1D86AABF}.Debug|x86.ActiveCfg = Debug|Any CPU
		{643A3706-43CC-4C8A-BB82-151C1D86AABF}.Debug|x86.Build.0 = Debug|Any CPU
		{643A3706-43CC-4C8A-BB82-151C1D86AABF}.Release|Any CPU.ActiveCfg = Release|Any CPU
		{643A3706-43CC-4C8A-BB82-151C1D86AABF}.Release|Any CPU.Build.0 = Release|Any CPU
		{643A3706-43CC-4C8A-BB82-151C1D86AABF}.Release|x64.ActiveCfg = Release|Any CPU
		{643A3706-43CC-4C8A-BB82-151C1D86AABF}.Release|x64.Build.0 = Release|Any CPU
		{643A3706-43CC-4C8A-BB82-151C1D86AABF}.Release|x86.ActiveCfg = Release|Any CPU
		{643A3706-43CC-4C8A-BB82-151C1D86AABF}.Release|x86.Build.0 = Release|Any CPU
		{A0E235E1-51DC-4E54-9A84-FF6D03F94620}.Debug|Any CPU.ActiveCfg = Debug|Any CPU
		{A0E235E1-51DC-4E54-9A84-FF6D03F94620}.Debug|Any CPU.Build.0 = Debug|Any CPU
		{A0E235E1-51DC-4E54-9A84-FF6D03F94620}.Debug|x64.ActiveCfg = Debug|Any CPU
		{A0E235E1-51DC-4E54-9A84-FF6D03F94620}.Debug|x64.Build.0 = Debug|Any CPU
		{A0E235E1-51DC-4E54-9A84-FF6D03F94620}.Debug|x86.ActiveCfg = Debug|Any CPU
		{A0E235E1-51DC-4E54-9A84-FF6D03F94620}.Debug|x86.Build.0 = Debug|Any CPU
		{A0E235E1-51DC-4E54-9A84-FF6D03F94620}.Release|Any CPU.ActiveCfg = Release|Any CPU
		{A0E235E1-51DC-4E54-9A84-FF6D03F94620}.Release|Any CPU.Build.0 = Release|Any CPU
		{A0E235E1-51DC-4E54-9A84-FF6D03F94620}.Release|x64.ActiveCfg = Release|Any CPU
		{A0E235E1-51DC-4E54-9A84-FF6D03F94620}.Release|x64.Build.0 = Release|Any CPU
		{A0E235E1-51DC-4E54-9A84-FF6D03F94620}.Release|x86.ActiveCfg = Release|Any CPU
		{A0E235E1-51DC-4E54-9A84-FF6D03F94620}.Release|x86.Build.0 = Release|Any CPU
		{7D92EB3C-61C9-4191-84B6-FD92E606B7EB}.Debug|Any CPU.ActiveCfg = Debug|Any CPU
		{7D92EB3C-61C9-4191-84B6-FD92E606B7EB}.Debug|Any CPU.Build.0 = Debug|Any CPU
		{7D92EB3C-61C9-4191-84B6-FD92E606B7EB}.Debug|x64.ActiveCfg = Debug|Any CPU
		{7D92EB3C-61C9-4191-84B6-FD92E606B7EB}.Debug|x64.Build.0 = Debug|Any CPU
		{7D92EB3C-61C9-4191-84B6-FD92E606B7EB}.Debug|x86.ActiveCfg = Debug|Any CPU
		{7D92EB3C-61C9-4191-84B6-FD92E606B7EB}.Debug|x86.Build.0 = Debug|Any CPU
		{7D92EB3C-61C9-4191-84B6-FD92E606B7EB}.Release|Any CPU.ActiveCfg = Release|Any CPU
		{7D92EB3C-61C9-4191-84B6-FD92E606B7EB}.Release|Any CPU.Build.0 = Release|Any CPU
		{7D92EB3C-61C9-4191-84B6-FD92E606B7EB}.Release|x64.ActiveCfg = Release|Any CPU
		{7D92EB3C-61C9-4191-84B6-FD92E606B7EB}.Release|x64.Build.0 = Release|Any CPU
		{7D92EB3C-61C9-4191-84B6-FD92E606B7EB}.Release|x86.ActiveCfg = Release|Any CPU
		{7D92EB3C-61C9-4191-84B6-FD92E606B7EB}.Release|x86.Build.0 = Release|Any CPU
		{12915896-BE7B-453A-BA93-3AFB4CF688B4}.Debug|Any CPU.ActiveCfg = Debug|Any CPU
		{12915896-BE7B-453A-BA93-3AFB4CF688B4}.Debug|Any CPU.Build.0 = Debug|Any CPU
		{12915896-BE7B-453A-BA93-3AFB4CF688B4}.Debug|x64.ActiveCfg = Debug|Any CPU
		{12915896-BE7B-453A-BA93-3AFB4CF688B4}.Debug|x64.Build.0 = Debug|Any CPU
		{12915896-BE7B-453A-BA93-3AFB4CF688B4}.Debug|x86.ActiveCfg = Debug|Any CPU
		{12915896-BE7B-453A-BA93-3AFB4CF688B4}.Debug|x86.Build.0 = Debug|Any CPU
		{12915896-BE7B-453A-BA93-3AFB4CF688B4}.Release|Any CPU.ActiveCfg = Release|Any CPU
		{12915896-BE7B-453A-BA93-3AFB4CF688B4}.Release|Any CPU.Build.0 = Release|Any CPU
		{12915896-BE7B-453A-BA93-3AFB4CF688B4}.Release|x64.ActiveCfg = Release|Any CPU
		{12915896-BE7B-453A-BA93-3AFB4CF688B4}.Release|x64.Build.0 = Release|Any CPU
		{12915896-BE7B-453A-BA93-3AFB4CF688B4}.Release|x86.ActiveCfg = Release|Any CPU
		{12915896-BE7B-453A-BA93-3AFB4CF688B4}.Release|x86.Build.0 = Release|Any CPU
		{1CBB1163-BABC-4E93-979C-B8AC0A8B9BA3}.Debug|Any CPU.ActiveCfg = Debug|Any CPU
		{1CBB1163-BABC-4E93-979C-B8AC0A8B9BA3}.Debug|Any CPU.Build.0 = Debug|Any CPU
		{1CBB1163-BABC-4E93-979C-B8AC0A8B9BA3}.Debug|x64.ActiveCfg = Debug|Any CPU
		{1CBB1163-BABC-4E93-979C-B8AC0A8B9BA3}.Debug|x64.Build.0 = Debug|Any CPU
		{1CBB1163-BABC-4E93-979C-B8AC0A8B9BA3}.Debug|x86.ActiveCfg = Debug|Any CPU
		{1CBB1163-BABC-4E93-979C-B8AC0A8B9BA3}.Debug|x86.Build.0 = Debug|Any CPU
		{1CBB1163-BABC-4E93-979C-B8AC0A8B9BA3}.Release|Any CPU.ActiveCfg = Release|Any CPU
		{1CBB1163-BABC-4E93-979C-B8AC0A8B9BA3}.Release|Any CPU.Build.0 = Release|Any CPU
		{1CBB1163-BABC-4E93-979C-B8AC0A8B9BA3}.Release|x64.ActiveCfg = Release|Any CPU
		{1CBB1163-BABC-4E93-979C-B8AC0A8B9BA3}.Release|x64.Build.0 = Release|Any CPU
		{1CBB1163-BABC-4E93-979C-B8AC0A8B9BA3}.Release|x86.ActiveCfg = Release|Any CPU
		{1CBB1163-BABC-4E93-979C-B8AC0A8B9BA3}.Release|x86.Build.0 = Release|Any CPU
		{78AF59C2-5111-40AF-8ED1-176FE36919C6}.Debug|Any CPU.ActiveCfg = Debug|Any CPU
		{78AF59C2-5111-40AF-8ED1-176FE36919C6}.Debug|Any CPU.Build.0 = Debug|Any CPU
		{78AF59C2-5111-40AF-8ED1-176FE36919C6}.Debug|x64.ActiveCfg = Debug|Any CPU
		{78AF59C2-5111-40AF-8ED1-176FE36919C6}.Debug|x64.Build.0 = Debug|Any CPU
		{78AF59C2-5111-40AF-8ED1-176FE36919C6}.Debug|x86.ActiveCfg = Debug|Any CPU
		{78AF59C2-5111-40AF-8ED1-176FE36919C6}.Debug|x86.Build.0 = Debug|Any CPU
		{78AF59C2-5111-40AF-8ED1-176FE36919C6}.Release|Any CPU.ActiveCfg = Release|Any CPU
		{78AF59C2-5111-40AF-8ED1-176FE36919C6}.Release|Any CPU.Build.0 = Release|Any CPU
		{78AF59C2-5111-40AF-8ED1-176FE36919C6}.Release|x64.ActiveCfg = Release|Any CPU
		{78AF59C2-5111-40AF-8ED1-176FE36919C6}.Release|x64.Build.0 = Release|Any CPU
		{78AF59C2-5111-40AF-8ED1-176FE36919C6}.Release|x86.ActiveCfg = Release|Any CPU
		{78AF59C2-5111-40AF-8ED1-176FE36919C6}.Release|x86.Build.0 = Release|Any CPU
		{593060B7-1146-43BA-B5C1-0608EA279C4A}.Debug|Any CPU.ActiveCfg = Debug|Any CPU
		{593060B7-1146-43BA-B5C1-0608EA279C4A}.Debug|Any CPU.Build.0 = Debug|Any CPU
		{593060B7-1146-43BA-B5C1-0608EA279C4A}.Debug|x64.ActiveCfg = Debug|Any CPU
		{593060B7-1146-43BA-B5C1-0608EA279C4A}.Debug|x64.Build.0 = Debug|Any CPU
		{593060B7-1146-43BA-B5C1-0608EA279C4A}.Debug|x86.ActiveCfg = Debug|Any CPU
		{593060B7-1146-43BA-B5C1-0608EA279C4A}.Debug|x86.Build.0 = Debug|Any CPU
		{593060B7-1146-43BA-B5C1-0608EA279C4A}.Release|Any CPU.ActiveCfg = Release|Any CPU
		{593060B7-1146-43BA-B5C1-0608EA279C4A}.Release|Any CPU.Build.0 = Release|Any CPU
		{593060B7-1146-43BA-B5C1-0608EA279C4A}.Release|x64.ActiveCfg = Release|Any CPU
		{593060B7-1146-43BA-B5C1-0608EA279C4A}.Release|x64.Build.0 = Release|Any CPU
		{593060B7-1146-43BA-B5C1-0608EA279C4A}.Release|x86.ActiveCfg = Release|Any CPU
		{593060B7-1146-43BA-B5C1-0608EA279C4A}.Release|x86.Build.0 = Release|Any CPU
		{A0564262-075D-49B4-8578-6D129468F9DE}.Debug|Any CPU.ActiveCfg = Debug|Any CPU
		{A0564262-075D-49B4-8578-6D129468F9DE}.Debug|Any CPU.Build.0 = Debug|Any CPU
		{A0564262-075D-49B4-8578-6D129468F9DE}.Debug|x64.ActiveCfg = Debug|Any CPU
		{A0564262-075D-49B4-8578-6D129468F9DE}.Debug|x64.Build.0 = Debug|Any CPU
		{A0564262-075D-49B4-8578-6D129468F9DE}.Debug|x86.ActiveCfg = Debug|Any CPU
		{A0564262-075D-49B4-8578-6D129468F9DE}.Debug|x86.Build.0 = Debug|Any CPU
		{A0564262-075D-49B4-8578-6D129468F9DE}.Release|Any CPU.ActiveCfg = Release|Any CPU
		{A0564262-075D-49B4-8578-6D129468F9DE}.Release|Any CPU.Build.0 = Release|Any CPU
		{A0564262-075D-49B4-8578-6D129468F9DE}.Release|x64.ActiveCfg = Release|Any CPU
		{A0564262-075D-49B4-8578-6D129468F9DE}.Release|x64.Build.0 = Release|Any CPU
		{A0564262-075D-49B4-8578-6D129468F9DE}.Release|x86.ActiveCfg = Release|Any CPU
		{A0564262-075D-49B4-8578-6D129468F9DE}.Release|x86.Build.0 = Release|Any CPU
		{F0A62F82-E08B-4CF9-BB6E-2F51AD0BA5BD}.Debug|Any CPU.ActiveCfg = Debug|Any CPU
		{F0A62F82-E08B-4CF9-BB6E-2F51AD0BA5BD}.Debug|Any CPU.Build.0 = Debug|Any CPU
		{F0A62F82-E08B-4CF9-BB6E-2F51AD0BA5BD}.Debug|x64.ActiveCfg = Debug|Any CPU
		{F0A62F82-E08B-4CF9-BB6E-2F51AD0BA5BD}.Debug|x64.Build.0 = Debug|Any CPU
		{F0A62F82-E08B-4CF9-BB6E-2F51AD0BA5BD}.Debug|x86.ActiveCfg = Debug|Any CPU
		{F0A62F82-E08B-4CF9-BB6E-2F51AD0BA5BD}.Debug|x86.Build.0 = Debug|Any CPU
		{F0A62F82-E08B-4CF9-BB6E-2F51AD0BA5BD}.Release|Any CPU.ActiveCfg = Release|Any CPU
		{F0A62F82-E08B-4CF9-BB6E-2F51AD0BA5BD}.Release|Any CPU.Build.0 = Release|Any CPU
		{F0A62F82-E08B-4CF9-BB6E-2F51AD0BA5BD}.Release|x64.ActiveCfg = Release|Any CPU
		{F0A62F82-E08B-4CF9-BB6E-2F51AD0BA5BD}.Release|x64.Build.0 = Release|Any CPU
		{F0A62F82-E08B-4CF9-BB6E-2F51AD0BA5BD}.Release|x86.ActiveCfg = Release|Any CPU
		{F0A62F82-E08B-4CF9-BB6E-2F51AD0BA5BD}.Release|x86.Build.0 = Release|Any CPU
		{8F4B4CEE-F00F-4661-BEEF-33E0615C471A}.Debug|Any CPU.ActiveCfg = Debug|Any CPU
		{8F4B4CEE-F00F-4661-BEEF-33E0615C471A}.Debug|Any CPU.Build.0 = Debug|Any CPU
		{8F4B4CEE-F00F-4661-BEEF-33E0615C471A}.Debug|x64.ActiveCfg = Debug|Any CPU
		{8F4B4CEE-F00F-4661-BEEF-33E0615C471A}.Debug|x64.Build.0 = Debug|Any CPU
		{8F4B4CEE-F00F-4661-BEEF-33E0615C471A}.Debug|x86.ActiveCfg = Debug|Any CPU
		{8F4B4CEE-F00F-4661-BEEF-33E0615C471A}.Debug|x86.Build.0 = Debug|Any CPU
		{8F4B4CEE-F00F-4661-BEEF-33E0615C471A}.Release|Any CPU.ActiveCfg = Release|Any CPU
		{8F4B4CEE-F00F-4661-BEEF-33E0615C471A}.Release|Any CPU.Build.0 = Release|Any CPU
		{8F4B4CEE-F00F-4661-BEEF-33E0615C471A}.Release|x64.ActiveCfg = Release|Any CPU
		{8F4B4CEE-F00F-4661-BEEF-33E0615C471A}.Release|x64.Build.0 = Release|Any CPU
		{8F4B4CEE-F00F-4661-BEEF-33E0615C471A}.Release|x86.ActiveCfg = Release|Any CPU
		{8F4B4CEE-F00F-4661-BEEF-33E0615C471A}.Release|x86.Build.0 = Release|Any CPU
		{75830D0E-FAF7-44E9-9056-80F8C6E07984}.Debug|Any CPU.ActiveCfg = Debug|Any CPU
		{75830D0E-FAF7-44E9-9056-80F8C6E07984}.Debug|Any CPU.Build.0 = Debug|Any CPU
		{75830D0E-FAF7-44E9-9056-80F8C6E07984}.Debug|x64.ActiveCfg = Debug|Any CPU
		{75830D0E-FAF7-44E9-9056-80F8C6E07984}.Debug|x64.Build.0 = Debug|Any CPU
		{75830D0E-FAF7-44E9-9056-80F8C6E07984}.Debug|x86.ActiveCfg = Debug|Any CPU
		{75830D0E-FAF7-44E9-9056-80F8C6E07984}.Debug|x86.Build.0 = Debug|Any CPU
		{75830D0E-FAF7-44E9-9056-80F8C6E07984}.Release|Any CPU.ActiveCfg = Release|Any CPU
		{75830D0E-FAF7-44E9-9056-80F8C6E07984}.Release|Any CPU.Build.0 = Release|Any CPU
		{75830D0E-FAF7-44E9-9056-80F8C6E07984}.Release|x64.ActiveCfg = Release|Any CPU
		{75830D0E-FAF7-44E9-9056-80F8C6E07984}.Release|x64.Build.0 = Release|Any CPU
		{75830D0E-FAF7-44E9-9056-80F8C6E07984}.Release|x86.ActiveCfg = Release|Any CPU
		{75830D0E-FAF7-44E9-9056-80F8C6E07984}.Release|x86.Build.0 = Release|Any CPU
		{06B82839-714A-450B-BEDB-FCC4CBF9535D}.Debug|Any CPU.ActiveCfg = Debug|Any CPU
		{06B82839-714A-450B-BEDB-FCC4CBF9535D}.Debug|Any CPU.Build.0 = Debug|Any CPU
		{06B82839-714A-450B-BEDB-FCC4CBF9535D}.Debug|x64.ActiveCfg = Debug|Any CPU
		{06B82839-714A-450B-BEDB-FCC4CBF9535D}.Debug|x64.Build.0 = Debug|Any CPU
		{06B82839-714A-450B-BEDB-FCC4CBF9535D}.Debug|x86.ActiveCfg = Debug|Any CPU
		{06B82839-714A-450B-BEDB-FCC4CBF9535D}.Debug|x86.Build.0 = Debug|Any CPU
		{06B82839-714A-450B-BEDB-FCC4CBF9535D}.Release|Any CPU.ActiveCfg = Release|Any CPU
		{06B82839-714A-450B-BEDB-FCC4CBF9535D}.Release|Any CPU.Build.0 = Release|Any CPU
		{06B82839-714A-450B-BEDB-FCC4CBF9535D}.Release|x64.ActiveCfg = Release|Any CPU
		{06B82839-714A-450B-BEDB-FCC4CBF9535D}.Release|x64.Build.0 = Release|Any CPU
		{06B82839-714A-450B-BEDB-FCC4CBF9535D}.Release|x86.ActiveCfg = Release|Any CPU
		{06B82839-714A-450B-BEDB-FCC4CBF9535D}.Release|x86.Build.0 = Release|Any CPU
		{D80D1127-9B03-4FFD-9C8A-CF8B4E16754C}.Debug|Any CPU.ActiveCfg = Debug|Any CPU
		{D80D1127-9B03-4FFD-9C8A-CF8B4E16754C}.Debug|Any CPU.Build.0 = Debug|Any CPU
		{D80D1127-9B03-4FFD-9C8A-CF8B4E16754C}.Debug|x64.ActiveCfg = Debug|Any CPU
		{D80D1127-9B03-4FFD-9C8A-CF8B4E16754C}.Debug|x64.Build.0 = Debug|Any CPU
		{D80D1127-9B03-4FFD-9C8A-CF8B4E16754C}.Debug|x86.ActiveCfg = Debug|Any CPU
		{D80D1127-9B03-4FFD-9C8A-CF8B4E16754C}.Debug|x86.Build.0 = Debug|Any CPU
		{D80D1127-9B03-4FFD-9C8A-CF8B4E16754C}.Release|Any CPU.ActiveCfg = Release|Any CPU
		{D80D1127-9B03-4FFD-9C8A-CF8B4E16754C}.Release|Any CPU.Build.0 = Release|Any CPU
		{D80D1127-9B03-4FFD-9C8A-CF8B4E16754C}.Release|x64.ActiveCfg = Release|Any CPU
		{D80D1127-9B03-4FFD-9C8A-CF8B4E16754C}.Release|x64.Build.0 = Release|Any CPU
		{D80D1127-9B03-4FFD-9C8A-CF8B4E16754C}.Release|x86.ActiveCfg = Release|Any CPU
		{D80D1127-9B03-4FFD-9C8A-CF8B4E16754C}.Release|x86.Build.0 = Release|Any CPU
		{72961180-BC32-411B-A33E-60264395406F}.Debug|Any CPU.ActiveCfg = Debug|Any CPU
		{72961180-BC32-411B-A33E-60264395406F}.Debug|Any CPU.Build.0 = Debug|Any CPU
		{72961180-BC32-411B-A33E-60264395406F}.Debug|x64.ActiveCfg = Debug|Any CPU
		{72961180-BC32-411B-A33E-60264395406F}.Debug|x64.Build.0 = Debug|Any CPU
		{72961180-BC32-411B-A33E-60264395406F}.Debug|x86.ActiveCfg = Debug|Any CPU
		{72961180-BC32-411B-A33E-60264395406F}.Debug|x86.Build.0 = Debug|Any CPU
		{72961180-BC32-411B-A33E-60264395406F}.Release|Any CPU.ActiveCfg = Release|Any CPU
		{72961180-BC32-411B-A33E-60264395406F}.Release|Any CPU.Build.0 = Release|Any CPU
		{72961180-BC32-411B-A33E-60264395406F}.Release|x64.ActiveCfg = Release|Any CPU
		{72961180-BC32-411B-A33E-60264395406F}.Release|x64.Build.0 = Release|Any CPU
		{72961180-BC32-411B-A33E-60264395406F}.Release|x86.ActiveCfg = Release|Any CPU
		{72961180-BC32-411B-A33E-60264395406F}.Release|x86.Build.0 = Release|Any CPU
		{B26CA92D-00A3-4080-8402-C2EBD33E303E}.Debug|Any CPU.ActiveCfg = Debug|Any CPU
		{B26CA92D-00A3-4080-8402-C2EBD33E303E}.Debug|Any CPU.Build.0 = Debug|Any CPU
		{B26CA92D-00A3-4080-8402-C2EBD33E303E}.Debug|x64.ActiveCfg = Debug|Any CPU
		{B26CA92D-00A3-4080-8402-C2EBD33E303E}.Debug|x64.Build.0 = Debug|Any CPU
		{B26CA92D-00A3-4080-8402-C2EBD33E303E}.Debug|x86.ActiveCfg = Debug|Any CPU
		{B26CA92D-00A3-4080-8402-C2EBD33E303E}.Debug|x86.Build.0 = Debug|Any CPU
		{B26CA92D-00A3-4080-8402-C2EBD33E303E}.Release|Any CPU.ActiveCfg = Release|Any CPU
		{B26CA92D-00A3-4080-8402-C2EBD33E303E}.Release|Any CPU.Build.0 = Release|Any CPU
		{B26CA92D-00A3-4080-8402-C2EBD33E303E}.Release|x64.ActiveCfg = Release|Any CPU
		{B26CA92D-00A3-4080-8402-C2EBD33E303E}.Release|x64.Build.0 = Release|Any CPU
		{B26CA92D-00A3-4080-8402-C2EBD33E303E}.Release|x86.ActiveCfg = Release|Any CPU
		{B26CA92D-00A3-4080-8402-C2EBD33E303E}.Release|x86.Build.0 = Release|Any CPU
		{3A8E6411-B00E-456A-BC1B-D9903B467F70}.Debug|Any CPU.ActiveCfg = Debug|Any CPU
		{3A8E6411-B00E-456A-BC1B-D9903B467F70}.Debug|Any CPU.Build.0 = Debug|Any CPU
		{3A8E6411-B00E-456A-BC1B-D9903B467F70}.Debug|x64.ActiveCfg = Debug|Any CPU
		{3A8E6411-B00E-456A-BC1B-D9903B467F70}.Debug|x64.Build.0 = Debug|Any CPU
		{3A8E6411-B00E-456A-BC1B-D9903B467F70}.Debug|x86.ActiveCfg = Debug|Any CPU
		{3A8E6411-B00E-456A-BC1B-D9903B467F70}.Debug|x86.Build.0 = Debug|Any CPU
		{3A8E6411-B00E-456A-BC1B-D9903B467F70}.Release|Any CPU.ActiveCfg = Release|Any CPU
		{3A8E6411-B00E-456A-BC1B-D9903B467F70}.Release|Any CPU.Build.0 = Release|Any CPU
		{3A8E6411-B00E-456A-BC1B-D9903B467F70}.Release|x64.ActiveCfg = Release|Any CPU
		{3A8E6411-B00E-456A-BC1B-D9903B467F70}.Release|x64.Build.0 = Release|Any CPU
		{3A8E6411-B00E-456A-BC1B-D9903B467F70}.Release|x86.ActiveCfg = Release|Any CPU
		{3A8E6411-B00E-456A-BC1B-D9903B467F70}.Release|x86.Build.0 = Release|Any CPU
		{CA043F14-D6E6-4D4A-B8BC-BD7C2CFAC343}.Debug|Any CPU.ActiveCfg = Debug|Any CPU
		{CA043F14-D6E6-4D4A-B8BC-BD7C2CFAC343}.Debug|Any CPU.Build.0 = Debug|Any CPU
		{CA043F14-D6E6-4D4A-B8BC-BD7C2CFAC343}.Debug|x64.ActiveCfg = Debug|Any CPU
		{CA043F14-D6E6-4D4A-B8BC-BD7C2CFAC343}.Debug|x64.Build.0 = Debug|Any CPU
		{CA043F14-D6E6-4D4A-B8BC-BD7C2CFAC343}.Debug|x86.ActiveCfg = Debug|Any CPU
		{CA043F14-D6E6-4D4A-B8BC-BD7C2CFAC343}.Debug|x86.Build.0 = Debug|Any CPU
		{CA043F14-D6E6-4D4A-B8BC-BD7C2CFAC343}.Release|Any CPU.ActiveCfg = Release|Any CPU
		{CA043F14-D6E6-4D4A-B8BC-BD7C2CFAC343}.Release|Any CPU.Build.0 = Release|Any CPU
		{CA043F14-D6E6-4D4A-B8BC-BD7C2CFAC343}.Release|x64.ActiveCfg = Release|Any CPU
		{CA043F14-D6E6-4D4A-B8BC-BD7C2CFAC343}.Release|x64.Build.0 = Release|Any CPU
		{CA043F14-D6E6-4D4A-B8BC-BD7C2CFAC343}.Release|x86.ActiveCfg = Release|Any CPU
		{CA043F14-D6E6-4D4A-B8BC-BD7C2CFAC343}.Release|x86.Build.0 = Release|Any CPU
		{EFD722FF-C053-4E0C-AB90-1C427D22BEB3}.Debug|Any CPU.ActiveCfg = Debug|Any CPU
		{EFD722FF-C053-4E0C-AB90-1C427D22BEB3}.Debug|Any CPU.Build.0 = Debug|Any CPU
		{EFD722FF-C053-4E0C-AB90-1C427D22BEB3}.Debug|x64.ActiveCfg = Debug|Any CPU
		{EFD722FF-C053-4E0C-AB90-1C427D22BEB3}.Debug|x64.Build.0 = Debug|Any CPU
		{EFD722FF-C053-4E0C-AB90-1C427D22BEB3}.Debug|x86.ActiveCfg = Debug|Any CPU
		{EFD722FF-C053-4E0C-AB90-1C427D22BEB3}.Debug|x86.Build.0 = Debug|Any CPU
		{EFD722FF-C053-4E0C-AB90-1C427D22BEB3}.Release|Any CPU.ActiveCfg = Release|Any CPU
		{EFD722FF-C053-4E0C-AB90-1C427D22BEB3}.Release|Any CPU.Build.0 = Release|Any CPU
		{EFD722FF-C053-4E0C-AB90-1C427D22BEB3}.Release|x64.ActiveCfg = Release|Any CPU
		{EFD722FF-C053-4E0C-AB90-1C427D22BEB3}.Release|x64.Build.0 = Release|Any CPU
		{EFD722FF-C053-4E0C-AB90-1C427D22BEB3}.Release|x86.ActiveCfg = Release|Any CPU
		{EFD722FF-C053-4E0C-AB90-1C427D22BEB3}.Release|x86.Build.0 = Release|Any CPU
		{6552D1D0-2433-4B61-BB1A-D39B48974248}.Debug|Any CPU.ActiveCfg = Debug|Any CPU
		{6552D1D0-2433-4B61-BB1A-D39B48974248}.Debug|Any CPU.Build.0 = Debug|Any CPU
		{6552D1D0-2433-4B61-BB1A-D39B48974248}.Debug|x64.ActiveCfg = Debug|Any CPU
		{6552D1D0-2433-4B61-BB1A-D39B48974248}.Debug|x64.Build.0 = Debug|Any CPU
		{6552D1D0-2433-4B61-BB1A-D39B48974248}.Debug|x86.ActiveCfg = Debug|Any CPU
		{6552D1D0-2433-4B61-BB1A-D39B48974248}.Debug|x86.Build.0 = Debug|Any CPU
		{6552D1D0-2433-4B61-BB1A-D39B48974248}.Release|Any CPU.ActiveCfg = Release|Any CPU
		{6552D1D0-2433-4B61-BB1A-D39B48974248}.Release|Any CPU.Build.0 = Release|Any CPU
		{6552D1D0-2433-4B61-BB1A-D39B48974248}.Release|x64.ActiveCfg = Release|Any CPU
		{6552D1D0-2433-4B61-BB1A-D39B48974248}.Release|x64.Build.0 = Release|Any CPU
		{6552D1D0-2433-4B61-BB1A-D39B48974248}.Release|x86.ActiveCfg = Release|Any CPU
		{6552D1D0-2433-4B61-BB1A-D39B48974248}.Release|x86.Build.0 = Release|Any CPU
		{1371B06D-F496-47CE-AA12-3AFD210B4F67}.Debug|Any CPU.ActiveCfg = Debug|Any CPU
		{1371B06D-F496-47CE-AA12-3AFD210B4F67}.Debug|Any CPU.Build.0 = Debug|Any CPU
		{1371B06D-F496-47CE-AA12-3AFD210B4F67}.Debug|x64.ActiveCfg = Debug|Any CPU
		{1371B06D-F496-47CE-AA12-3AFD210B4F67}.Debug|x64.Build.0 = Debug|Any CPU
		{1371B06D-F496-47CE-AA12-3AFD210B4F67}.Debug|x86.ActiveCfg = Debug|Any CPU
		{1371B06D-F496-47CE-AA12-3AFD210B4F67}.Debug|x86.Build.0 = Debug|Any CPU
		{1371B06D-F496-47CE-AA12-3AFD210B4F67}.Release|Any CPU.ActiveCfg = Release|Any CPU
		{1371B06D-F496-47CE-AA12-3AFD210B4F67}.Release|Any CPU.Build.0 = Release|Any CPU
		{1371B06D-F496-47CE-AA12-3AFD210B4F67}.Release|x64.ActiveCfg = Release|Any CPU
		{1371B06D-F496-47CE-AA12-3AFD210B4F67}.Release|x64.Build.0 = Release|Any CPU
		{1371B06D-F496-47CE-AA12-3AFD210B4F67}.Release|x86.ActiveCfg = Release|Any CPU
		{1371B06D-F496-47CE-AA12-3AFD210B4F67}.Release|x86.Build.0 = Release|Any CPU
		{19B836C2-5755-40F2-884A-DE1B49D86861}.Debug|Any CPU.ActiveCfg = Debug|Any CPU
		{19B836C2-5755-40F2-884A-DE1B49D86861}.Debug|Any CPU.Build.0 = Debug|Any CPU
		{19B836C2-5755-40F2-884A-DE1B49D86861}.Debug|x64.ActiveCfg = Debug|Any CPU
		{19B836C2-5755-40F2-884A-DE1B49D86861}.Debug|x64.Build.0 = Debug|Any CPU
		{19B836C2-5755-40F2-884A-DE1B49D86861}.Debug|x86.ActiveCfg = Debug|Any CPU
		{19B836C2-5755-40F2-884A-DE1B49D86861}.Debug|x86.Build.0 = Debug|Any CPU
		{19B836C2-5755-40F2-884A-DE1B49D86861}.Release|Any CPU.ActiveCfg = Release|Any CPU
		{19B836C2-5755-40F2-884A-DE1B49D86861}.Release|Any CPU.Build.0 = Release|Any CPU
		{19B836C2-5755-40F2-884A-DE1B49D86861}.Release|x64.ActiveCfg = Release|Any CPU
		{19B836C2-5755-40F2-884A-DE1B49D86861}.Release|x64.Build.0 = Release|Any CPU
		{19B836C2-5755-40F2-884A-DE1B49D86861}.Release|x86.ActiveCfg = Release|Any CPU
		{19B836C2-5755-40F2-884A-DE1B49D86861}.Release|x86.Build.0 = Release|Any CPU
		{8C8B2B73-EFBC-41B5-880E-80788EFDEDA9}.Debug|Any CPU.ActiveCfg = Debug|Any CPU
		{8C8B2B73-EFBC-41B5-880E-80788EFDEDA9}.Debug|Any CPU.Build.0 = Debug|Any CPU
		{8C8B2B73-EFBC-41B5-880E-80788EFDEDA9}.Debug|x64.ActiveCfg = Debug|Any CPU
		{8C8B2B73-EFBC-41B5-880E-80788EFDEDA9}.Debug|x64.Build.0 = Debug|Any CPU
		{8C8B2B73-EFBC-41B5-880E-80788EFDEDA9}.Debug|x86.ActiveCfg = Debug|Any CPU
		{8C8B2B73-EFBC-41B5-880E-80788EFDEDA9}.Debug|x86.Build.0 = Debug|Any CPU
		{8C8B2B73-EFBC-41B5-880E-80788EFDEDA9}.Release|Any CPU.ActiveCfg = Release|Any CPU
		{8C8B2B73-EFBC-41B5-880E-80788EFDEDA9}.Release|Any CPU.Build.0 = Release|Any CPU
		{8C8B2B73-EFBC-41B5-880E-80788EFDEDA9}.Release|x64.ActiveCfg = Release|Any CPU
		{8C8B2B73-EFBC-41B5-880E-80788EFDEDA9}.Release|x64.Build.0 = Release|Any CPU
		{8C8B2B73-EFBC-41B5-880E-80788EFDEDA9}.Release|x86.ActiveCfg = Release|Any CPU
		{8C8B2B73-EFBC-41B5-880E-80788EFDEDA9}.Release|x86.Build.0 = Release|Any CPU
		{51004844-C500-43D5-A876-7670B899B2EA}.Debug|Any CPU.ActiveCfg = Debug|Any CPU
		{51004844-C500-43D5-A876-7670B899B2EA}.Debug|Any CPU.Build.0 = Debug|Any CPU
		{51004844-C500-43D5-A876-7670B899B2EA}.Debug|x64.ActiveCfg = Debug|Any CPU
		{51004844-C500-43D5-A876-7670B899B2EA}.Debug|x64.Build.0 = Debug|Any CPU
		{51004844-C500-43D5-A876-7670B899B2EA}.Debug|x86.ActiveCfg = Debug|Any CPU
		{51004844-C500-43D5-A876-7670B899B2EA}.Debug|x86.Build.0 = Debug|Any CPU
		{51004844-C500-43D5-A876-7670B899B2EA}.Release|Any CPU.ActiveCfg = Release|Any CPU
		{51004844-C500-43D5-A876-7670B899B2EA}.Release|Any CPU.Build.0 = Release|Any CPU
		{51004844-C500-43D5-A876-7670B899B2EA}.Release|x64.ActiveCfg = Release|Any CPU
		{51004844-C500-43D5-A876-7670B899B2EA}.Release|x64.Build.0 = Release|Any CPU
		{51004844-C500-43D5-A876-7670B899B2EA}.Release|x86.ActiveCfg = Release|Any CPU
		{51004844-C500-43D5-A876-7670B899B2EA}.Release|x86.Build.0 = Release|Any CPU
		{923356C8-4626-4DE2-B1C6-9C55B5D7AA47}.Debug|Any CPU.ActiveCfg = Debug|Any CPU
		{923356C8-4626-4DE2-B1C6-9C55B5D7AA47}.Debug|Any CPU.Build.0 = Debug|Any CPU
		{923356C8-4626-4DE2-B1C6-9C55B5D7AA47}.Debug|x64.ActiveCfg = Debug|Any CPU
		{923356C8-4626-4DE2-B1C6-9C55B5D7AA47}.Debug|x64.Build.0 = Debug|Any CPU
		{923356C8-4626-4DE2-B1C6-9C55B5D7AA47}.Debug|x86.ActiveCfg = Debug|Any CPU
		{923356C8-4626-4DE2-B1C6-9C55B5D7AA47}.Debug|x86.Build.0 = Debug|Any CPU
		{923356C8-4626-4DE2-B1C6-9C55B5D7AA47}.Release|Any CPU.ActiveCfg = Release|Any CPU
		{923356C8-4626-4DE2-B1C6-9C55B5D7AA47}.Release|Any CPU.Build.0 = Release|Any CPU
		{923356C8-4626-4DE2-B1C6-9C55B5D7AA47}.Release|x64.ActiveCfg = Release|Any CPU
		{923356C8-4626-4DE2-B1C6-9C55B5D7AA47}.Release|x64.Build.0 = Release|Any CPU
		{923356C8-4626-4DE2-B1C6-9C55B5D7AA47}.Release|x86.ActiveCfg = Release|Any CPU
		{923356C8-4626-4DE2-B1C6-9C55B5D7AA47}.Release|x86.Build.0 = Release|Any CPU
		{9FF3D0C7-5215-4D9E-BC61-AF2861BC4B28}.Debug|Any CPU.ActiveCfg = Debug|Any CPU
		{9FF3D0C7-5215-4D9E-BC61-AF2861BC4B28}.Debug|Any CPU.Build.0 = Debug|Any CPU
		{9FF3D0C7-5215-4D9E-BC61-AF2861BC4B28}.Debug|x64.ActiveCfg = Debug|Any CPU
		{9FF3D0C7-5215-4D9E-BC61-AF2861BC4B28}.Debug|x64.Build.0 = Debug|Any CPU
		{9FF3D0C7-5215-4D9E-BC61-AF2861BC4B28}.Debug|x86.ActiveCfg = Debug|Any CPU
		{9FF3D0C7-5215-4D9E-BC61-AF2861BC4B28}.Debug|x86.Build.0 = Debug|Any CPU
		{9FF3D0C7-5215-4D9E-BC61-AF2861BC4B28}.Release|Any CPU.ActiveCfg = Release|Any CPU
		{9FF3D0C7-5215-4D9E-BC61-AF2861BC4B28}.Release|Any CPU.Build.0 = Release|Any CPU
		{9FF3D0C7-5215-4D9E-BC61-AF2861BC4B28}.Release|x64.ActiveCfg = Release|Any CPU
		{9FF3D0C7-5215-4D9E-BC61-AF2861BC4B28}.Release|x64.Build.0 = Release|Any CPU
		{9FF3D0C7-5215-4D9E-BC61-AF2861BC4B28}.Release|x86.ActiveCfg = Release|Any CPU
		{9FF3D0C7-5215-4D9E-BC61-AF2861BC4B28}.Release|x86.Build.0 = Release|Any CPU
		{31B98415-E359-4500-B9BD-063202CD8163}.Debug|Any CPU.ActiveCfg = Debug|Any CPU
		{31B98415-E359-4500-B9BD-063202CD8163}.Debug|Any CPU.Build.0 = Debug|Any CPU
		{31B98415-E359-4500-B9BD-063202CD8163}.Debug|x64.ActiveCfg = Debug|Any CPU
		{31B98415-E359-4500-B9BD-063202CD8163}.Debug|x64.Build.0 = Debug|Any CPU
		{31B98415-E359-4500-B9BD-063202CD8163}.Debug|x86.ActiveCfg = Debug|Any CPU
		{31B98415-E359-4500-B9BD-063202CD8163}.Debug|x86.Build.0 = Debug|Any CPU
		{31B98415-E359-4500-B9BD-063202CD8163}.Release|Any CPU.ActiveCfg = Release|Any CPU
		{31B98415-E359-4500-B9BD-063202CD8163}.Release|Any CPU.Build.0 = Release|Any CPU
		{31B98415-E359-4500-B9BD-063202CD8163}.Release|x64.ActiveCfg = Release|Any CPU
		{31B98415-E359-4500-B9BD-063202CD8163}.Release|x64.Build.0 = Release|Any CPU
		{31B98415-E359-4500-B9BD-063202CD8163}.Release|x86.ActiveCfg = Release|Any CPU
		{31B98415-E359-4500-B9BD-063202CD8163}.Release|x86.Build.0 = Release|Any CPU
		{3326EEC0-C71D-4F2B-9E8D-1DA5A2672CA9}.Debug|Any CPU.ActiveCfg = Debug|Any CPU
		{3326EEC0-C71D-4F2B-9E8D-1DA5A2672CA9}.Debug|Any CPU.Build.0 = Debug|Any CPU
		{3326EEC0-C71D-4F2B-9E8D-1DA5A2672CA9}.Debug|x64.ActiveCfg = Debug|Any CPU
		{3326EEC0-C71D-4F2B-9E8D-1DA5A2672CA9}.Debug|x64.Build.0 = Debug|Any CPU
		{3326EEC0-C71D-4F2B-9E8D-1DA5A2672CA9}.Debug|x86.ActiveCfg = Debug|Any CPU
		{3326EEC0-C71D-4F2B-9E8D-1DA5A2672CA9}.Debug|x86.Build.0 = Debug|Any CPU
		{3326EEC0-C71D-4F2B-9E8D-1DA5A2672CA9}.Release|Any CPU.ActiveCfg = Release|Any CPU
		{3326EEC0-C71D-4F2B-9E8D-1DA5A2672CA9}.Release|Any CPU.Build.0 = Release|Any CPU
		{3326EEC0-C71D-4F2B-9E8D-1DA5A2672CA9}.Release|x64.ActiveCfg = Release|Any CPU
		{3326EEC0-C71D-4F2B-9E8D-1DA5A2672CA9}.Release|x64.Build.0 = Release|Any CPU
		{3326EEC0-C71D-4F2B-9E8D-1DA5A2672CA9}.Release|x86.ActiveCfg = Release|Any CPU
		{3326EEC0-C71D-4F2B-9E8D-1DA5A2672CA9}.Release|x86.Build.0 = Release|Any CPU
		{9B11B830-B0C6-4A4F-837F-2972A46D9A2F}.Debug|Any CPU.ActiveCfg = Debug|Any CPU
		{9B11B830-B0C6-4A4F-837F-2972A46D9A2F}.Debug|Any CPU.Build.0 = Debug|Any CPU
		{9B11B830-B0C6-4A4F-837F-2972A46D9A2F}.Debug|x64.ActiveCfg = Debug|Any CPU
		{9B11B830-B0C6-4A4F-837F-2972A46D9A2F}.Debug|x64.Build.0 = Debug|Any CPU
		{9B11B830-B0C6-4A4F-837F-2972A46D9A2F}.Debug|x86.ActiveCfg = Debug|Any CPU
		{9B11B830-B0C6-4A4F-837F-2972A46D9A2F}.Debug|x86.Build.0 = Debug|Any CPU
		{9B11B830-B0C6-4A4F-837F-2972A46D9A2F}.Release|Any CPU.ActiveCfg = Release|Any CPU
		{9B11B830-B0C6-4A4F-837F-2972A46D9A2F}.Release|Any CPU.Build.0 = Release|Any CPU
		{9B11B830-B0C6-4A4F-837F-2972A46D9A2F}.Release|x64.ActiveCfg = Release|Any CPU
		{9B11B830-B0C6-4A4F-837F-2972A46D9A2F}.Release|x64.Build.0 = Release|Any CPU
		{9B11B830-B0C6-4A4F-837F-2972A46D9A2F}.Release|x86.ActiveCfg = Release|Any CPU
		{9B11B830-B0C6-4A4F-837F-2972A46D9A2F}.Release|x86.Build.0 = Release|Any CPU
		{6A1D5673-83ED-4782-B883-918CB1DEDBD6}.Debug|Any CPU.ActiveCfg = Debug|Any CPU
		{6A1D5673-83ED-4782-B883-918CB1DEDBD6}.Debug|Any CPU.Build.0 = Debug|Any CPU
		{6A1D5673-83ED-4782-B883-918CB1DEDBD6}.Debug|x64.ActiveCfg = Debug|Any CPU
		{6A1D5673-83ED-4782-B883-918CB1DEDBD6}.Debug|x64.Build.0 = Debug|Any CPU
		{6A1D5673-83ED-4782-B883-918CB1DEDBD6}.Debug|x86.ActiveCfg = Debug|Any CPU
		{6A1D5673-83ED-4782-B883-918CB1DEDBD6}.Debug|x86.Build.0 = Debug|Any CPU
		{6A1D5673-83ED-4782-B883-918CB1DEDBD6}.Release|Any CPU.ActiveCfg = Release|Any CPU
		{6A1D5673-83ED-4782-B883-918CB1DEDBD6}.Release|Any CPU.Build.0 = Release|Any CPU
		{6A1D5673-83ED-4782-B883-918CB1DEDBD6}.Release|x64.ActiveCfg = Release|Any CPU
		{6A1D5673-83ED-4782-B883-918CB1DEDBD6}.Release|x64.Build.0 = Release|Any CPU
		{6A1D5673-83ED-4782-B883-918CB1DEDBD6}.Release|x86.ActiveCfg = Release|Any CPU
		{6A1D5673-83ED-4782-B883-918CB1DEDBD6}.Release|x86.Build.0 = Release|Any CPU
		{BC7F0AF9-D4A0-4368-A8AB-DE27B7D995C6}.Debug|Any CPU.ActiveCfg = Debug|Any CPU
		{BC7F0AF9-D4A0-4368-A8AB-DE27B7D995C6}.Debug|Any CPU.Build.0 = Debug|Any CPU
		{BC7F0AF9-D4A0-4368-A8AB-DE27B7D995C6}.Debug|x64.ActiveCfg = Debug|Any CPU
		{BC7F0AF9-D4A0-4368-A8AB-DE27B7D995C6}.Debug|x64.Build.0 = Debug|Any CPU
		{BC7F0AF9-D4A0-4368-A8AB-DE27B7D995C6}.Debug|x86.ActiveCfg = Debug|Any CPU
		{BC7F0AF9-D4A0-4368-A8AB-DE27B7D995C6}.Debug|x86.Build.0 = Debug|Any CPU
		{BC7F0AF9-D4A0-4368-A8AB-DE27B7D995C6}.Release|Any CPU.ActiveCfg = Release|Any CPU
		{BC7F0AF9-D4A0-4368-A8AB-DE27B7D995C6}.Release|Any CPU.Build.0 = Release|Any CPU
		{BC7F0AF9-D4A0-4368-A8AB-DE27B7D995C6}.Release|x64.ActiveCfg = Release|Any CPU
		{BC7F0AF9-D4A0-4368-A8AB-DE27B7D995C6}.Release|x64.Build.0 = Release|Any CPU
		{BC7F0AF9-D4A0-4368-A8AB-DE27B7D995C6}.Release|x86.ActiveCfg = Release|Any CPU
		{BC7F0AF9-D4A0-4368-A8AB-DE27B7D995C6}.Release|x86.Build.0 = Release|Any CPU
		{80379FEB-8051-488E-8592-E7AD1806CEA2}.Debug|Any CPU.ActiveCfg = Debug|Any CPU
		{80379FEB-8051-488E-8592-E7AD1806CEA2}.Debug|Any CPU.Build.0 = Debug|Any CPU
		{80379FEB-8051-488E-8592-E7AD1806CEA2}.Debug|x64.ActiveCfg = Debug|Any CPU
		{80379FEB-8051-488E-8592-E7AD1806CEA2}.Debug|x64.Build.0 = Debug|Any CPU
		{80379FEB-8051-488E-8592-E7AD1806CEA2}.Debug|x86.ActiveCfg = Debug|Any CPU
		{80379FEB-8051-488E-8592-E7AD1806CEA2}.Debug|x86.Build.0 = Debug|Any CPU
		{80379FEB-8051-488E-8592-E7AD1806CEA2}.Release|Any CPU.ActiveCfg = Release|Any CPU
		{80379FEB-8051-488E-8592-E7AD1806CEA2}.Release|Any CPU.Build.0 = Release|Any CPU
		{80379FEB-8051-488E-8592-E7AD1806CEA2}.Release|x64.ActiveCfg = Release|Any CPU
		{80379FEB-8051-488E-8592-E7AD1806CEA2}.Release|x64.Build.0 = Release|Any CPU
		{80379FEB-8051-488E-8592-E7AD1806CEA2}.Release|x86.ActiveCfg = Release|Any CPU
		{80379FEB-8051-488E-8592-E7AD1806CEA2}.Release|x86.Build.0 = Release|Any CPU
		{0C4CACCC-1759-48DA-A812-D94B10F4910A}.Debug|Any CPU.ActiveCfg = Debug|Any CPU
		{0C4CACCC-1759-48DA-A812-D94B10F4910A}.Debug|Any CPU.Build.0 = Debug|Any CPU
		{0C4CACCC-1759-48DA-A812-D94B10F4910A}.Debug|x64.ActiveCfg = Debug|Any CPU
		{0C4CACCC-1759-48DA-A812-D94B10F4910A}.Debug|x64.Build.0 = Debug|Any CPU
		{0C4CACCC-1759-48DA-A812-D94B10F4910A}.Debug|x86.ActiveCfg = Debug|Any CPU
		{0C4CACCC-1759-48DA-A812-D94B10F4910A}.Debug|x86.Build.0 = Debug|Any CPU
		{0C4CACCC-1759-48DA-A812-D94B10F4910A}.Release|Any CPU.ActiveCfg = Release|Any CPU
		{0C4CACCC-1759-48DA-A812-D94B10F4910A}.Release|Any CPU.Build.0 = Release|Any CPU
		{0C4CACCC-1759-48DA-A812-D94B10F4910A}.Release|x64.ActiveCfg = Release|Any CPU
		{0C4CACCC-1759-48DA-A812-D94B10F4910A}.Release|x64.Build.0 = Release|Any CPU
		{0C4CACCC-1759-48DA-A812-D94B10F4910A}.Release|x86.ActiveCfg = Release|Any CPU
		{0C4CACCC-1759-48DA-A812-D94B10F4910A}.Release|x86.Build.0 = Release|Any CPU
	EndGlobalSection
	GlobalSection(SolutionProperties) = preSolution
		HideSolutionNode = FALSE
	EndGlobalSection
	GlobalSection(NestedProjects) = preSolution
		{8D626EA8-CB54-BC41-363A-217881BEBA6E} = {827E0CD3-B72D-47B6-A68D-7590B98EB39B}
		{94531549-6D91-4AF3-AD7E-A313716C3014} = {8D626EA8-CB54-BC41-363A-217881BEBA6E}
		{12EA23E7-FECB-062C-481F-7F1C9E3ABD62} = {827E0CD3-B72D-47B6-A68D-7590B98EB39B}
		{093D0A3D-4F50-4D25-8235-6B24655D7EA3} = {12EA23E7-FECB-062C-481F-7F1C9E3ABD62}
		{5F7508F4-2D6C-713F-C2B7-C3C22795CA53} = {827E0CD3-B72D-47B6-A68D-7590B98EB39B}
		{82E63DD7-A100-4BF7-9AEC-99779CACDF95} = {5F7508F4-2D6C-713F-C2B7-C3C22795CA53}
		{626A33EA-B087-1ED2-4D4A-F1814E30BD17} = {827E0CD3-B72D-47B6-A68D-7590B98EB39B}
		{E25F0C11-F6D0-4D9E-8AC0-0664126EB36D} = {626A33EA-B087-1ED2-4D4A-F1814E30BD17}
		{42299874-777B-F2D0-9D08-D24097ABCE7E} = {827E0CD3-B72D-47B6-A68D-7590B98EB39B}
		{5BA98009-46DA-5326-4EC5-06E32D5EB841} = {42299874-777B-F2D0-9D08-D24097ABCE7E}
		{A0EC7302-2634-4B92-A293-F92718D24CB4} = {5BA98009-46DA-5326-4EC5-06E32D5EB841}
		{6BB0478C-8523-02D5-7BD2-DAF0E404D12B} = {42299874-777B-F2D0-9D08-D24097ABCE7E}
		{A0E3F1B1-2E70-4D2A-8670-A8B1E2FBA313} = {6BB0478C-8523-02D5-7BD2-DAF0E404D12B}
		{B9BD3C89-78FB-B30A-9034-50CABCCBA2F4} = {42299874-777B-F2D0-9D08-D24097ABCE7E}
		{A0F95AD9-94FB-390F-3710-18ACDE09618E} = {B9BD3C89-78FB-B30A-9034-50CABCCBA2F4}
		{83DEEEF0-3560-409E-9C5B-3F5E286E80CE} = {A0F95AD9-94FB-390F-3710-18ACDE09618E}
		{5E8A3F04-CD44-B146-3815-EA46B2BD43AF} = {B9BD3C89-78FB-B30A-9034-50CABCCBA2F4}
		{1DFE0ABB-79AB-4F2F-8676-8203F9B099A5} = {5E8A3F04-CD44-B146-3815-EA46B2BD43AF}
		{C0BC496D-31C9-D932-514D-396B860DA16C} = {B9BD3C89-78FB-B30A-9034-50CABCCBA2F4}
		{2843F12E-B57E-483E-902A-6C4D24436E29} = {C0BC496D-31C9-D932-514D-396B860DA16C}
		{401F1E6F-8997-7E5F-BD5B-A8895463A6E9} = {B9BD3C89-78FB-B30A-9034-50CABCCBA2F4}
		{25AD1CE5-B63E-4CF9-878B-FB462A6302A3} = {401F1E6F-8997-7E5F-BD5B-A8895463A6E9}
		{9E0B5B8D-3444-C0EF-6857-DC7BC95F4DAC} = {B9BD3C89-78FB-B30A-9034-50CABCCBA2F4}
		{7E18A22D-195A-45E5-8A02-A3DD2D8DF310} = {9E0B5B8D-3444-C0EF-6857-DC7BC95F4DAC}
		{BE6E79A5-572B-86B4-9773-4760D6BFC288} = {B9BD3C89-78FB-B30A-9034-50CABCCBA2F4}
		{54D4599E-5780-4B62-90D5-C8F2652BC5E8} = {BE6E79A5-572B-86B4-9773-4760D6BFC288}
		{2CF5C1FF-087E-3B78-C0EE-96802E5E7BB4} = {B9BD3C89-78FB-B30A-9034-50CABCCBA2F4}
		{94C72936-1C03-4E6B-91EB-8EDD04549833} = {2CF5C1FF-087E-3B78-C0EE-96802E5E7BB4}
		{A611AF66-ECAB-744F-8235-CA0604056551} = {B9BD3C89-78FB-B30A-9034-50CABCCBA2F4}
		{F3A1A336-4C21-4164-9785-6F482A6DF9A2} = {A611AF66-ECAB-744F-8235-CA0604056551}
		{D2B40C1F-9544-0687-33C7-42FFE106C624} = {B9BD3C89-78FB-B30A-9034-50CABCCBA2F4}
		{E0DB0DA2-8E50-4340-9B7F-35F1A3C6C183} = {D2B40C1F-9544-0687-33C7-42FFE106C624}
		{7B5943A9-6E34-295A-06DD-8486A17415E8} = {B9BD3C89-78FB-B30A-9034-50CABCCBA2F4}
		{55C72D1A-962E-496F-A87E-F72061DA49B4} = {7B5943A9-6E34-295A-06DD-8486A17415E8}
		{C0951BBF-3CAA-BDF4-326A-71D353172F1D} = {B9BD3C89-78FB-B30A-9034-50CABCCBA2F4}
		{4E0D1D50-0296-44B5-BE7E-62EDB78D2684} = {C0951BBF-3CAA-BDF4-326A-71D353172F1D}
		{91CBD268-D8A3-BF00-73BA-E8F348746898} = {B9BD3C89-78FB-B30A-9034-50CABCCBA2F4}
		{BBB457C1-A510-4C12-BD52-BA62C4FA5BEE} = {91CBD268-D8A3-BF00-73BA-E8F348746898}
		{8638A669-5AF2-211B-D516-3F4C903DEB05} = {B9BD3C89-78FB-B30A-9034-50CABCCBA2F4}
		{DD75773B-84BC-4E9F-B388-725F54318F1C} = {8638A669-5AF2-211B-D516-3F4C903DEB05}
		{08086913-3843-DEC7-CAB9-D68AA81531D3} = {B9BD3C89-78FB-B30A-9034-50CABCCBA2F4}
		{315711CE-421F-4E20-A8A8-77204988DF93} = {08086913-3843-DEC7-CAB9-D68AA81531D3}
		{11B035BA-BA4B-5735-29D6-A166623A4551} = {B9BD3C89-78FB-B30A-9034-50CABCCBA2F4}
		{BE052681-9ACE-469C-84EF-04EF741465C8} = {11B035BA-BA4B-5735-29D6-A166623A4551}
		{DAEB58F2-BD94-B802-A2A1-E10FFB2C7F17} = {B9BD3C89-78FB-B30A-9034-50CABCCBA2F4}
		{6FA6E9A9-F626-4D6A-A233-EE954B2FB45A} = {DAEB58F2-BD94-B802-A2A1-E10FFB2C7F17}
		{5B6F5243-1617-3718-4F98-556C8AFA4642} = {B9BD3C89-78FB-B30A-9034-50CABCCBA2F4}
		{C45F7E31-88FB-44A0-A019-5CA18CCDEBBC} = {5B6F5243-1617-3718-4F98-556C8AFA4642}
		{4FC61949-7082-E8C3-B7F2-4E966C8E9E77} = {B9BD3C89-78FB-B30A-9034-50CABCCBA2F4}
		{53D47577-567C-4A80-AE1B-53D083F062F4} = {4FC61949-7082-E8C3-B7F2-4E966C8E9E77}
		{E4BFBD3E-FC6F-17D9-99E0-1AF250113453} = {42299874-777B-F2D0-9D08-D24097ABCE7E}
		{023D0615-CE01-4201-97BD-F6C0349746F8} = {E4BFBD3E-FC6F-17D9-99E0-1AF250113453}
		{505AC639-B0EC-3D53-7A11-68DF392485F2} = {42299874-777B-F2D0-9D08-D24097ABCE7E}
		{B71E76C9-3C9F-4B7E-8F44-28D437FBDBDA} = {505AC639-B0EC-3D53-7A11-68DF392485F2}
		{FCBAF9E8-E6EA-4BD8-861F-75869FC3AF28} = {42299874-777B-F2D0-9D08-D24097ABCE7E}
		{643A3706-43CC-4C8A-BB82-151C1D86AABF} = {FCBAF9E8-E6EA-4BD8-861F-75869FC3AF28}
		{38E9592B-D263-6E4A-FF78-32D13F979EA6} = {42299874-777B-F2D0-9D08-D24097ABCE7E}
		{A0E235E1-51DC-4E54-9A84-FF6D03F94620} = {38E9592B-D263-6E4A-FF78-32D13F979EA6}
		{537A6814-AA88-8422-F944-F52ABC852B15} = {42299874-777B-F2D0-9D08-D24097ABCE7E}
		{7D92EB3C-61C9-4191-84B6-FD92E606B7EB} = {537A6814-AA88-8422-F944-F52ABC852B15}
		{0CE43F69-1397-6A27-3AE6-1A3307EB5142} = {42299874-777B-F2D0-9D08-D24097ABCE7E}
		{12915896-BE7B-453A-BA93-3AFB4CF688B4} = {0CE43F69-1397-6A27-3AE6-1A3307EB5142}
		{3E736B31-4A5A-9652-EE94-16091E091159} = {827E0CD3-B72D-47B6-A68D-7590B98EB39B}
		{46E002AF-3644-F7D6-FF44-071D162423C6} = {3E736B31-4A5A-9652-EE94-16091E091159}
		{1CBB1163-BABC-4E93-979C-B8AC0A8B9BA3} = {46E002AF-3644-F7D6-FF44-071D162423C6}
		{9C51EA55-BC83-A9D9-E805-7E88B7C6818C} = {3E736B31-4A5A-9652-EE94-16091E091159}
		{78AF59C2-5111-40AF-8ED1-176FE36919C6} = {9C51EA55-BC83-A9D9-E805-7E88B7C6818C}
		{50FB0359-390C-580A-35F9-0070B9424CEE} = {3E736B31-4A5A-9652-EE94-16091E091159}
		{593060B7-1146-43BA-B5C1-0608EA279C4A} = {50FB0359-390C-580A-35F9-0070B9424CEE}
		{D05A5AE5-5323-B9F2-6B25-0181217EB51B} = {3E736B31-4A5A-9652-EE94-16091E091159}
		{A0564262-075D-49B4-8578-6D129468F9DE} = {D05A5AE5-5323-B9F2-6B25-0181217EB51B}
		{BD788E75-BDF3-77DC-8DFD-CE1ACBA5A7B1} = {3E736B31-4A5A-9652-EE94-16091E091159}
		{F0A62F82-E08B-4CF9-BB6E-2F51AD0BA5BD} = {BD788E75-BDF3-77DC-8DFD-CE1ACBA5A7B1}
		{5AA1AD79-C82A-A5B9-FBA7-F4F1918A0EB1} = {3E736B31-4A5A-9652-EE94-16091E091159}
		{8F4B4CEE-F00F-4661-BEEF-33E0615C471A} = {5AA1AD79-C82A-A5B9-FBA7-F4F1918A0EB1}
		{EB369A37-8880-F4A6-6F1F-E27E2E28B8FB} = {3E736B31-4A5A-9652-EE94-16091E091159}
		{75830D0E-FAF7-44E9-9056-80F8C6E07984} = {EB369A37-8880-F4A6-6F1F-E27E2E28B8FB}
		{65A64330-FD79-0462-3E4D-9EA6DAD072AF} = {3E736B31-4A5A-9652-EE94-16091E091159}
		{06B82839-714A-450B-BEDB-FCC4CBF9535D} = {65A64330-FD79-0462-3E4D-9EA6DAD072AF}
		{DF4C0DE2-6AEF-3E49-BAE6-3325420293D7} = {3E736B31-4A5A-9652-EE94-16091E091159}
		{D80D1127-9B03-4FFD-9C8A-CF8B4E16754C} = {DF4C0DE2-6AEF-3E49-BAE6-3325420293D7}
		{73D95682-B00E-759C-198B-BB26C480DD92} = {3E736B31-4A5A-9652-EE94-16091E091159}
		{72961180-BC32-411B-A33E-60264395406F} = {73D95682-B00E-759C-198B-BB26C480DD92}
		{6C6F23D3-7EB4-BE67-1D16-1F768B3AA64E} = {3E736B31-4A5A-9652-EE94-16091E091159}
		{B26CA92D-00A3-4080-8402-C2EBD33E303E} = {6C6F23D3-7EB4-BE67-1D16-1F768B3AA64E}
		{C292F972-DF9E-2BC1-AAFD-33B9C85F8025} = {827E0CD3-B72D-47B6-A68D-7590B98EB39B}
		{FD685553-67C0-24F4-30C4-EB23168938D4} = {C292F972-DF9E-2BC1-AAFD-33B9C85F8025}
		{3A8E6411-B00E-456A-BC1B-D9903B467F70} = {FD685553-67C0-24F4-30C4-EB23168938D4}
		{51126A84-026E-9698-9760-57FF6A771FE4} = {C292F972-DF9E-2BC1-AAFD-33B9C85F8025}
		{CA043F14-D6E6-4D4A-B8BC-BD7C2CFAC343} = {51126A84-026E-9698-9760-57FF6A771FE4}
		{E7FC12DD-A9AF-16E0-C3AC-96D30CA9C44E} = {C292F972-DF9E-2BC1-AAFD-33B9C85F8025}
		{EFD722FF-C053-4E0C-AB90-1C427D22BEB3} = {E7FC12DD-A9AF-16E0-C3AC-96D30CA9C44E}
		{F12142C9-F59C-3601-519C-726EF8C2EEC2} = {C292F972-DF9E-2BC1-AAFD-33B9C85F8025}
		{6552D1D0-2433-4B61-BB1A-D39B48974248} = {F12142C9-F59C-3601-519C-726EF8C2EEC2}
		{CDD6AC57-88AA-AD28-BED1-D4DCF05EA1F7} = {C292F972-DF9E-2BC1-AAFD-33B9C85F8025}
		{1371B06D-F496-47CE-AA12-3AFD210B4F67} = {CDD6AC57-88AA-AD28-BED1-D4DCF05EA1F7}
		{2BE28442-88A9-0FC0-CBF0-3506E6DC691A} = {C292F972-DF9E-2BC1-AAFD-33B9C85F8025}
		{19B836C2-5755-40F2-884A-DE1B49D86861} = {2BE28442-88A9-0FC0-CBF0-3506E6DC691A}
		{5CE4BD81-0D12-7986-53A9-532297B1A617} = {C292F972-DF9E-2BC1-AAFD-33B9C85F8025}
		{8C8B2B73-EFBC-41B5-880E-80788EFDEDA9} = {5CE4BD81-0D12-7986-53A9-532297B1A617}
		{B53412BF-8F9A-173E-1D9C-3D31202BC018} = {C292F972-DF9E-2BC1-AAFD-33B9C85F8025}
		{51004844-C500-43D5-A876-7670B899B2EA} = {B53412BF-8F9A-173E-1D9C-3D31202BC018}
		{B15D1EAB-BCAA-4B39-2F0E-3B912414FD96} = {C292F972-DF9E-2BC1-AAFD-33B9C85F8025}
		{923356C8-4626-4DE2-B1C6-9C55B5D7AA47} = {B15D1EAB-BCAA-4B39-2F0E-3B912414FD96}
		{1D63AC18-43B1-86FE-3539-065F94D9E444} = {C292F972-DF9E-2BC1-AAFD-33B9C85F8025}
		{9FF3D0C7-5215-4D9E-BC61-AF2861BC4B28} = {1D63AC18-43B1-86FE-3539-065F94D9E444}
		{A7FDBDA5-8FE1-2C08-6B57-AA58731D986E} = {827E0CD3-B72D-47B6-A68D-7590B98EB39B}
		{B1AECA46-A54B-A712-699D-FD95991D4ABB} = {A7FDBDA5-8FE1-2C08-6B57-AA58731D986E}
		{0329205A-D43A-569E-1EDF-868EC31D18C0} = {B1AECA46-A54B-A712-699D-FD95991D4ABB}
		{31B98415-E359-4500-B9BD-063202CD8163} = {0329205A-D43A-569E-1EDF-868EC31D18C0}
		{EA0E4CC5-706E-A5D1-737E-E629FDCAC131} = {B1AECA46-A54B-A712-699D-FD95991D4ABB}
		{3326EEC0-C71D-4F2B-9E8D-1DA5A2672CA9} = {EA0E4CC5-706E-A5D1-737E-E629FDCAC131}
		{15C6C915-2631-3674-1AB3-1BF72C936924} = {B1AECA46-A54B-A712-699D-FD95991D4ABB}
		{9B11B830-B0C6-4A4F-837F-2972A46D9A2F} = {15C6C915-2631-3674-1AB3-1BF72C936924}
		{8B04CA22-1660-EB0F-969D-18B223521417} = {B1AECA46-A54B-A712-699D-FD95991D4ABB}
		{6A1D5673-83ED-4782-B883-918CB1DEDBD6} = {8B04CA22-1660-EB0F-969D-18B223521417}
		{C3FF388E-BEC2-2833-F11A-D62DA1B199EE} = {B1AECA46-A54B-A712-699D-FD95991D4ABB}
		{BC7F0AF9-D4A0-4368-A8AB-DE27B7D995C6} = {C3FF388E-BEC2-2833-F11A-D62DA1B199EE}
		{690830AC-4426-94FD-59E5-801706E3FEFF} = {B1AECA46-A54B-A712-699D-FD95991D4ABB}
		{80379FEB-8051-488E-8592-E7AD1806CEA2} = {690830AC-4426-94FD-59E5-801706E3FEFF}
		{9DFAB050-AE57-85BA-DE60-06F5221A08AD} = {A7FDBDA5-8FE1-2C08-6B57-AA58731D986E}
		{0C4CACCC-1759-48DA-A812-D94B10F4910A} = {9DFAB050-AE57-85BA-DE60-06F5221A08AD}
	EndGlobalSection
EndGlobal
