Microsoft Visual Studio Solution File, Format Version 12.00
Project("{F2A71F9B-5D33-465A-A702-920D77279786}") = "B2R2.MiddleEnd.BinGraph.Tests", "BinGraph.Tests\B2R2.MiddleEnd.BinGraph.Tests.fsproj", "{4988D803-92BD-4859-A0F5-F5AD84C659D0}"
EndProject
Project("{F2A71F9B-5D33-465A-A702-920D77279786}") = "B2R2.BinIR", "..\BinIR\B2R2.BinIR.fsproj", "{94F0DA74-0AA7-40A4-8F13-4116ECA74FD0}"
EndProject
Project("{F2A71F9B-5D33-465A-A702-920D77279786}") = "B2R2.Core", "..\Core\B2R2.Core.fsproj", "{8A2B4A18-A626-4239-BE85-E1550AA64A15}"
EndProject
Project("{F2A71F9B-5D33-465A-A702-920D77279786}") = "B2R2.FrontEnd.API", "..\FrontEnd\API\B2R2.FrontEnd.API.fsproj", "{BA4BEBB6-DA4F-47A1-A7D4-27947DC0C34D}"
EndProject
Project("{F2A71F9B-5D33-465A-A702-920D77279786}") = "B2R2.FrontEnd.ARM32", "..\FrontEnd\ARM32\B2R2.FrontEnd.ARM32.fsproj", "{37490585-8776-4F8E-B887-083DD90E5432}"
EndProject
Project("{F2A71F9B-5D33-465A-A702-920D77279786}") = "B2R2.FrontEnd.ARM64", "..\FrontEnd\ARM64\B2R2.FrontEnd.ARM64.fsproj", "{A25449B9-7781-4037-8C54-E948FAF59DA3}"
EndProject
Project("{F2A71F9B-5D33-465A-A702-920D77279786}") = "B2R2.FrontEnd.AVR", "..\FrontEnd\AVR\B2R2.FrontEnd.AVR.fsproj", "{BB129A81-864F-4E49-87BB-B3714A6C7D15}"
EndProject
Project("{F2A71F9B-5D33-465A-A702-920D77279786}") = "B2R2.FrontEnd.BinFile", "..\FrontEnd\BinFile\B2R2.FrontEnd.BinFile.fsproj", "{6E8DD7C2-2A64-44BA-8312-09C1308CACE2}"
EndProject
Project("{F2A71F9B-5D33-465A-A702-920D77279786}") = "B2R2.FrontEnd.BinLifter", "..\FrontEnd\BinLifter\B2R2.FrontEnd.BinLifter.fsproj", "{483ADB28-E1AF-4AB5-8832-7980B4373319}"
EndProject
Project("{F2A71F9B-5D33-465A-A702-920D77279786}") = "B2R2.FrontEnd.CIL", "..\FrontEnd\CIL\B2R2.FrontEnd.CIL.fsproj", "{169FC0F2-DDDA-4DEA-9554-DF10EB270833}"
EndProject
Project("{F2A71F9B-5D33-465A-A702-920D77279786}") = "B2R2.FrontEnd.EVM", "..\FrontEnd\EVM\B2R2.FrontEnd.EVM.fsproj", "{5E72B80C-33EB-41FF-9465-6442C4771D4B}"
EndProject
Project("{F2A71F9B-5D33-465A-A702-920D77279786}") = "B2R2.FrontEnd.Intel", "..\FrontEnd\Intel\B2R2.FrontEnd.Intel.fsproj", "{6BADE3B0-8413-499B-BEBB-AAAC5E66212C}"
EndProject
Project("{F2A71F9B-5D33-465A-A702-920D77279786}") = "B2R2.FrontEnd.MIPS", "..\FrontEnd\MIPS\B2R2.FrontEnd.MIPS.fsproj", "{5DD0D155-F15A-4915-B874-E5AD02CE9BD5}"
EndProject
Project("{F2A71F9B-5D33-465A-A702-920D77279786}") = "B2R2.FrontEnd.PARISC", "..\FrontEnd\PARISC\B2R2.FrontEnd.PARISC.fsproj", "{17EF648D-56A2-45D7-B7E4-7AEAC73B8A54}"
EndProject
Project("{F2A71F9B-5D33-465A-A702-920D77279786}") = "B2R2.FrontEnd.PPC32", "..\FrontEnd\PPC32\B2R2.FrontEnd.PPC32.fsproj", "{3CF752C0-67A1-4A10-8A73-25CB662BA980}"
EndProject
Project("{F2A71F9B-5D33-465A-A702-920D77279786}") = "B2R2.FrontEnd.Registers", "..\FrontEnd\Registers\B2R2.FrontEnd.Registers.fsproj", "{E02E3ADD-848D-44B5-87D6-68E839D5B778}"
EndProject
Project("{F2A71F9B-5D33-465A-A702-920D77279786}") = "B2R2.FrontEnd.RISCV64", "..\FrontEnd\RISCV64\B2R2.FrontEnd.RISCV64.fsproj", "{F75D88B7-D1D1-4A0C-AD21-9DE6B5F4A5A8}"
EndProject
Project("{F2A71F9B-5D33-465A-A702-920D77279786}") = "B2R2.FrontEnd.SH4", "..\FrontEnd\SH4\B2R2.FrontEnd.SH4.fsproj", "{E6789B8B-8D6E-4BAA-BDF2-98D24384DB9F}"
EndProject
Project("{F2A71F9B-5D33-465A-A702-920D77279786}") = "B2R2.FrontEnd.SPARC", "..\FrontEnd\SPARC\B2R2.FrontEnd.SPARC.fsproj", "{26D0EE81-BBC8-477F-A462-A5C0B8B37615}"
EndProject
Project("{F2A71F9B-5D33-465A-A702-920D77279786}") = "B2R2.FrontEnd.TMS320C6000", "..\FrontEnd\TMS320C6000\B2R2.FrontEnd.TMS320C6000.fsproj", "{0AAADEAC-DDFF-4E98-AF15-503E0CE296FE}"
EndProject
Project("{F2A71F9B-5D33-465A-A702-920D77279786}") = "B2R2.FrontEnd.WASM", "..\FrontEnd\WASM\B2R2.FrontEnd.WASM.fsproj", "{63FD28F8-E503-49C2-ACD8-57B9C4FA2ECD}"
EndProject
Project("{F2A71F9B-5D33-465A-A702-920D77279786}") = "B2R2.MiddleEnd.API.Tests", "API.Tests\B2R2.MiddleEnd.API.Tests.fsproj", "{C2794274-3397-4E1B-884E-526B37A47D6B}"
EndProject
Project("{F2A71F9B-5D33-465A-A702-920D77279786}") = "B2R2.MiddleEnd.API", "API\B2R2.MiddleEnd.API.fsproj", "{0112E570-DC96-44DC-A6CA-44EF1C60EB56}"
EndProject
Project("{F2A71F9B-5D33-465A-A702-920D77279786}") = "B2R2.MiddleEnd.BinGraph", "BinGraph\B2R2.MiddleEnd.BinGraph.fsproj", "{04EB0C69-DB91-49C8-8F3B-CED722CEF6D4}"
EndProject
Project("{F2A71F9B-5D33-465A-A702-920D77279786}") = "B2R2.MiddleEnd.ConcEval", "ConcEval\B2R2.MiddleEnd.ConcEval.fsproj", "{5273301A-7765-40D8-A591-1FB9D921C1E4}"
EndProject
Project("{F2A71F9B-5D33-465A-A702-920D77279786}") = "B2R2.MiddleEnd.ControlFlowAnalysis", "ControlFlowAnalysis\B2R2.MiddleEnd.ControlFlowAnalysis.fsproj", "{C5C5BB14-5DDB-4B47-A636-A0295649C0EA}"
EndProject
Project("{F2A71F9B-5D33-465A-A702-920D77279786}") = "B2R2.MiddleEnd.ControlFlowGraph", "ControlFlowGraph\B2R2.MiddleEnd.ControlFlowGraph.fsproj", "{AB029B73-4D55-4633-BBAB-3143A112A3AE}"
EndProject
Project("{F2A71F9B-5D33-465A-A702-920D77279786}") = "B2R2.MiddleEnd.DataFlow.Tests", "DataFlow.Tests\B2R2.MiddleEnd.DataFlow.Tests.fsproj", "{AE3D3C6B-30A1-4B1D-A03E-33E478EBEFC9}"
EndProject
Project("{F2A71F9B-5D33-465A-A702-920D77279786}") = "B2R2.MiddleEnd.DataFlow", "DataFlow\B2R2.MiddleEnd.DataFlow.fsproj", "{015CE351-2722-44FB-8CCD-CBEFCB6868C8}"
EndProject
Project("{F2A71F9B-5D33-465A-A702-920D77279786}") = "B2R2.MiddleEnd.LLVM", "LLVM\B2R2.MiddleEnd.LLVM.fsproj", "{CE035B33-AE0B-4405-B4E5-92334C9BB9C3}"
EndProject
Project("{F2A71F9B-5D33-465A-A702-920D77279786}") = "B2R2.MiddleEnd.SSA", "SSA\B2R2.MiddleEnd.SSA.fsproj", "{58E79702-F1D1-4F24-B65F-74FC1C01A2F2}"
EndProject
Global
	GlobalSection(SolutionConfigurationPlatforms) = preSolution
		Debug|Any CPU = Debug|Any CPU
		Release|Any CPU = Release|Any CPU
	EndGlobalSection
	GlobalSection(ProjectConfigurationPlatforms) = postSolution
		{4988D803-92BD-4859-A0F5-F5AD84C659D0}.Debug|Any CPU.ActiveCfg = Debug|Any CPU
		{4988D803-92BD-4859-A0F5-F5AD84C659D0}.Debug|Any CPU.Build.0 = Debug|Any CPU
		{4988D803-92BD-4859-A0F5-F5AD84C659D0}.Release|Any CPU.ActiveCfg = Release|Any CPU
		{4988D803-92BD-4859-A0F5-F5AD84C659D0}.Release|Any CPU.Build.0 = Release|Any CPU
		{94F0DA74-0AA7-40A4-8F13-4116ECA74FD0}.Debug|Any CPU.ActiveCfg = Debug|Any CPU
		{94F0DA74-0AA7-40A4-8F13-4116ECA74FD0}.Debug|Any CPU.Build.0 = Debug|Any CPU
		{94F0DA74-0AA7-40A4-8F13-4116ECA74FD0}.Release|Any CPU.ActiveCfg = Release|Any CPU
		{94F0DA74-0AA7-40A4-8F13-4116ECA74FD0}.Release|Any CPU.Build.0 = Release|Any CPU
		{8A2B4A18-A626-4239-BE85-E1550AA64A15}.Debug|Any CPU.ActiveCfg = Debug|Any CPU
		{8A2B4A18-A626-4239-BE85-E1550AA64A15}.Debug|Any CPU.Build.0 = Debug|Any CPU
		{8A2B4A18-A626-4239-BE85-E1550AA64A15}.Release|Any CPU.ActiveCfg = Release|Any CPU
		{8A2B4A18-A626-4239-BE85-E1550AA64A15}.Release|Any CPU.Build.0 = Release|Any CPU
		{BA4BEBB6-DA4F-47A1-A7D4-27947DC0C34D}.Debug|Any CPU.ActiveCfg = Debug|Any CPU
		{BA4BEBB6-DA4F-47A1-A7D4-27947DC0C34D}.Debug|Any CPU.Build.0 = Debug|Any CPU
		{BA4BEBB6-DA4F-47A1-A7D4-27947DC0C34D}.Release|Any CPU.ActiveCfg = Release|Any CPU
		{BA4BEBB6-DA4F-47A1-A7D4-27947DC0C34D}.Release|Any CPU.Build.0 = Release|Any CPU
		{37490585-8776-4F8E-B887-083DD90E5432}.Debug|Any CPU.ActiveCfg = Debug|Any CPU
		{37490585-8776-4F8E-B887-083DD90E5432}.Debug|Any CPU.Build.0 = Debug|Any CPU
		{37490585-8776-4F8E-B887-083DD90E5432}.Release|Any CPU.ActiveCfg = Release|Any CPU
		{37490585-8776-4F8E-B887-083DD90E5432}.Release|Any CPU.Build.0 = Release|Any CPU
		{A25449B9-7781-4037-8C54-E948FAF59DA3}.Debug|Any CPU.ActiveCfg = Debug|Any CPU
		{A25449B9-7781-4037-8C54-E948FAF59DA3}.Debug|Any CPU.Build.0 = Debug|Any CPU
		{A25449B9-7781-4037-8C54-E948FAF59DA3}.Release|Any CPU.ActiveCfg = Release|Any CPU
		{A25449B9-7781-4037-8C54-E948FAF59DA3}.Release|Any CPU.Build.0 = Release|Any CPU
		{BB129A81-864F-4E49-87BB-B3714A6C7D15}.Debug|Any CPU.ActiveCfg = Debug|Any CPU
		{BB129A81-864F-4E49-87BB-B3714A6C7D15}.Debug|Any CPU.Build.0 = Debug|Any CPU
		{BB129A81-864F-4E49-87BB-B3714A6C7D15}.Release|Any CPU.ActiveCfg = Release|Any CPU
		{BB129A81-864F-4E49-87BB-B3714A6C7D15}.Release|Any CPU.Build.0 = Release|Any CPU
		{6E8DD7C2-2A64-44BA-8312-09C1308CACE2}.Debug|Any CPU.ActiveCfg = Debug|Any CPU
		{6E8DD7C2-2A64-44BA-8312-09C1308CACE2}.Debug|Any CPU.Build.0 = Debug|Any CPU
		{6E8DD7C2-2A64-44BA-8312-09C1308CACE2}.Release|Any CPU.ActiveCfg = Release|Any CPU
		{6E8DD7C2-2A64-44BA-8312-09C1308CACE2}.Release|Any CPU.Build.0 = Release|Any CPU
		{483ADB28-E1AF-4AB5-8832-7980B4373319}.Debug|Any CPU.ActiveCfg = Debug|Any CPU
		{483ADB28-E1AF-4AB5-8832-7980B4373319}.Debug|Any CPU.Build.0 = Debug|Any CPU
		{483ADB28-E1AF-4AB5-8832-7980B4373319}.Release|Any CPU.ActiveCfg = Release|Any CPU
		{483ADB28-E1AF-4AB5-8832-7980B4373319}.Release|Any CPU.Build.0 = Release|Any CPU
		{169FC0F2-DDDA-4DEA-9554-DF10EB270833}.Debug|Any CPU.ActiveCfg = Debug|Any CPU
		{169FC0F2-DDDA-4DEA-9554-DF10EB270833}.Debug|Any CPU.Build.0 = Debug|Any CPU
		{169FC0F2-DDDA-4DEA-9554-DF10EB270833}.Release|Any CPU.ActiveCfg = Release|Any CPU
		{169FC0F2-DDDA-4DEA-9554-DF10EB270833}.Release|Any CPU.Build.0 = Release|Any CPU
		{5E72B80C-33EB-41FF-9465-6442C4771D4B}.Debug|Any CPU.ActiveCfg = Debug|Any CPU
		{5E72B80C-33EB-41FF-9465-6442C4771D4B}.Debug|Any CPU.Build.0 = Debug|Any CPU
		{5E72B80C-33EB-41FF-9465-6442C4771D4B}.Release|Any CPU.ActiveCfg = Release|Any CPU
		{5E72B80C-33EB-41FF-9465-6442C4771D4B}.Release|Any CPU.Build.0 = Release|Any CPU
		{6BADE3B0-8413-499B-BEBB-AAAC5E66212C}.Debug|Any CPU.ActiveCfg = Debug|Any CPU
		{6BADE3B0-8413-499B-BEBB-AAAC5E66212C}.Debug|Any CPU.Build.0 = Debug|Any CPU
		{6BADE3B0-8413-499B-BEBB-AAAC5E66212C}.Release|Any CPU.ActiveCfg = Release|Any CPU
		{6BADE3B0-8413-499B-BEBB-AAAC5E66212C}.Release|Any CPU.Build.0 = Release|Any CPU
		{5DD0D155-F15A-4915-B874-E5AD02CE9BD5}.Debug|Any CPU.ActiveCfg = Debug|Any CPU
		{5DD0D155-F15A-4915-B874-E5AD02CE9BD5}.Debug|Any CPU.Build.0 = Debug|Any CPU
		{5DD0D155-F15A-4915-B874-E5AD02CE9BD5}.Release|Any CPU.ActiveCfg = Release|Any CPU
		{5DD0D155-F15A-4915-B874-E5AD02CE9BD5}.Release|Any CPU.Build.0 = Release|Any CPU
		{17EF648D-56A2-45D7-B7E4-7AEAC73B8A54}.Debug|Any CPU.ActiveCfg = Debug|Any CPU
		{17EF648D-56A2-45D7-B7E4-7AEAC73B8A54}.Debug|Any CPU.Build.0 = Debug|Any CPU
		{17EF648D-56A2-45D7-B7E4-7AEAC73B8A54}.Release|Any CPU.ActiveCfg = Release|Any CPU
		{17EF648D-56A2-45D7-B7E4-7AEAC73B8A54}.Release|Any CPU.Build.0 = Release|Any CPU
		{3CF752C0-67A1-4A10-8A73-25CB662BA980}.Debug|Any CPU.ActiveCfg = Debug|Any CPU
		{3CF752C0-67A1-4A10-8A73-25CB662BA980}.Debug|Any CPU.Build.0 = Debug|Any CPU
		{3CF752C0-67A1-4A10-8A73-25CB662BA980}.Release|Any CPU.ActiveCfg = Release|Any CPU
		{3CF752C0-67A1-4A10-8A73-25CB662BA980}.Release|Any CPU.Build.0 = Release|Any CPU
		{E02E3ADD-848D-44B5-87D6-68E839D5B778}.Debug|Any CPU.ActiveCfg = Debug|Any CPU
		{E02E3ADD-848D-44B5-87D6-68E839D5B778}.Debug|Any CPU.Build.0 = Debug|Any CPU
		{E02E3ADD-848D-44B5-87D6-68E839D5B778}.Release|Any CPU.ActiveCfg = Release|Any CPU
		{E02E3ADD-848D-44B5-87D6-68E839D5B778}.Release|Any CPU.Build.0 = Release|Any CPU
		{F75D88B7-D1D1-4A0C-AD21-9DE6B5F4A5A8}.Debug|Any CPU.ActiveCfg = Debug|Any CPU
		{F75D88B7-D1D1-4A0C-AD21-9DE6B5F4A5A8}.Debug|Any CPU.Build.0 = Debug|Any CPU
		{F75D88B7-D1D1-4A0C-AD21-9DE6B5F4A5A8}.Release|Any CPU.ActiveCfg = Release|Any CPU
		{F75D88B7-D1D1-4A0C-AD21-9DE6B5F4A5A8}.Release|Any CPU.Build.0 = Release|Any CPU
		{E6789B8B-8D6E-4BAA-BDF2-98D24384DB9F}.Debug|Any CPU.ActiveCfg = Debug|Any CPU
		{E6789B8B-8D6E-4BAA-BDF2-98D24384DB9F}.Debug|Any CPU.Build.0 = Debug|Any CPU
		{E6789B8B-8D6E-4BAA-BDF2-98D24384DB9F}.Release|Any CPU.ActiveCfg = Release|Any CPU
		{E6789B8B-8D6E-4BAA-BDF2-98D24384DB9F}.Release|Any CPU.Build.0 = Release|Any CPU
		{26D0EE81-BBC8-477F-A462-A5C0B8B37615}.Debug|Any CPU.ActiveCfg = Debug|Any CPU
		{26D0EE81-BBC8-477F-A462-A5C0B8B37615}.Debug|Any CPU.Build.0 = Debug|Any CPU
		{26D0EE81-BBC8-477F-A462-A5C0B8B37615}.Release|Any CPU.ActiveCfg = Release|Any CPU
		{26D0EE81-BBC8-477F-A462-A5C0B8B37615}.Release|Any CPU.Build.0 = Release|Any CPU
		{0AAADEAC-DDFF-4E98-AF15-503E0CE296FE}.Debug|Any CPU.ActiveCfg = Debug|Any CPU
		{0AAADEAC-DDFF-4E98-AF15-503E0CE296FE}.Debug|Any CPU.Build.0 = Debug|Any CPU
		{0AAADEAC-DDFF-4E98-AF15-503E0CE296FE}.Release|Any CPU.ActiveCfg = Release|Any CPU
		{0AAADEAC-DDFF-4E98-AF15-503E0CE296FE}.Release|Any CPU.Build.0 = Release|Any CPU
		{63FD28F8-E503-49C2-ACD8-57B9C4FA2ECD}.Debug|Any CPU.ActiveCfg = Debug|Any CPU
		{63FD28F8-E503-49C2-ACD8-57B9C4FA2ECD}.Debug|Any CPU.Build.0 = Debug|Any CPU
		{63FD28F8-E503-49C2-ACD8-57B9C4FA2ECD}.Release|Any CPU.ActiveCfg = Release|Any CPU
		{63FD28F8-E503-49C2-ACD8-57B9C4FA2ECD}.Release|Any CPU.Build.0 = Release|Any CPU
		{C2794274-3397-4E1B-884E-526B37A47D6B}.Debug|Any CPU.ActiveCfg = Debug|Any CPU
		{C2794274-3397-4E1B-884E-526B37A47D6B}.Debug|Any CPU.Build.0 = Debug|Any CPU
		{C2794274-3397-4E1B-884E-526B37A47D6B}.Release|Any CPU.ActiveCfg = Release|Any CPU
		{C2794274-3397-4E1B-884E-526B37A47D6B}.Release|Any CPU.Build.0 = Release|Any CPU
		{0112E570-DC96-44DC-A6CA-44EF1C60EB56}.Debug|Any CPU.ActiveCfg = Debug|Any CPU
		{0112E570-DC96-44DC-A6CA-44EF1C60EB56}.Debug|Any CPU.Build.0 = Debug|Any CPU
		{0112E570-DC96-44DC-A6CA-44EF1C60EB56}.Release|Any CPU.ActiveCfg = Release|Any CPU
		{0112E570-DC96-44DC-A6CA-44EF1C60EB56}.Release|Any CPU.Build.0 = Release|Any CPU
		{04EB0C69-DB91-49C8-8F3B-CED722CEF6D4}.Debug|Any CPU.ActiveCfg = Debug|Any CPU
		{04EB0C69-DB91-49C8-8F3B-CED722CEF6D4}.Debug|Any CPU.Build.0 = Debug|Any CPU
		{04EB0C69-DB91-49C8-8F3B-CED722CEF6D4}.Release|Any CPU.ActiveCfg = Release|Any CPU
		{04EB0C69-DB91-49C8-8F3B-CED722CEF6D4}.Release|Any CPU.Build.0 = Release|Any CPU
		{5273301A-7765-40D8-A591-1FB9D921C1E4}.Debug|Any CPU.ActiveCfg = Debug|Any CPU
		{5273301A-7765-40D8-A591-1FB9D921C1E4}.Debug|Any CPU.Build.0 = Debug|Any CPU
		{5273301A-7765-40D8-A591-1FB9D921C1E4}.Release|Any CPU.ActiveCfg = Release|Any CPU
		{5273301A-7765-40D8-A591-1FB9D921C1E4}.Release|Any CPU.Build.0 = Release|Any CPU
		{C5C5BB14-5DDB-4B47-A636-A0295649C0EA}.Debug|Any CPU.ActiveCfg = Debug|Any CPU
		{C5C5BB14-5DDB-4B47-A636-A0295649C0EA}.Debug|Any CPU.Build.0 = Debug|Any CPU
		{C5C5BB14-5DDB-4B47-A636-A0295649C0EA}.Release|Any CPU.ActiveCfg = Release|Any CPU
		{C5C5BB14-5DDB-4B47-A636-A0295649C0EA}.Release|Any CPU.Build.0 = Release|Any CPU
		{AB029B73-4D55-4633-BBAB-3143A112A3AE}.Debug|Any CPU.ActiveCfg = Debug|Any CPU
		{AB029B73-4D55-4633-BBAB-3143A112A3AE}.Debug|Any CPU.Build.0 = Debug|Any CPU
		{AB029B73-4D55-4633-BBAB-3143A112A3AE}.Release|Any CPU.ActiveCfg = Release|Any CPU
		{AB029B73-4D55-4633-BBAB-3143A112A3AE}.Release|Any CPU.Build.0 = Release|Any CPU
		{AE3D3C6B-30A1-4B1D-A03E-33E478EBEFC9}.Debug|Any CPU.ActiveCfg = Debug|Any CPU
		{AE3D3C6B-30A1-4B1D-A03E-33E478EBEFC9}.Debug|Any CPU.Build.0 = Debug|Any CPU
		{AE3D3C6B-30A1-4B1D-A03E-33E478EBEFC9}.Release|Any CPU.ActiveCfg = Release|Any CPU
		{AE3D3C6B-30A1-4B1D-A03E-33E478EBEFC9}.Release|Any CPU.Build.0 = Release|Any CPU
		{015CE351-2722-44FB-8CCD-CBEFCB6868C8}.Debug|Any CPU.ActiveCfg = Debug|Any CPU
		{015CE351-2722-44FB-8CCD-CBEFCB6868C8}.Debug|Any CPU.Build.0 = Debug|Any CPU
		{015CE351-2722-44FB-8CCD-CBEFCB6868C8}.Release|Any CPU.ActiveCfg = Release|Any CPU
		{015CE351-2722-44FB-8CCD-CBEFCB6868C8}.Release|Any CPU.Build.0 = Release|Any CPU
		{CE035B33-AE0B-4405-B4E5-92334C9BB9C3}.Debug|Any CPU.ActiveCfg = Debug|Any CPU
		{CE035B33-AE0B-4405-B4E5-92334C9BB9C3}.Debug|Any CPU.Build.0 = Debug|Any CPU
		{CE035B33-AE0B-4405-B4E5-92334C9BB9C3}.Release|Any CPU.ActiveCfg = Release|Any CPU
		{CE035B33-AE0B-4405-B4E5-92334C9BB9C3}.Release|Any CPU.Build.0 = Release|Any CPU
		{58E79702-F1D1-4F24-B65F-74FC1C01A2F2}.Debug|Any CPU.ActiveCfg = Debug|Any CPU
		{58E79702-F1D1-4F24-B65F-74FC1C01A2F2}.Debug|Any CPU.Build.0 = Debug|Any CPU
		{58E79702-F1D1-4F24-B65F-74FC1C01A2F2}.Release|Any CPU.ActiveCfg = Release|Any CPU
		{58E79702-F1D1-4F24-B65F-74FC1C01A2F2}.Release|Any CPU.Build.0 = Release|Any CPU
	EndGlobalSection
	GlobalSection(SolutionProperties) = preSolution
		HideSolutionNode = FALSE
	EndGlobalSection
	GlobalSection(ExtensibilityGlobals) = postSolution
		SolutionGuid = {3226886A-5FA4-4D1D-90DB-617CA3A7029A}
	EndGlobalSection
EndGlobal
