Microsoft Visual Studio Solution File, Format Version 12.00
Project("{F2A71F9B-5D33-465A-A702-920D77279786}") = "B2R2.FrontEnd.CIL", "CIL\B2R2.FrontEnd.CIL.fsproj", "{AE49BA87-56D1-41A4-9895-8B0DE0A9ACED}"
EndProject
Project("{F2A71F9B-5D33-465A-A702-920D77279786}") = "B2R2.BinIR", "..\BinIR\B2R2.BinIR.fsproj", "{EC38F0BC-3721-4AD8-8194-9C2D345A0382}"
EndProject
Project("{F2A71F9B-5D33-465A-A702-920D77279786}") = "B2R2.Core", "..\Core\B2R2.Core.fsproj", "{1D7B7ACD-7ADD-4F10-823C-3C47F9D63E49}"
EndProject
Project("{F2A71F9B-5D33-465A-A702-920D77279786}") = "B2R2.FrontEnd.API", "API\B2R2.FrontEnd.API.fsproj", "{13BED2EC-AD94-4143-B575-A6DD6F55BA94}"
EndProject
Project("{F2A71F9B-5D33-465A-A702-920D77279786}") = "B2R2.FrontEnd.ARM32", "ARM32\B2R2.FrontEnd.ARM32.fsproj", "{2E4AD1CE-C2E5-4A8E-A8AA-A9BEAA39C0ED}"
EndProject
Project("{F2A71F9B-5D33-465A-A702-920D77279786}") = "B2R2.FrontEnd.ARM64", "ARM64\B2R2.FrontEnd.ARM64.fsproj", "{4FE86F9A-9CEB-4C7E-8B39-CFEA8EA28F0A}"
EndProject
Project("{F2A71F9B-5D33-465A-A702-920D77279786}") = "B2R2.FrontEnd.AVR", "AVR\B2R2.FrontEnd.AVR.fsproj", "{8B25C523-E6EE-4C5E-98DF-F82A11D8BE25}"
EndProject
Project("{F2A71F9B-5D33-465A-A702-920D77279786}") = "B2R2.FrontEnd.BinFile.Tests", "BinFile.Tests\B2R2.FrontEnd.BinFile.Tests.fsproj", "{839F5FE5-9F9B-4335-B85A-13923ECEB740}"
EndProject
Project("{F2A71F9B-5D33-465A-A702-920D77279786}") = "B2R2.FrontEnd.BinFile", "BinFile\B2R2.FrontEnd.BinFile.fsproj", "{933BBD11-DEC2-42B0-8DE4-02C42749CE03}"
EndProject
Project("{F2A71F9B-5D33-465A-A702-920D77279786}") = "B2R2.FrontEnd.BinLifter.Tests", "BinLifter.Tests\B2R2.FrontEnd.BinLifter.Tests.fsproj", "{D3B52A70-4CE9-452D-8C40-6D4C5223E5ED}"
EndProject
Project("{F2A71F9B-5D33-465A-A702-920D77279786}") = "B2R2.FrontEnd.BinLifter", "BinLifter\B2R2.FrontEnd.BinLifter.fsproj", "{9D28284B-03B5-4955-8D20-8E4BBACB7D49}"
EndProject
Project("{F2A71F9B-5D33-465A-A702-920D77279786}") = "B2R2.FrontEnd.EVM", "EVM\B2R2.FrontEnd.EVM.fsproj", "{0856D134-CB85-4B0B-94D9-93E6491E841F}"
EndProject
Project("{F2A71F9B-5D33-465A-A702-920D77279786}") = "B2R2.FrontEnd.Intel", "Intel\B2R2.FrontEnd.Intel.fsproj", "{A5FDCF12-A5D3-4E7F-BCB1-6C18A6923388}"
EndProject
Project("{F2A71F9B-5D33-465A-A702-920D77279786}") = "B2R2.FrontEnd.MIPS", "MIPS\B2R2.FrontEnd.MIPS.fsproj", "{B8DFE3BF-0D12-488E-9C5A-541EF4937C17}"
EndProject
Project("{F2A71F9B-5D33-465A-A702-920D77279786}") = "B2R2.FrontEnd.NameMangling.Tests", "NameMangling.Tests\B2R2.FrontEnd.NameMangling.Tests.fsproj", "{EB053050-A0FC-489B-B2F9-F92C57BE4A5F}"
EndProject
Project("{F2A71F9B-5D33-465A-A702-920D77279786}") = "B2R2.FrontEnd.NameMangling", "NameMangling\B2R2.FrontEnd.NameMangling.fsproj", "{45D6972C-B0F7-4CA8-932C-A14BD6B66B5B}"
EndProject
Project("{F2A71F9B-5D33-465A-A702-920D77279786}") = "B2R2.FrontEnd.Optimizer", "Optimizer\B2R2.FrontEnd.Optimizer.fsproj", "{C3685961-4803-4E4B-8CE6-904132024E3A}"
EndProject
Project("{F2A71F9B-5D33-465A-A702-920D77279786}") = "B2R2.FrontEnd.PARISC", "PARISC\B2R2.FrontEnd.PARISC.fsproj", "{B3654088-F98F-4ADF-9D2A-FA76C3D9FE8D}"
EndProject
Project("{F2A71F9B-5D33-465A-A702-920D77279786}") = "B2R2.FrontEnd.PPC32", "PPC32\B2R2.FrontEnd.PPC32.fsproj", "{F3BBE59F-53F7-402D-B89B-E1026B3E5E3E}"
EndProject
Project("{F2A71F9B-5D33-465A-A702-920D77279786}") = "B2R2.FrontEnd.Python", "Python\B2R2.FrontEnd.Python.fsproj", "{6D208CF8-96EA-49AD-A06B-EFE745883990}"
EndProject
Project("{F2A71F9B-5D33-465A-A702-920D77279786}") = "B2R2.FrontEnd.Registers", "Registers\B2R2.FrontEnd.Registers.fsproj", "{D445C66D-D51E-4CC4-96DA-3752B6153EBB}"
EndProject
Project("{F2A71F9B-5D33-465A-A702-920D77279786}") = "B2R2.FrontEnd.RISCV64", "RISCV64\B2R2.FrontEnd.RISCV64.fsproj", "{59ECF758-F39D-48B3-99CD-D64E1CA6B0CD}"
EndProject
Project("{F2A71F9B-5D33-465A-A702-920D77279786}") = "B2R2.FrontEnd.S390", "S390\B2R2.FrontEnd.S390.fsproj", "{2CE313D0-2C75-4054-893E-B2FDA0F70A2B}"
EndProject
Project("{F2A71F9B-5D33-465A-A702-920D77279786}") = "B2R2.FrontEnd.SH4", "SH4\B2R2.FrontEnd.SH4.fsproj", "{9CB2E6D9-72F0-4B09-B05A-D97F2835EB83}"
EndProject
Project("{F2A71F9B-5D33-465A-A702-920D77279786}") = "B2R2.FrontEnd.SPARC", "SPARC\B2R2.FrontEnd.SPARC.fsproj", "{2235C611-6AC4-4AF4-B858-06BA5B08ED00}"
EndProject
Project("{F2A71F9B-5D33-465A-A702-920D77279786}") = "B2R2.FrontEnd.TMS320C6000", "TMS320C6000\B2R2.FrontEnd.TMS320C6000.fsproj", "{A09351BD-6261-40FC-904C-9B17B7C3C0A5}"
EndProject
Project("{F2A71F9B-5D33-465A-A702-920D77279786}") = "B2R2.FrontEnd.WASM", "WASM\B2R2.FrontEnd.WASM.fsproj", "{44DF57E8-451C-4539-A085-3A9BE408EDEF}"
EndProject
Global
	GlobalSection(SolutionConfigurationPlatforms) = preSolution
		Debug|Any CPU = Debug|Any CPU
		Release|Any CPU = Release|Any CPU
	EndGlobalSection
	GlobalSection(ProjectConfigurationPlatforms) = postSolution
		{AE49BA87-56D1-41A4-9895-8B0DE0A9ACED}.Debug|Any CPU.ActiveCfg = Debug|Any CPU
		{AE49BA87-56D1-41A4-9895-8B0DE0A9ACED}.Debug|Any CPU.Build.0 = Debug|Any CPU
		{AE49BA87-56D1-41A4-9895-8B0DE0A9ACED}.Release|Any CPU.ActiveCfg = Release|Any CPU
		{AE49BA87-56D1-41A4-9895-8B0DE0A9ACED}.Release|Any CPU.Build.0 = Release|Any CPU
		{EC38F0BC-3721-4AD8-8194-9C2D345A0382}.Debug|Any CPU.ActiveCfg = Debug|Any CPU
		{EC38F0BC-3721-4AD8-8194-9C2D345A0382}.Debug|Any CPU.Build.0 = Debug|Any CPU
		{EC38F0BC-3721-4AD8-8194-9C2D345A0382}.Release|Any CPU.ActiveCfg = Release|Any CPU
		{EC38F0BC-3721-4AD8-8194-9C2D345A0382}.Release|Any CPU.Build.0 = Release|Any CPU
		{1D7B7ACD-7ADD-4F10-823C-3C47F9D63E49}.Debug|Any CPU.ActiveCfg = Debug|Any CPU
		{1D7B7ACD-7ADD-4F10-823C-3C47F9D63E49}.Debug|Any CPU.Build.0 = Debug|Any CPU
		{1D7B7ACD-7ADD-4F10-823C-3C47F9D63E49}.Release|Any CPU.ActiveCfg = Release|Any CPU
		{1D7B7ACD-7ADD-4F10-823C-3C47F9D63E49}.Release|Any CPU.Build.0 = Release|Any CPU
		{13BED2EC-AD94-4143-B575-A6DD6F55BA94}.Debug|Any CPU.ActiveCfg = Debug|Any CPU
		{13BED2EC-AD94-4143-B575-A6DD6F55BA94}.Debug|Any CPU.Build.0 = Debug|Any CPU
		{13BED2EC-AD94-4143-B575-A6DD6F55BA94}.Release|Any CPU.ActiveCfg = Release|Any CPU
		{13BED2EC-AD94-4143-B575-A6DD6F55BA94}.Release|Any CPU.Build.0 = Release|Any CPU
		{2E4AD1CE-C2E5-4A8E-A8AA-A9BEAA39C0ED}.Debug|Any CPU.ActiveCfg = Debug|Any CPU
		{2E4AD1CE-C2E5-4A8E-A8AA-A9BEAA39C0ED}.Debug|Any CPU.Build.0 = Debug|Any CPU
		{2E4AD1CE-C2E5-4A8E-A8AA-A9BEAA39C0ED}.Release|Any CPU.ActiveCfg = Release|Any CPU
		{2E4AD1CE-C2E5-4A8E-A8AA-A9BEAA39C0ED}.Release|Any CPU.Build.0 = Release|Any CPU
		{4FE86F9A-9CEB-4C7E-8B39-CFEA8EA28F0A}.Debug|Any CPU.ActiveCfg = Debug|Any CPU
		{4FE86F9A-9CEB-4C7E-8B39-CFEA8EA28F0A}.Debug|Any CPU.Build.0 = Debug|Any CPU
		{4FE86F9A-9CEB-4C7E-8B39-CFEA8EA28F0A}.Release|Any CPU.ActiveCfg = Release|Any CPU
		{4FE86F9A-9CEB-4C7E-8B39-CFEA8EA28F0A}.Release|Any CPU.Build.0 = Release|Any CPU
		{8B25C523-E6EE-4C5E-98DF-F82A11D8BE25}.Debug|Any CPU.ActiveCfg = Debug|Any CPU
		{8B25C523-E6EE-4C5E-98DF-F82A11D8BE25}.Debug|Any CPU.Build.0 = Debug|Any CPU
		{8B25C523-E6EE-4C5E-98DF-F82A11D8BE25}.Release|Any CPU.ActiveCfg = Release|Any CPU
		{8B25C523-E6EE-4C5E-98DF-F82A11D8BE25}.Release|Any CPU.Build.0 = Release|Any CPU
		{839F5FE5-9F9B-4335-B85A-13923ECEB740}.Debug|Any CPU.ActiveCfg = Debug|Any CPU
		{839F5FE5-9F9B-4335-B85A-13923ECEB740}.Debug|Any CPU.Build.0 = Debug|Any CPU
		{839F5FE5-9F9B-4335-B85A-13923ECEB740}.Release|Any CPU.ActiveCfg = Release|Any CPU
		{839F5FE5-9F9B-4335-B85A-13923ECEB740}.Release|Any CPU.Build.0 = Release|Any CPU
		{933BBD11-DEC2-42B0-8DE4-02C42749CE03}.Debug|Any CPU.ActiveCfg = Debug|Any CPU
		{933BBD11-DEC2-42B0-8DE4-02C42749CE03}.Debug|Any CPU.Build.0 = Debug|Any CPU
		{933BBD11-DEC2-42B0-8DE4-02C42749CE03}.Release|Any CPU.ActiveCfg = Release|Any CPU
		{933BBD11-DEC2-42B0-8DE4-02C42749CE03}.Release|Any CPU.Build.0 = Release|Any CPU
		{D3B52A70-4CE9-452D-8C40-6D4C5223E5ED}.Debug|Any CPU.ActiveCfg = Debug|Any CPU
		{D3B52A70-4CE9-452D-8C40-6D4C5223E5ED}.Debug|Any CPU.Build.0 = Debug|Any CPU
		{D3B52A70-4CE9-452D-8C40-6D4C5223E5ED}.Release|Any CPU.ActiveCfg = Release|Any CPU
		{D3B52A70-4CE9-452D-8C40-6D4C5223E5ED}.Release|Any CPU.Build.0 = Release|Any CPU
		{9D28284B-03B5-4955-8D20-8E4BBACB7D49}.Debug|Any CPU.ActiveCfg = Debug|Any CPU
		{9D28284B-03B5-4955-8D20-8E4BBACB7D49}.Debug|Any CPU.Build.0 = Debug|Any CPU
		{9D28284B-03B5-4955-8D20-8E4BBACB7D49}.Release|Any CPU.ActiveCfg = Release|Any CPU
		{9D28284B-03B5-4955-8D20-8E4BBACB7D49}.Release|Any CPU.Build.0 = Release|Any CPU
		{0856D134-CB85-4B0B-94D9-93E6491E841F}.Debug|Any CPU.ActiveCfg = Debug|Any CPU
		{0856D134-CB85-4B0B-94D9-93E6491E841F}.Debug|Any CPU.Build.0 = Debug|Any CPU
		{0856D134-CB85-4B0B-94D9-93E6491E841F}.Release|Any CPU.ActiveCfg = Release|Any CPU
		{0856D134-CB85-4B0B-94D9-93E6491E841F}.Release|Any CPU.Build.0 = Release|Any CPU
		{A5FDCF12-A5D3-4E7F-BCB1-6C18A6923388}.Debug|Any CPU.ActiveCfg = Debug|Any CPU
		{A5FDCF12-A5D3-4E7F-BCB1-6C18A6923388}.Debug|Any CPU.Build.0 = Debug|Any CPU
		{A5FDCF12-A5D3-4E7F-BCB1-6C18A6923388}.Release|Any CPU.ActiveCfg = Release|Any CPU
		{A5FDCF12-A5D3-4E7F-BCB1-6C18A6923388}.Release|Any CPU.Build.0 = Release|Any CPU
		{B8DFE3BF-0D12-488E-9C5A-541EF4937C17}.Debug|Any CPU.ActiveCfg = Debug|Any CPU
		{B8DFE3BF-0D12-488E-9C5A-541EF4937C17}.Debug|Any CPU.Build.0 = Debug|Any CPU
		{B8DFE3BF-0D12-488E-9C5A-541EF4937C17}.Release|Any CPU.ActiveCfg = Release|Any CPU
		{B8DFE3BF-0D12-488E-9C5A-541EF4937C17}.Release|Any CPU.Build.0 = Release|Any CPU
		{EB053050-A0FC-489B-B2F9-F92C57BE4A5F}.Debug|Any CPU.ActiveCfg = Debug|Any CPU
		{EB053050-A0FC-489B-B2F9-F92C57BE4A5F}.Debug|Any CPU.Build.0 = Debug|Any CPU
		{EB053050-A0FC-489B-B2F9-F92C57BE4A5F}.Release|Any CPU.ActiveCfg = Release|Any CPU
		{EB053050-A0FC-489B-B2F9-F92C57BE4A5F}.Release|Any CPU.Build.0 = Release|Any CPU
		{45D6972C-B0F7-4CA8-932C-A14BD6B66B5B}.Debug|Any CPU.ActiveCfg = Debug|Any CPU
		{45D6972C-B0F7-4CA8-932C-A14BD6B66B5B}.Debug|Any CPU.Build.0 = Debug|Any CPU
		{45D6972C-B0F7-4CA8-932C-A14BD6B66B5B}.Release|Any CPU.ActiveCfg = Release|Any CPU
		{45D6972C-B0F7-4CA8-932C-A14BD6B66B5B}.Release|Any CPU.Build.0 = Release|Any CPU
		{C3685961-4803-4E4B-8CE6-904132024E3A}.Debug|Any CPU.ActiveCfg = Debug|Any CPU
		{C3685961-4803-4E4B-8CE6-904132024E3A}.Debug|Any CPU.Build.0 = Debug|Any CPU
		{C3685961-4803-4E4B-8CE6-904132024E3A}.Release|Any CPU.ActiveCfg = Release|Any CPU
		{C3685961-4803-4E4B-8CE6-904132024E3A}.Release|Any CPU.Build.0 = Release|Any CPU
		{B3654088-F98F-4ADF-9D2A-FA76C3D9FE8D}.Debug|Any CPU.ActiveCfg = Debug|Any CPU
		{B3654088-F98F-4ADF-9D2A-FA76C3D9FE8D}.Debug|Any CPU.Build.0 = Debug|Any CPU
		{B3654088-F98F-4ADF-9D2A-FA76C3D9FE8D}.Release|Any CPU.ActiveCfg = Release|Any CPU
		{B3654088-F98F-4ADF-9D2A-FA76C3D9FE8D}.Release|Any CPU.Build.0 = Release|Any CPU
		{F3BBE59F-53F7-402D-B89B-E1026B3E5E3E}.Debug|Any CPU.ActiveCfg = Debug|Any CPU
		{F3BBE59F-53F7-402D-B89B-E1026B3E5E3E}.Debug|Any CPU.Build.0 = Debug|Any CPU
		{F3BBE59F-53F7-402D-B89B-E1026B3E5E3E}.Release|Any CPU.ActiveCfg = Release|Any CPU
		{F3BBE59F-53F7-402D-B89B-E1026B3E5E3E}.Release|Any CPU.Build.0 = Release|Any CPU
		{6D208CF8-96EA-49AD-A06B-EFE745883990}.Debug|Any CPU.ActiveCfg = Debug|Any CPU
		{6D208CF8-96EA-49AD-A06B-EFE745883990}.Debug|Any CPU.Build.0 = Debug|Any CPU
		{6D208CF8-96EA-49AD-A06B-EFE745883990}.Release|Any CPU.ActiveCfg = Release|Any CPU
		{6D208CF8-96EA-49AD-A06B-EFE745883990}.Release|Any CPU.Build.0 = Release|Any CPU
		{D445C66D-D51E-4CC4-96DA-3752B6153EBB}.Debug|Any CPU.ActiveCfg = Debug|Any CPU
		{D445C66D-D51E-4CC4-96DA-3752B6153EBB}.Debug|Any CPU.Build.0 = Debug|Any CPU
		{D445C66D-D51E-4CC4-96DA-3752B6153EBB}.Release|Any CPU.ActiveCfg = Release|Any CPU
		{D445C66D-D51E-4CC4-96DA-3752B6153EBB}.Release|Any CPU.Build.0 = Release|Any CPU
		{59ECF758-F39D-48B3-99CD-D64E1CA6B0CD}.Debug|Any CPU.ActiveCfg = Debug|Any CPU
		{59ECF758-F39D-48B3-99CD-D64E1CA6B0CD}.Debug|Any CPU.Build.0 = Debug|Any CPU
		{59ECF758-F39D-48B3-99CD-D64E1CA6B0CD}.Release|Any CPU.ActiveCfg = Release|Any CPU
		{59ECF758-F39D-48B3-99CD-D64E1CA6B0CD}.Release|Any CPU.Build.0 = Release|Any CPU
		{2CE313D0-2C75-4054-893E-B2FDA0F70A2B}.Debug|Any CPU.ActiveCfg = Debug|Any CPU
		{2CE313D0-2C75-4054-893E-B2FDA0F70A2B}.Debug|Any CPU.Build.0 = Debug|Any CPU
		{2CE313D0-2C75-4054-893E-B2FDA0F70A2B}.Release|Any CPU.ActiveCfg = Release|Any CPU
		{2CE313D0-2C75-4054-893E-B2FDA0F70A2B}.Release|Any CPU.Build.0 = Release|Any CPU
		{9CB2E6D9-72F0-4B09-B05A-D97F2835EB83}.Debug|Any CPU.ActiveCfg = Debug|Any CPU
		{9CB2E6D9-72F0-4B09-B05A-D97F2835EB83}.Debug|Any CPU.Build.0 = Debug|Any CPU
		{9CB2E6D9-72F0-4B09-B05A-D97F2835EB83}.Release|Any CPU.ActiveCfg = Release|Any CPU
		{9CB2E6D9-72F0-4B09-B05A-D97F2835EB83}.Release|Any CPU.Build.0 = Release|Any CPU
		{2235C611-6AC4-4AF4-B858-06BA5B08ED00}.Debug|Any CPU.ActiveCfg = Debug|Any CPU
		{2235C611-6AC4-4AF4-B858-06BA5B08ED00}.Debug|Any CPU.Build.0 = Debug|Any CPU
		{2235C611-6AC4-4AF4-B858-06BA5B08ED00}.Release|Any CPU.ActiveCfg = Release|Any CPU
		{2235C611-6AC4-4AF4-B858-06BA5B08ED00}.Release|Any CPU.Build.0 = Release|Any CPU
		{A09351BD-6261-40FC-904C-9B17B7C3C0A5}.Debug|Any CPU.ActiveCfg = Debug|Any CPU
		{A09351BD-6261-40FC-904C-9B17B7C3C0A5}.Debug|Any CPU.Build.0 = Debug|Any CPU
		{A09351BD-6261-40FC-904C-9B17B7C3C0A5}.Release|Any CPU.ActiveCfg = Release|Any CPU
		{A09351BD-6261-40FC-904C-9B17B7C3C0A5}.Release|Any CPU.Build.0 = Release|Any CPU
		{44DF57E8-451C-4539-A085-3A9BE408EDEF}.Debug|Any CPU.ActiveCfg = Debug|Any CPU
		{44DF57E8-451C-4539-A085-3A9BE408EDEF}.Debug|Any CPU.Build.0 = Debug|Any CPU
		{44DF57E8-451C-4539-A085-3A9BE408EDEF}.Release|Any CPU.ActiveCfg = Release|Any CPU
		{44DF57E8-451C-4539-A085-3A9BE408EDEF}.Release|Any CPU.Build.0 = Release|Any CPU
	EndGlobalSection
	GlobalSection(SolutionProperties) = preSolution
		HideSolutionNode = FALSE
	EndGlobalSection
	GlobalSection(ExtensibilityGlobals) = postSolution
		SolutionGuid = {6ACF68CC-8DCF-4D6D-A1F8-FB27DAFA1F05}
	EndGlobalSection
EndGlobal
